
Microsoft Visual Studio Solution File, Format Version 11.00
# Visual Studio 2010
Project("{FAE04EC0-301F-11D3-BF4B-00C04F79EFBC}") = "Nine.Test", "Nine.Test\Nine.Test.csproj", "{411E5108-42A6-4829-AE8A-C022868E4E1A}"
EndProject
Project("{FAE04EC0-301F-11D3-BF4B-00C04F79EFBC}") = "Nine.Performance.Test", "Nine.Performance.Test\Nine.Performance.Test.csproj", "{0CD55798-EB7B-4DE8-A993-FD1FA3DA8351}"
EndProject
Global
	GlobalSection(SolutionConfigurationPlatforms) = preSolution
		Debug|Any CPU = Debug|Any CPU
		Debug|Mixed Platforms = Debug|Mixed Platforms
		Debug|Win32 = Debug|Win32
		Debug|Windows Phone = Debug|Windows Phone
		Debug|x86 = Debug|x86
		Debug|Xbox 360 = Debug|Xbox 360
		Release|Any CPU = Release|Any CPU
		Release|Mixed Platforms = Release|Mixed Platforms
		Release|Win32 = Release|Win32
		Release|Windows Phone = Release|Windows Phone
		Release|x86 = Release|x86
		Release|Xbox 360 = Release|Xbox 360
	EndGlobalSection
	GlobalSection(ProjectConfigurationPlatforms) = postSolution
		{411E5108-42A6-4829-AE8A-C022868E4E1A}.Debug|Any CPU.ActiveCfg = Debug|Any CPU
		{411E5108-42A6-4829-AE8A-C022868E4E1A}.Debug|Any CPU.Build.0 = Debug|Any CPU
		{411E5108-42A6-4829-AE8A-C022868E4E1A}.Debug|Mixed Platforms.ActiveCfg = Debug|Any CPU
		{411E5108-42A6-4829-AE8A-C022868E4E1A}.Debug|Mixed Platforms.Build.0 = Debug|Any CPU
		{411E5108-42A6-4829-AE8A-C022868E4E1A}.Debug|Win32.ActiveCfg = Debug|Any CPU
		{411E5108-42A6-4829-AE8A-C022868E4E1A}.Debug|Windows Phone.ActiveCfg = Debug|Any CPU
		{411E5108-42A6-4829-AE8A-C022868E4E1A}.Debug|x86.ActiveCfg = Debug|Any CPU
		{411E5108-42A6-4829-AE8A-C022868E4E1A}.Debug|Xbox 360.ActiveCfg = Debug|Any CPU
		{411E5108-42A6-4829-AE8A-C022868E4E1A}.Release|Any CPU.ActiveCfg = Release|Any CPU
		{411E5108-42A6-4829-AE8A-C022868E4E1A}.Release|Any CPU.Build.0 = Release|Any CPU
		{411E5108-42A6-4829-AE8A-C022868E4E1A}.Release|Mixed Platforms.ActiveCfg = Release|Any CPU
		{411E5108-42A6-4829-AE8A-C022868E4E1A}.Release|Mixed Platforms.Build.0 = Release|Any CPU
		{411E5108-42A6-4829-AE8A-C022868E4E1A}.Release|Win32.ActiveCfg = Release|Any CPU
		{411E5108-42A6-4829-AE8A-C022868E4E1A}.Release|Windows Phone.ActiveCfg = Release|Any CPU
		{411E5108-42A6-4829-AE8A-C022868E4E1A}.Release|x86.ActiveCfg = Release|Any CPU
		{411E5108-42A6-4829-AE8A-C022868E4E1A}.Release|Xbox 360.ActiveCfg = Release|Any CPU
		{0CD55798-EB7B-4DE8-A993-FD1FA3DA8351}.Debug|Any CPU.ActiveCfg = Debug|x86
		{0CD55798-EB7B-4DE8-A993-FD1FA3DA8351}.Debug|Mixed Platforms.ActiveCfg = Debug|x86
		{0CD55798-EB7B-4DE8-A993-FD1FA3DA8351}.Debug|Mixed Platforms.Build.0 = Debug|x86
		{0CD55798-EB7B-4DE8-A993-FD1FA3DA8351}.Debug|Win32.ActiveCfg = Debug|x86
		{0CD55798-EB7B-4DE8-A993-FD1FA3DA8351}.Debug|Windows Phone.ActiveCfg = Debug|x86
		{0CD55798-EB7B-4DE8-A993-FD1FA3DA8351}.Debug|x86.ActiveCfg = Debug|x86
		{0CD55798-EB7B-4DE8-A993-FD1FA3DA8351}.Debug|x86.Build.0 = Debug|x86
		{0CD55798-EB7B-4DE8-A993-FD1FA3DA8351}.Debug|Xbox 360.ActiveCfg = Debug|x86
		{0CD55798-EB7B-4DE8-A993-FD1FA3DA8351}.Release|Any CPU.ActiveCfg = Release|x86
		{0CD55798-EB7B-4DE8-A993-FD1FA3DA8351}.Release|Mixed Platforms.ActiveCfg = Release|x86
		{0CD55798-EB7B-4DE8-A993-FD1FA3DA8351}.Release|Mixed Platforms.Build.0 = Release|x86
		{0CD55798-EB7B-4DE8-A993-FD1FA3DA8351}.Release|Win32.ActiveCfg = Release|x86
		{0CD55798-EB7B-4DE8-A993-FD1FA3DA8351}.Release|Windows Phone.ActiveCfg = Release|x86
		{0CD55798-EB7B-4DE8-A993-FD1FA3DA8351}.Release|x86.ActiveCfg = Release|x86
		{0CD55798-EB7B-4DE8-A993-FD1FA3DA8351}.Release|x86.Build.0 = Release|x86
		{0CD55798-EB7B-4DE8-A993-FD1FA3DA8351}.Release|Xbox 360.ActiveCfg = Release|x86
	EndGlobalSection
	GlobalSection(SolutionProperties) = preSolution
		HideSolutionNode = FALSE
	EndGlobalSection
	GlobalSection(SharpSetup) = preSolution
		Version = 1.2
	EndGlobalSection
EndGlobal
