
Microsoft Visual Studio Solution File, Format Version 11.00
# Visual Studio 2010
Project("{FAE04EC0-301F-11D3-BF4B-00C04F79EFBC}") = "Nine", "Nine\Nine.csproj", "{E4F84943-5258-4F67-9C6C-739C18A47120}"
EndProject
Project("{FAE04EC0-301F-11D3-BF4B-00C04F79EFBC}") = "Nine.Content.Pipeline", "Nine.Content.Pipeline\Nine.Content.Pipeline.csproj", "{AC6F35A9-124E-447E-99DD-21F68A0C226B}"
EndProject
Project("{FAE04EC0-301F-11D3-BF4B-00C04F79EFBC}") = "Nine (Windows Phone)", "Nine\Nine (Windows Phone).csproj", "{66DCFC51-B9B1-4FDA-BEDD-A46EBA6D506F}"
EndProject
Project("{FAE04EC0-301F-11D3-BF4B-00C04F79EFBC}") = "Nine (Xbox)", "Nine\Nine (Xbox).csproj", "{D008BA45-F37D-40F1-A063-28D5675CCAAF}"
EndProject
Project("{FAE04EC0-301F-11D3-BF4B-00C04F79EFBC}") = "Nine.Test", "Nine.Test\Nine.Test.csproj", "{411E5108-42A6-4829-AE8A-C022868E4E1A}"
EndProject
Project("{FAE04EC0-301F-11D3-BF4B-00C04F79EFBC}") = "Nine.Game", "Nine.Game\Nine.Game.csproj", "{9436AF22-6937-4BEE-887E-C93A4692BDD7}"
EndProject
Project("{FAE04EC0-301F-11D3-BF4B-00C04F79EFBC}") = "Nine.Game (Xbox)", "Nine.Game\Nine.Game (Xbox).csproj", "{53C90B9B-E5FE-4521-B5C8-C561562C1381}"
EndProject
Project("{FAE04EC0-301F-11D3-BF4B-00C04F79EFBC}") = "Nine.Game (Windows Phone)", "Nine.Game\Nine.Game (Windows Phone).csproj", "{0714B5E2-C537-4AF6-A462-387EC6733565}"
EndProject
Global
	GlobalSection(SolutionConfigurationPlatforms) = preSolution
		Debug|Any CPU = Debug|Any CPU
		Debug|Mixed Platforms = Debug|Mixed Platforms
		Debug|Win32 = Debug|Win32
		Debug|Windows Phone = Debug|Windows Phone
		Debug|x86 = Debug|x86
		Debug|Xbox 360 = Debug|Xbox 360
		Release|Any CPU = Release|Any CPU
		Release|Mixed Platforms = Release|Mixed Platforms
		Release|Win32 = Release|Win32
		Release|Windows Phone = Release|Windows Phone
		Release|x86 = Release|x86
		Release|Xbox 360 = Release|Xbox 360
	EndGlobalSection
	GlobalSection(ProjectConfigurationPlatforms) = postSolution
		{E4F84943-5258-4F67-9C6C-739C18A47120}.Debug|Any CPU.ActiveCfg = Debug|x86
		{E4F84943-5258-4F67-9C6C-739C18A47120}.Debug|Mixed Platforms.ActiveCfg = Debug|x86
		{E4F84943-5258-4F67-9C6C-739C18A47120}.Debug|Mixed Platforms.Build.0 = Debug|x86
		{E4F84943-5258-4F67-9C6C-739C18A47120}.Debug|Win32.ActiveCfg = Debug|x86
		{E4F84943-5258-4F67-9C6C-739C18A47120}.Debug|Windows Phone.ActiveCfg = Debug|x86
		{E4F84943-5258-4F67-9C6C-739C18A47120}.Debug|Windows Phone.Build.0 = Debug|x86
		{E4F84943-5258-4F67-9C6C-739C18A47120}.Debug|x86.ActiveCfg = Debug|x86
		{E4F84943-5258-4F67-9C6C-739C18A47120}.Debug|x86.Build.0 = Debug|x86
		{E4F84943-5258-4F67-9C6C-739C18A47120}.Debug|Xbox 360.ActiveCfg = Debug|x86
		{E4F84943-5258-4F67-9C6C-739C18A47120}.Debug|Xbox 360.Build.0 = Debug|x86
		{E4F84943-5258-4F67-9C6C-739C18A47120}.Release|Any CPU.ActiveCfg = Release|x86
		{E4F84943-5258-4F67-9C6C-739C18A47120}.Release|Mixed Platforms.ActiveCfg = Release|x86
		{E4F84943-5258-4F67-9C6C-739C18A47120}.Release|Mixed Platforms.Build.0 = Release|x86
		{E4F84943-5258-4F67-9C6C-739C18A47120}.Release|Win32.ActiveCfg = Release|x86
		{E4F84943-5258-4F67-9C6C-739C18A47120}.Release|Windows Phone.ActiveCfg = Release|x86
		{E4F84943-5258-4F67-9C6C-739C18A47120}.Release|Windows Phone.Build.0 = Release|x86
		{E4F84943-5258-4F67-9C6C-739C18A47120}.Release|x86.ActiveCfg = Release|x86
		{E4F84943-5258-4F67-9C6C-739C18A47120}.Release|x86.Build.0 = Release|x86
		{E4F84943-5258-4F67-9C6C-739C18A47120}.Release|Xbox 360.ActiveCfg = Release|x86
		{E4F84943-5258-4F67-9C6C-739C18A47120}.Release|Xbox 360.Build.0 = Release|x86
		{AC6F35A9-124E-447E-99DD-21F68A0C226B}.Debug|Any CPU.ActiveCfg = Debug|Any CPU
		{AC6F35A9-124E-447E-99DD-21F68A0C226B}.Debug|Any CPU.Build.0 = Debug|Any CPU
		{AC6F35A9-124E-447E-99DD-21F68A0C226B}.Debug|Mixed Platforms.ActiveCfg = Debug|Any CPU
		{AC6F35A9-124E-447E-99DD-21F68A0C226B}.Debug|Mixed Platforms.Build.0 = Debug|Any CPU
		{AC6F35A9-124E-447E-99DD-21F68A0C226B}.Debug|Win32.ActiveCfg = Debug|Any CPU
		{AC6F35A9-124E-447E-99DD-21F68A0C226B}.Debug|Windows Phone.ActiveCfg = Debug|Any CPU
		{AC6F35A9-124E-447E-99DD-21F68A0C226B}.Debug|x86.ActiveCfg = Debug|Any CPU
		{AC6F35A9-124E-447E-99DD-21F68A0C226B}.Debug|Xbox 360.ActiveCfg = Debug|Any CPU
		{AC6F35A9-124E-447E-99DD-21F68A0C226B}.Release|Any CPU.ActiveCfg = Release|Any CPU
		{AC6F35A9-124E-447E-99DD-21F68A0C226B}.Release|Any CPU.Build.0 = Release|Any CPU
		{AC6F35A9-124E-447E-99DD-21F68A0C226B}.Release|Mixed Platforms.ActiveCfg = Release|Any CPU
		{AC6F35A9-124E-447E-99DD-21F68A0C226B}.Release|Mixed Platforms.Build.0 = Release|Any CPU
		{AC6F35A9-124E-447E-99DD-21F68A0C226B}.Release|Win32.ActiveCfg = Release|Any CPU
		{AC6F35A9-124E-447E-99DD-21F68A0C226B}.Release|Windows Phone.ActiveCfg = Release|Any CPU
		{AC6F35A9-124E-447E-99DD-21F68A0C226B}.Release|x86.ActiveCfg = Release|Any CPU
		{AC6F35A9-124E-447E-99DD-21F68A0C226B}.Release|Xbox 360.ActiveCfg = Release|Any CPU
		{66DCFC51-B9B1-4FDA-BEDD-A46EBA6D506F}.Debug|Any CPU.ActiveCfg = Debug|Windows Phone
		{66DCFC51-B9B1-4FDA-BEDD-A46EBA6D506F}.Debug|Mixed Platforms.ActiveCfg = Debug|Windows Phone
		{66DCFC51-B9B1-4FDA-BEDD-A46EBA6D506F}.Debug|Mixed Platforms.Build.0 = Debug|Windows Phone
		{66DCFC51-B9B1-4FDA-BEDD-A46EBA6D506F}.Debug|Win32.ActiveCfg = Debug|Windows Phone
		{66DCFC51-B9B1-4FDA-BEDD-A46EBA6D506F}.Debug|Windows Phone.ActiveCfg = Debug|Windows Phone
		{66DCFC51-B9B1-4FDA-BEDD-A46EBA6D506F}.Debug|Windows Phone.Build.0 = Debug|Windows Phone
		{66DCFC51-B9B1-4FDA-BEDD-A46EBA6D506F}.Debug|x86.ActiveCfg = Debug|Windows Phone
		{66DCFC51-B9B1-4FDA-BEDD-A46EBA6D506F}.Debug|x86.Build.0 = Debug|Windows Phone
		{66DCFC51-B9B1-4FDA-BEDD-A46EBA6D506F}.Debug|Xbox 360.ActiveCfg = Debug|Windows Phone
		{66DCFC51-B9B1-4FDA-BEDD-A46EBA6D506F}.Debug|Xbox 360.Build.0 = Debug|Windows Phone
		{66DCFC51-B9B1-4FDA-BEDD-A46EBA6D506F}.Release|Any CPU.ActiveCfg = Release|Windows Phone
		{66DCFC51-B9B1-4FDA-BEDD-A46EBA6D506F}.Release|Mixed Platforms.ActiveCfg = Release|Windows Phone
		{66DCFC51-B9B1-4FDA-BEDD-A46EBA6D506F}.Release|Mixed Platforms.Build.0 = Release|Windows Phone
		{66DCFC51-B9B1-4FDA-BEDD-A46EBA6D506F}.Release|Win32.ActiveCfg = Release|Windows Phone
		{66DCFC51-B9B1-4FDA-BEDD-A46EBA6D506F}.Release|Windows Phone.ActiveCfg = Release|Windows Phone
		{66DCFC51-B9B1-4FDA-BEDD-A46EBA6D506F}.Release|Windows Phone.Build.0 = Release|Windows Phone
		{66DCFC51-B9B1-4FDA-BEDD-A46EBA6D506F}.Release|x86.ActiveCfg = Release|Windows Phone
		{66DCFC51-B9B1-4FDA-BEDD-A46EBA6D506F}.Release|x86.Build.0 = Release|Windows Phone
		{66DCFC51-B9B1-4FDA-BEDD-A46EBA6D506F}.Release|Xbox 360.ActiveCfg = Release|Windows Phone
		{66DCFC51-B9B1-4FDA-BEDD-A46EBA6D506F}.Release|Xbox 360.Build.0 = Release|Windows Phone
		{D008BA45-F37D-40F1-A063-28D5675CCAAF}.Debug|Any CPU.ActiveCfg = Debug|Xbox 360
		{D008BA45-F37D-40F1-A063-28D5675CCAAF}.Debug|Mixed Platforms.ActiveCfg = Debug|Xbox 360
		{D008BA45-F37D-40F1-A063-28D5675CCAAF}.Debug|Mixed Platforms.Build.0 = Debug|Xbox 360
		{D008BA45-F37D-40F1-A063-28D5675CCAAF}.Debug|Win32.ActiveCfg = Debug|Xbox 360
		{D008BA45-F37D-40F1-A063-28D5675CCAAF}.Debug|Windows Phone.ActiveCfg = Debug|Xbox 360
		{D008BA45-F37D-40F1-A063-28D5675CCAAF}.Debug|Windows Phone.Build.0 = Debug|Xbox 360
		{D008BA45-F37D-40F1-A063-28D5675CCAAF}.Debug|x86.ActiveCfg = Debug|Xbox 360
		{D008BA45-F37D-40F1-A063-28D5675CCAAF}.Debug|x86.Build.0 = Debug|Xbox 360
		{D008BA45-F37D-40F1-A063-28D5675CCAAF}.Debug|Xbox 360.ActiveCfg = Debug|Xbox 360
		{D008BA45-F37D-40F1-A063-28D5675CCAAF}.Debug|Xbox 360.Build.0 = Debug|Xbox 360
		{D008BA45-F37D-40F1-A063-28D5675CCAAF}.Release|Any CPU.ActiveCfg = Release|Xbox 360
		{D008BA45-F37D-40F1-A063-28D5675CCAAF}.Release|Mixed Platforms.ActiveCfg = Release|Xbox 360
		{D008BA45-F37D-40F1-A063-28D5675CCAAF}.Release|Mixed Platforms.Build.0 = Release|Xbox 360
		{D008BA45-F37D-40F1-A063-28D5675CCAAF}.Release|Win32.ActiveCfg = Release|Xbox 360
		{D008BA45-F37D-40F1-A063-28D5675CCAAF}.Release|Windows Phone.ActiveCfg = Release|Xbox 360
		{D008BA45-F37D-40F1-A063-28D5675CCAAF}.Release|Windows Phone.Build.0 = Release|Xbox 360
		{D008BA45-F37D-40F1-A063-28D5675CCAAF}.Release|x86.ActiveCfg = Release|Xbox 360
		{D008BA45-F37D-40F1-A063-28D5675CCAAF}.Release|x86.Build.0 = Release|Xbox 360
		{D008BA45-F37D-40F1-A063-28D5675CCAAF}.Release|Xbox 360.ActiveCfg = Release|Xbox 360
		{D008BA45-F37D-40F1-A063-28D5675CCAAF}.Release|Xbox 360.Build.0 = Release|Xbox 360
		{411E5108-42A6-4829-AE8A-C022868E4E1A}.Debug|Any CPU.ActiveCfg = Debug|Any CPU
		{411E5108-42A6-4829-AE8A-C022868E4E1A}.Debug|Any CPU.Build.0 = Debug|Any CPU
		{411E5108-42A6-4829-AE8A-C022868E4E1A}.Debug|Mixed Platforms.ActiveCfg = Debug|Any CPU
		{411E5108-42A6-4829-AE8A-C022868E4E1A}.Debug|Mixed Platforms.Build.0 = Debug|Any CPU
		{411E5108-42A6-4829-AE8A-C022868E4E1A}.Debug|Win32.ActiveCfg = Debug|Any CPU
		{411E5108-42A6-4829-AE8A-C022868E4E1A}.Debug|Windows Phone.ActiveCfg = Debug|Any CPU
		{411E5108-42A6-4829-AE8A-C022868E4E1A}.Debug|x86.ActiveCfg = Debug|Any CPU
		{411E5108-42A6-4829-AE8A-C022868E4E1A}.Debug|Xbox 360.ActiveCfg = Debug|Any CPU
		{411E5108-42A6-4829-AE8A-C022868E4E1A}.Release|Any CPU.ActiveCfg = Release|Any CPU
		{411E5108-42A6-4829-AE8A-C022868E4E1A}.Release|Any CPU.Build.0 = Release|Any CPU
		{411E5108-42A6-4829-AE8A-C022868E4E1A}.Release|Mixed Platforms.ActiveCfg = Release|Any CPU
		{411E5108-42A6-4829-AE8A-C022868E4E1A}.Release|Mixed Platforms.Build.0 = Release|Any CPU
		{411E5108-42A6-4829-AE8A-C022868E4E1A}.Release|Win32.ActiveCfg = Release|Any CPU
		{411E5108-42A6-4829-AE8A-C022868E4E1A}.Release|Windows Phone.ActiveCfg = Release|Any CPU
		{411E5108-42A6-4829-AE8A-C022868E4E1A}.Release|x86.ActiveCfg = Release|Any CPU
		{411E5108-42A6-4829-AE8A-C022868E4E1A}.Release|Xbox 360.ActiveCfg = Release|Any CPU
		{9436AF22-6937-4BEE-887E-C93A4692BDD7}.Debug|Any CPU.ActiveCfg = Debug|x86
		{9436AF22-6937-4BEE-887E-C93A4692BDD7}.Debug|Mixed Platforms.ActiveCfg = Debug|x86
		{9436AF22-6937-4BEE-887E-C93A4692BDD7}.Debug|Mixed Platforms.Build.0 = Debug|x86
		{9436AF22-6937-4BEE-887E-C93A4692BDD7}.Debug|Win32.ActiveCfg = Debug|x86
		{9436AF22-6937-4BEE-887E-C93A4692BDD7}.Debug|Windows Phone.ActiveCfg = Debug|x86
		{9436AF22-6937-4BEE-887E-C93A4692BDD7}.Debug|x86.ActiveCfg = Debug|x86
		{9436AF22-6937-4BEE-887E-C93A4692BDD7}.Debug|x86.Build.0 = Debug|x86
		{9436AF22-6937-4BEE-887E-C93A4692BDD7}.Debug|Xbox 360.ActiveCfg = Debug|x86
		{9436AF22-6937-4BEE-887E-C93A4692BDD7}.Release|Any CPU.ActiveCfg = Release|x86
		{9436AF22-6937-4BEE-887E-C93A4692BDD7}.Release|Mixed Platforms.ActiveCfg = Release|x86
		{9436AF22-6937-4BEE-887E-C93A4692BDD7}.Release|Mixed Platforms.Build.0 = Release|x86
		{9436AF22-6937-4BEE-887E-C93A4692BDD7}.Release|Win32.ActiveCfg = Release|x86
		{9436AF22-6937-4BEE-887E-C93A4692BDD7}.Release|Windows Phone.ActiveCfg = Release|x86
		{9436AF22-6937-4BEE-887E-C93A4692BDD7}.Release|x86.ActiveCfg = Release|x86
		{9436AF22-6937-4BEE-887E-C93A4692BDD7}.Release|x86.Build.0 = Release|x86
		{9436AF22-6937-4BEE-887E-C93A4692BDD7}.Release|Xbox 360.ActiveCfg = Release|x86
		{53C90B9B-E5FE-4521-B5C8-C561562C1381}.Debug|Any CPU.ActiveCfg = Debug|Xbox 360
		{53C90B9B-E5FE-4521-B5C8-C561562C1381}.Debug|Mixed Platforms.ActiveCfg = Debug|Xbox 360
		{53C90B9B-E5FE-4521-B5C8-C561562C1381}.Debug|Mixed Platforms.Build.0 = Debug|Xbox 360
		{53C90B9B-E5FE-4521-B5C8-C561562C1381}.Debug|Win32.ActiveCfg = Debug|Xbox 360
		{53C90B9B-E5FE-4521-B5C8-C561562C1381}.Debug|Windows Phone.ActiveCfg = Debug|Xbox 360
		{53C90B9B-E5FE-4521-B5C8-C561562C1381}.Debug|x86.ActiveCfg = Debug|Xbox 360
		{53C90B9B-E5FE-4521-B5C8-C561562C1381}.Debug|Xbox 360.ActiveCfg = Debug|Xbox 360
		{53C90B9B-E5FE-4521-B5C8-C561562C1381}.Debug|Xbox 360.Build.0 = Debug|Xbox 360
		{53C90B9B-E5FE-4521-B5C8-C561562C1381}.Release|Any CPU.ActiveCfg = Release|Xbox 360
		{53C90B9B-E5FE-4521-B5C8-C561562C1381}.Release|Mixed Platforms.ActiveCfg = Release|Xbox 360
		{53C90B9B-E5FE-4521-B5C8-C561562C1381}.Release|Mixed Platforms.Build.0 = Release|Xbox 360
		{53C90B9B-E5FE-4521-B5C8-C561562C1381}.Release|Win32.ActiveCfg = Release|Xbox 360
		{53C90B9B-E5FE-4521-B5C8-C561562C1381}.Release|Windows Phone.ActiveCfg = Release|Xbox 360
		{53C90B9B-E5FE-4521-B5C8-C561562C1381}.Release|x86.ActiveCfg = Release|Xbox 360
		{53C90B9B-E5FE-4521-B5C8-C561562C1381}.Release|Xbox 360.ActiveCfg = Release|Xbox 360
		{53C90B9B-E5FE-4521-B5C8-C561562C1381}.Release|Xbox 360.Build.0 = Release|Xbox 360
		{0714B5E2-C537-4AF6-A462-387EC6733565}.Debug|Any CPU.ActiveCfg = Debug|Windows Phone
		{0714B5E2-C537-4AF6-A462-387EC6733565}.Debug|Mixed Platforms.ActiveCfg = Debug|Windows Phone
		{0714B5E2-C537-4AF6-A462-387EC6733565}.Debug|Mixed Platforms.Build.0 = Debug|Windows Phone
		{0714B5E2-C537-4AF6-A462-387EC6733565}.Debug|Win32.ActiveCfg = Debug|Windows Phone
		{0714B5E2-C537-4AF6-A462-387EC6733565}.Debug|Windows Phone.ActiveCfg = Debug|Windows Phone
		{0714B5E2-C537-4AF6-A462-387EC6733565}.Debug|Windows Phone.Build.0 = Debug|Windows Phone
		{0714B5E2-C537-4AF6-A462-387EC6733565}.Debug|x86.ActiveCfg = Debug|Windows Phone
		{0714B5E2-C537-4AF6-A462-387EC6733565}.Debug|Xbox 360.ActiveCfg = Debug|Windows Phone
		{0714B5E2-C537-4AF6-A462-387EC6733565}.Release|Any CPU.ActiveCfg = Release|Windows Phone
		{0714B5E2-C537-4AF6-A462-387EC6733565}.Release|Mixed Platforms.ActiveCfg = Release|Windows Phone
		{0714B5E2-C537-4AF6-A462-387EC6733565}.Release|Mixed Platforms.Build.0 = Release|Windows Phone
		{0714B5E2-C537-4AF6-A462-387EC6733565}.Release|Win32.ActiveCfg = Release|Windows Phone
		{0714B5E2-C537-4AF6-A462-387EC6733565}.Release|Windows Phone.ActiveCfg = Release|Windows Phone
		{0714B5E2-C537-4AF6-A462-387EC6733565}.Release|Windows Phone.Build.0 = Release|Windows Phone
		{0714B5E2-C537-4AF6-A462-387EC6733565}.Release|x86.ActiveCfg = Release|Windows Phone
		{0714B5E2-C537-4AF6-A462-387EC6733565}.Release|Xbox 360.ActiveCfg = Release|Windows Phone
	EndGlobalSection
	GlobalSection(SolutionProperties) = preSolution
		HideSolutionNode = FALSE
	EndGlobalSection
	GlobalSection(SharpSetup) = preSolution
		Version = 1.2
	EndGlobalSection
EndGlobal
