
Microsoft Visual Studio Solution File, Format Version 11.00
# Visual Studio 2010
Project("{FAE04EC0-301F-11D3-BF4B-00C04F79EFBC}") = "DebuggerPrimitives", "DebuggerPrimitives\DebuggerPrimitives\DebuggerPrimitives.csproj", "{6EF51561-559B-437D-97E6-394F1F5051E5}"
EndProject
Project("{FAE04EC0-301F-11D3-BF4B-00C04F79EFBC}") = "DebuggerPrimitivesContent", "DebuggerPrimitives\DebuggerPrimitivesContent\DebuggerPrimitivesContent.contentproj", "{3A6DA88F-FA82-4D78-9AE7-861D277A26A4}"
EndProject
Project("{FAE04EC0-301F-11D3-BF4B-00C04F79EFBC}") = "ScreenEffects", "ScreenEffects\ScreenEffects\ScreenEffects.csproj", "{D528BE6C-0925-4F53-98F8-61171B1A3B40}"
EndProject
Project("{FAE04EC0-301F-11D3-BF4B-00C04F79EFBC}") = "ScreenEffectsContent", "ScreenEffects\ScreenEffectsContent\ScreenEffectsContent.contentproj", "{21E53400-3F27-4646-8BF7-A956E82B4762}"
EndProject
Project("{FAE04EC0-301F-11D3-BF4B-00C04F79EFBC}") = "Terrain", "Terrain\Terrain\Terrain.csproj", "{2849C423-C03C-4B00-8F5E-7DED7CDA5A07}"
EndProject
Project("{FAE04EC0-301F-11D3-BF4B-00C04F79EFBC}") = "TerrainContent", "Terrain\TerrainContent\TerrainContent.contentproj", "{984E8527-106D-4602-ACBB-25C6E5723CB2}"
EndProject
Project("{FAE04EC0-301F-11D3-BF4B-00C04F79EFBC}") = "SkinnedModel", "SkinnedModel\SkinnedModel\SkinnedModel.csproj", "{E7DE2B36-C261-4D77-97E6-DE1FE09A4779}"
EndProject
Project("{FAE04EC0-301F-11D3-BF4B-00C04F79EFBC}") = "SkinnedModelContent", "SkinnedModel\SkinnedModelContent\SkinnedModelContent.contentproj", "{49BF7063-E113-4F6A-B09F-23FB632017E8}"
EndProject
Project("{FAE04EC0-301F-11D3-BF4B-00C04F79EFBC}") = "ShadowMapping", "ShadowMapping\ShadowMapping\ShadowMapping.csproj", "{189FC711-FF6B-4C08-9EEC-BD5F2C08F24F}"
EndProject
Project("{FAE04EC0-301F-11D3-BF4B-00C04F79EFBC}") = "ShadowMappingContent", "ShadowMapping\ShadowMappingContent\ShadowMappingContent.contentproj", "{96F2E250-3DC0-4113-9610-0C9DB8168CF2}"
EndProject
Project("{FAE04EC0-301F-11D3-BF4B-00C04F79EFBC}") = "Transitions", "Transitions\Transitions\Transitions.csproj", "{646E7178-D967-412A-82C1-593F9CF5915C}"
EndProject
Project("{FAE04EC0-301F-11D3-BF4B-00C04F79EFBC}") = "TransitionsContent", "Transitions\TransitionsContent\TransitionsContent.contentproj", "{174E92C2-0344-4C85-A204-B905124E4FAA}"
EndProject
Project("{FAE04EC0-301F-11D3-BF4B-00C04F79EFBC}") = "SpriteAnimation", "SpriteAnimation\SpriteAnimation\SpriteAnimation.csproj", "{74F4281D-C58A-4F45-B790-B1818BA1ECB7}"
EndProject
Project("{FAE04EC0-301F-11D3-BF4B-00C04F79EFBC}") = "SpriteAnimationContent", "SpriteAnimation\SpriteAnimationContent\SpriteAnimationContent.contentproj", "{988B67DE-11FF-4A32-89AB-AA95C6AFA171}"
EndProject
Project("{FAE04EC0-301F-11D3-BF4B-00C04F79EFBC}") = "ParticleSystem", "ParticleSystem\ParticleSystem\ParticleSystem.csproj", "{4B4425E8-F1E4-4195-BAC7-01733EC81C21}"
EndProject
Project("{FAE04EC0-301F-11D3-BF4B-00C04F79EFBC}") = "ParticleSystemContent", "ParticleSystem\ParticleSystemContent\ParticleSystemContent.contentproj", "{390298D6-9C3A-4DBB-B291-4DCD40850381}"
EndProject
Project("{FAE04EC0-301F-11D3-BF4B-00C04F79EFBC}") = "Materials", "Materials\Materials\Materials.csproj", "{A7003B6E-228F-4DE9-9C0D-C96FABF668C3}"
EndProject
Project("{FAE04EC0-301F-11D3-BF4B-00C04F79EFBC}") = "MaterialsContent", "Materials\MaterialsContent\MaterialsContent.contentproj", "{94C85F35-F0D6-4734-B41F-A2392ACDB34C}"
EndProject
Project("{FAE04EC0-301F-11D3-BF4B-00C04F79EFBC}") = "DeferredLighting", "DeferredLighting\DeferredLighting\DeferredLighting.csproj", "{0D2A134E-A76B-4DBD-A7FF-BFAF4D4AC7F7}"
EndProject
Project("{FAE04EC0-301F-11D3-BF4B-00C04F79EFBC}") = "DeferredLightingContent", "DeferredLighting\DeferredLightingContent\DeferredLightingContent.contentproj", "{653EAFD3-08FF-43C4-852E-F29D0756A118}"
EndProject
Project("{FAE04EC0-301F-11D3-BF4B-00C04F79EFBC}") = "MultiPassLighting", "MultiPassLighting\MultiPassLighting\MultiPassLighting.csproj", "{22C84562-D457-4A1E-AF76-A0A71601383E}"
EndProject
Project("{FAE04EC0-301F-11D3-BF4B-00C04F79EFBC}") = "MultiPassLightingContent", "MultiPassLighting\MultiPassLightingContent\MultiPassLightingContent.contentproj", "{41439B38-1185-449A-90A3-50A27C588EDA}"
EndProject
Project("{FAE04EC0-301F-11D3-BF4B-00C04F79EFBC}") = "CustomEffects", "CustomEffects\CustomEffects\CustomEffects.csproj", "{E7FA8C6F-E32A-4AEA-8BB4-BE80AC6D524A}"
EndProject
Project("{FAE04EC0-301F-11D3-BF4B-00C04F79EFBC}") = "CustomEffectsContent", "CustomEffects\CustomEffectsContent\CustomEffectsContent.contentproj", "{DC22C2C0-31C0-4A19-B9B6-C7985B9379B0}"
EndProject
Project("{FAE04EC0-301F-11D3-BF4B-00C04F79EFBC}") = "FlockingBehaviors", "FlockingBehaviors\FlockingBehaviors\FlockingBehaviors.csproj", "{53643C81-93D4-47A1-96E3-F80544E1D9C2}"
EndProject
Project("{FAE04EC0-301F-11D3-BF4B-00C04F79EFBC}") = "FlockingBehaviorsContent", "FlockingBehaviors\FlockingBehaviorsContent\FlockingBehaviorsContent.contentproj", "{DEFF9F75-6F41-426D-AEB9-DA53D0A8543C}"
EndProject
Project("{FAE04EC0-301F-11D3-BF4B-00C04F79EFBC}") = "NavigationContent", "Navigation\NavigationContent\NavigationContent.contentproj", "{F30BD121-5139-4C7F-8F20-BCE9FAF05517}"
EndProject
Project("{FAE04EC0-301F-11D3-BF4B-00C04F79EFBC}") = "Navigation", "Navigation\Navigation\Navigation.csproj", "{23FF67BE-BEE0-4A17-B724-658FE4BD653E}"
EndProject
Project("{FAE04EC0-301F-11D3-BF4B-00C04F79EFBC}") = "PathFinding", "PathFinding\PathFinding\PathFinding.csproj", "{E18C5145-CFAE-432A-B555-64AB967C005A}"
EndProject
Project("{FAE04EC0-301F-11D3-BF4B-00C04F79EFBC}") = "PathFindingContent", "PathFinding\PathFindingContent\PathFindingContent.contentproj", "{B00DD841-21D5-4488-9540-0F8836AE31A8}"
EndProject
Project("{FAE04EC0-301F-11D3-BF4B-00C04F79EFBC}") = "Navigators", "Navigators\Navigators\Navigators.csproj", "{CD64BE3B-EB7B-45D4-AC22-20445A27734F}"
EndProject
Project("{FAE04EC0-301F-11D3-BF4B-00C04F79EFBC}") = "NavigatorsContent", "Navigators\NavigatorsContent\NavigatorsContent.contentproj", "{8A0F05B9-F2C6-4849-BA09-F93DEAC808B5}"
EndProject
Project("{2150E333-8FDC-42A3-9474-1A3956D46DE8}") = "Test", "Test", "{3E094FC9-F90B-4300-A477-D6243ED4ED21}"
EndProject
Project("{2150E333-8FDC-42A3-9474-1A3956D46DE8}") = "Samples", "Samples", "{671A1532-4556-45F9-9BF0-4802330FA87B}"
EndProject
Project("{FAE04EC0-301F-11D3-BF4B-00C04F79EFBC}") = "Tutorial", "Tutorial\Tutorial\Tutorial.csproj", "{EFC3699A-3D0C-4B4B-9D9D-6BA0B60D14F6}"
EndProject
Project("{FAE04EC0-301F-11D3-BF4B-00C04F79EFBC}") = "TutorialContent", "Tutorial\TutorialContent\TutorialContent.contentproj", "{155BB00D-6EA8-43B6-8A0C-4683B5FD72B2}"
EndProject
Project("{FAE04EC0-301F-11D3-BF4B-00C04F79EFBC}") = "TutorialData", "Tutorial\TutorialData\TutorialData.csproj", "{EE06D957-65AF-441C-AB8F-4FD2404DC527}"
EndProject
Project("{FAE04EC0-301F-11D3-BF4B-00C04F79EFBC}") = "Geometry", "Geometry\Geometry\Geometry.csproj", "{930CA6EA-5FEF-45C0-8FFF-7BAB912499F0}"
EndProject
Project("{96E2B04D-8817-42C6-938A-82C39BA4D311}") = "GeometryContent", "Geometry\GeometryContent\GeometryContent.contentproj", "{E96B6BFD-EDFF-4623-AFFD-878F221C2435}"
EndProject
Project("{FAE04EC0-301F-11D3-BF4B-00C04F79EFBC}") = "CubeStressTest", "CubeStressTest\CubeStressTest\CubeStressTest.csproj", "{329AABA9-1994-434B-A538-B4470FA3E4DB}"
EndProject
Project("{96E2B04D-8817-42C6-938A-82C39BA4D311}") = "CubeStressTestContent", "CubeStressTest\CubeStressTestContent\CubeStressTestContent.contentproj", "{EBA57E4B-920D-4B92-99EA-9F012FB68734}"
EndProject
Global
	GlobalSection(SolutionConfigurationPlatforms) = preSolution
		Debug|Any CPU = Debug|Any CPU
		Debug|Mixed Platforms = Debug|Mixed Platforms
		Debug|Windows Phone = Debug|Windows Phone
		Debug|x86 = Debug|x86
		Debug|Xbox 360 = Debug|Xbox 360
		Release|Any CPU = Release|Any CPU
		Release|Mixed Platforms = Release|Mixed Platforms
		Release|Windows Phone = Release|Windows Phone
		Release|x86 = Release|x86
		Release|Xbox 360 = Release|Xbox 360
	EndGlobalSection
	GlobalSection(ProjectConfigurationPlatforms) = postSolution
		{6EF51561-559B-437D-97E6-394F1F5051E5}.Debug|Any CPU.ActiveCfg = Debug|x86
		{6EF51561-559B-437D-97E6-394F1F5051E5}.Debug|Mixed Platforms.ActiveCfg = Debug|x86
		{6EF51561-559B-437D-97E6-394F1F5051E5}.Debug|Mixed Platforms.Build.0 = Debug|x86
		{6EF51561-559B-437D-97E6-394F1F5051E5}.Debug|Windows Phone.ActiveCfg = Debug|x86
		{6EF51561-559B-437D-97E6-394F1F5051E5}.Debug|Windows Phone.Build.0 = Debug|x86
		{6EF51561-559B-437D-97E6-394F1F5051E5}.Debug|x86.ActiveCfg = Debug|x86
		{6EF51561-559B-437D-97E6-394F1F5051E5}.Debug|x86.Build.0 = Debug|x86
		{6EF51561-559B-437D-97E6-394F1F5051E5}.Debug|Xbox 360.ActiveCfg = Debug|x86
		{6EF51561-559B-437D-97E6-394F1F5051E5}.Debug|Xbox 360.Build.0 = Debug|x86
		{6EF51561-559B-437D-97E6-394F1F5051E5}.Release|Any CPU.ActiveCfg = Release|x86
		{6EF51561-559B-437D-97E6-394F1F5051E5}.Release|Mixed Platforms.ActiveCfg = Release|x86
		{6EF51561-559B-437D-97E6-394F1F5051E5}.Release|Mixed Platforms.Build.0 = Release|x86
		{6EF51561-559B-437D-97E6-394F1F5051E5}.Release|Windows Phone.ActiveCfg = Release|x86
		{6EF51561-559B-437D-97E6-394F1F5051E5}.Release|Windows Phone.Build.0 = Release|x86
		{6EF51561-559B-437D-97E6-394F1F5051E5}.Release|x86.ActiveCfg = Release|x86
		{6EF51561-559B-437D-97E6-394F1F5051E5}.Release|x86.Build.0 = Release|x86
		{6EF51561-559B-437D-97E6-394F1F5051E5}.Release|Xbox 360.ActiveCfg = Release|x86
		{6EF51561-559B-437D-97E6-394F1F5051E5}.Release|Xbox 360.Build.0 = Release|x86
		{3A6DA88F-FA82-4D78-9AE7-861D277A26A4}.Debug|Any CPU.ActiveCfg = Debug|Any CPU
		{3A6DA88F-FA82-4D78-9AE7-861D277A26A4}.Debug|Mixed Platforms.ActiveCfg = Debug|Any CPU
		{3A6DA88F-FA82-4D78-9AE7-861D277A26A4}.Debug|Windows Phone.ActiveCfg = Debug|Any CPU
		{3A6DA88F-FA82-4D78-9AE7-861D277A26A4}.Debug|x86.ActiveCfg = Debug|Any CPU
		{3A6DA88F-FA82-4D78-9AE7-861D277A26A4}.Debug|Xbox 360.ActiveCfg = Debug|Any CPU
		{3A6DA88F-FA82-4D78-9AE7-861D277A26A4}.Release|Any CPU.ActiveCfg = Debug|Any CPU
		{3A6DA88F-FA82-4D78-9AE7-861D277A26A4}.Release|Mixed Platforms.ActiveCfg = Debug|Any CPU
		{3A6DA88F-FA82-4D78-9AE7-861D277A26A4}.Release|Windows Phone.ActiveCfg = Debug|Any CPU
		{3A6DA88F-FA82-4D78-9AE7-861D277A26A4}.Release|x86.ActiveCfg = Debug|Any CPU
		{3A6DA88F-FA82-4D78-9AE7-861D277A26A4}.Release|Xbox 360.ActiveCfg = Debug|Any CPU
		{D528BE6C-0925-4F53-98F8-61171B1A3B40}.Debug|Any CPU.ActiveCfg = Debug|x86
		{D528BE6C-0925-4F53-98F8-61171B1A3B40}.Debug|Mixed Platforms.ActiveCfg = Debug|x86
		{D528BE6C-0925-4F53-98F8-61171B1A3B40}.Debug|Mixed Platforms.Build.0 = Debug|x86
		{D528BE6C-0925-4F53-98F8-61171B1A3B40}.Debug|Windows Phone.ActiveCfg = Debug|x86
		{D528BE6C-0925-4F53-98F8-61171B1A3B40}.Debug|Windows Phone.Build.0 = Debug|x86
		{D528BE6C-0925-4F53-98F8-61171B1A3B40}.Debug|x86.ActiveCfg = Debug|x86
		{D528BE6C-0925-4F53-98F8-61171B1A3B40}.Debug|x86.Build.0 = Debug|x86
		{D528BE6C-0925-4F53-98F8-61171B1A3B40}.Debug|Xbox 360.ActiveCfg = Debug|x86
		{D528BE6C-0925-4F53-98F8-61171B1A3B40}.Debug|Xbox 360.Build.0 = Debug|x86
		{D528BE6C-0925-4F53-98F8-61171B1A3B40}.Release|Any CPU.ActiveCfg = Release|x86
		{D528BE6C-0925-4F53-98F8-61171B1A3B40}.Release|Mixed Platforms.ActiveCfg = Release|x86
		{D528BE6C-0925-4F53-98F8-61171B1A3B40}.Release|Mixed Platforms.Build.0 = Release|x86
		{D528BE6C-0925-4F53-98F8-61171B1A3B40}.Release|Windows Phone.ActiveCfg = Release|x86
		{D528BE6C-0925-4F53-98F8-61171B1A3B40}.Release|Windows Phone.Build.0 = Release|x86
		{D528BE6C-0925-4F53-98F8-61171B1A3B40}.Release|x86.ActiveCfg = Release|x86
		{D528BE6C-0925-4F53-98F8-61171B1A3B40}.Release|x86.Build.0 = Release|x86
		{D528BE6C-0925-4F53-98F8-61171B1A3B40}.Release|Xbox 360.ActiveCfg = Release|x86
		{D528BE6C-0925-4F53-98F8-61171B1A3B40}.Release|Xbox 360.Build.0 = Release|x86
		{21E53400-3F27-4646-8BF7-A956E82B4762}.Debug|Any CPU.ActiveCfg = Debug|Any CPU
		{21E53400-3F27-4646-8BF7-A956E82B4762}.Debug|Mixed Platforms.ActiveCfg = Debug|Any CPU
		{21E53400-3F27-4646-8BF7-A956E82B4762}.Debug|Windows Phone.ActiveCfg = Debug|Any CPU
		{21E53400-3F27-4646-8BF7-A956E82B4762}.Debug|x86.ActiveCfg = Debug|Any CPU
		{21E53400-3F27-4646-8BF7-A956E82B4762}.Debug|Xbox 360.ActiveCfg = Debug|Any CPU
		{21E53400-3F27-4646-8BF7-A956E82B4762}.Release|Any CPU.ActiveCfg = Debug|Any CPU
		{21E53400-3F27-4646-8BF7-A956E82B4762}.Release|Mixed Platforms.ActiveCfg = Debug|Any CPU
		{21E53400-3F27-4646-8BF7-A956E82B4762}.Release|Windows Phone.ActiveCfg = Debug|Any CPU
		{21E53400-3F27-4646-8BF7-A956E82B4762}.Release|x86.ActiveCfg = Debug|Any CPU
		{21E53400-3F27-4646-8BF7-A956E82B4762}.Release|Xbox 360.ActiveCfg = Debug|Any CPU
		{2849C423-C03C-4B00-8F5E-7DED7CDA5A07}.Debug|Any CPU.ActiveCfg = Debug|x86
		{2849C423-C03C-4B00-8F5E-7DED7CDA5A07}.Debug|Mixed Platforms.ActiveCfg = Debug|x86
		{2849C423-C03C-4B00-8F5E-7DED7CDA5A07}.Debug|Mixed Platforms.Build.0 = Debug|x86
		{2849C423-C03C-4B00-8F5E-7DED7CDA5A07}.Debug|Windows Phone.ActiveCfg = Debug|x86
		{2849C423-C03C-4B00-8F5E-7DED7CDA5A07}.Debug|Windows Phone.Build.0 = Debug|x86
		{2849C423-C03C-4B00-8F5E-7DED7CDA5A07}.Debug|x86.ActiveCfg = Debug|x86
		{2849C423-C03C-4B00-8F5E-7DED7CDA5A07}.Debug|x86.Build.0 = Debug|x86
		{2849C423-C03C-4B00-8F5E-7DED7CDA5A07}.Debug|Xbox 360.ActiveCfg = Debug|x86
		{2849C423-C03C-4B00-8F5E-7DED7CDA5A07}.Debug|Xbox 360.Build.0 = Debug|x86
		{2849C423-C03C-4B00-8F5E-7DED7CDA5A07}.Release|Any CPU.ActiveCfg = Release|x86
		{2849C423-C03C-4B00-8F5E-7DED7CDA5A07}.Release|Mixed Platforms.ActiveCfg = Release|x86
		{2849C423-C03C-4B00-8F5E-7DED7CDA5A07}.Release|Mixed Platforms.Build.0 = Release|x86
		{2849C423-C03C-4B00-8F5E-7DED7CDA5A07}.Release|Windows Phone.ActiveCfg = Release|x86
		{2849C423-C03C-4B00-8F5E-7DED7CDA5A07}.Release|Windows Phone.Build.0 = Release|x86
		{2849C423-C03C-4B00-8F5E-7DED7CDA5A07}.Release|x86.ActiveCfg = Release|x86
		{2849C423-C03C-4B00-8F5E-7DED7CDA5A07}.Release|x86.Build.0 = Release|x86
		{2849C423-C03C-4B00-8F5E-7DED7CDA5A07}.Release|Xbox 360.ActiveCfg = Release|x86
		{2849C423-C03C-4B00-8F5E-7DED7CDA5A07}.Release|Xbox 360.Build.0 = Release|x86
		{984E8527-106D-4602-ACBB-25C6E5723CB2}.Debug|Any CPU.ActiveCfg = Debug|Any CPU
		{984E8527-106D-4602-ACBB-25C6E5723CB2}.Debug|Mixed Platforms.ActiveCfg = Debug|Any CPU
		{984E8527-106D-4602-ACBB-25C6E5723CB2}.Debug|Windows Phone.ActiveCfg = Debug|Any CPU
		{984E8527-106D-4602-ACBB-25C6E5723CB2}.Debug|x86.ActiveCfg = Debug|Any CPU
		{984E8527-106D-4602-ACBB-25C6E5723CB2}.Debug|Xbox 360.ActiveCfg = Debug|Any CPU
		{984E8527-106D-4602-ACBB-25C6E5723CB2}.Release|Any CPU.ActiveCfg = Debug|Any CPU
		{984E8527-106D-4602-ACBB-25C6E5723CB2}.Release|Mixed Platforms.ActiveCfg = Debug|Any CPU
		{984E8527-106D-4602-ACBB-25C6E5723CB2}.Release|Windows Phone.ActiveCfg = Debug|Any CPU
		{984E8527-106D-4602-ACBB-25C6E5723CB2}.Release|x86.ActiveCfg = Debug|Any CPU
		{984E8527-106D-4602-ACBB-25C6E5723CB2}.Release|Xbox 360.ActiveCfg = Debug|Any CPU
		{E7DE2B36-C261-4D77-97E6-DE1FE09A4779}.Debug|Any CPU.ActiveCfg = Debug|x86
		{E7DE2B36-C261-4D77-97E6-DE1FE09A4779}.Debug|Mixed Platforms.ActiveCfg = Debug|x86
		{E7DE2B36-C261-4D77-97E6-DE1FE09A4779}.Debug|Mixed Platforms.Build.0 = Debug|x86
		{E7DE2B36-C261-4D77-97E6-DE1FE09A4779}.Debug|Windows Phone.ActiveCfg = Debug|x86
		{E7DE2B36-C261-4D77-97E6-DE1FE09A4779}.Debug|Windows Phone.Build.0 = Debug|x86
		{E7DE2B36-C261-4D77-97E6-DE1FE09A4779}.Debug|x86.ActiveCfg = Debug|x86
		{E7DE2B36-C261-4D77-97E6-DE1FE09A4779}.Debug|x86.Build.0 = Debug|x86
		{E7DE2B36-C261-4D77-97E6-DE1FE09A4779}.Debug|Xbox 360.ActiveCfg = Debug|x86
		{E7DE2B36-C261-4D77-97E6-DE1FE09A4779}.Debug|Xbox 360.Build.0 = Debug|x86
		{E7DE2B36-C261-4D77-97E6-DE1FE09A4779}.Release|Any CPU.ActiveCfg = Release|x86
		{E7DE2B36-C261-4D77-97E6-DE1FE09A4779}.Release|Mixed Platforms.ActiveCfg = Release|x86
		{E7DE2B36-C261-4D77-97E6-DE1FE09A4779}.Release|Mixed Platforms.Build.0 = Release|x86
		{E7DE2B36-C261-4D77-97E6-DE1FE09A4779}.Release|Windows Phone.ActiveCfg = Release|x86
		{E7DE2B36-C261-4D77-97E6-DE1FE09A4779}.Release|Windows Phone.Build.0 = Release|x86
		{E7DE2B36-C261-4D77-97E6-DE1FE09A4779}.Release|x86.ActiveCfg = Release|x86
		{E7DE2B36-C261-4D77-97E6-DE1FE09A4779}.Release|x86.Build.0 = Release|x86
		{E7DE2B36-C261-4D77-97E6-DE1FE09A4779}.Release|Xbox 360.ActiveCfg = Release|x86
		{E7DE2B36-C261-4D77-97E6-DE1FE09A4779}.Release|Xbox 360.Build.0 = Release|x86
		{49BF7063-E113-4F6A-B09F-23FB632017E8}.Debug|Any CPU.ActiveCfg = Debug|Any CPU
		{49BF7063-E113-4F6A-B09F-23FB632017E8}.Debug|Mixed Platforms.ActiveCfg = Debug|Any CPU
		{49BF7063-E113-4F6A-B09F-23FB632017E8}.Debug|Windows Phone.ActiveCfg = Debug|Any CPU
		{49BF7063-E113-4F6A-B09F-23FB632017E8}.Debug|x86.ActiveCfg = Debug|Any CPU
		{49BF7063-E113-4F6A-B09F-23FB632017E8}.Debug|Xbox 360.ActiveCfg = Debug|Any CPU
		{49BF7063-E113-4F6A-B09F-23FB632017E8}.Release|Any CPU.ActiveCfg = Debug|Any CPU
		{49BF7063-E113-4F6A-B09F-23FB632017E8}.Release|Mixed Platforms.ActiveCfg = Debug|Any CPU
		{49BF7063-E113-4F6A-B09F-23FB632017E8}.Release|Windows Phone.ActiveCfg = Debug|Any CPU
		{49BF7063-E113-4F6A-B09F-23FB632017E8}.Release|x86.ActiveCfg = Debug|Any CPU
		{49BF7063-E113-4F6A-B09F-23FB632017E8}.Release|Xbox 360.ActiveCfg = Debug|Any CPU
		{189FC711-FF6B-4C08-9EEC-BD5F2C08F24F}.Debug|Any CPU.ActiveCfg = Debug|x86
		{189FC711-FF6B-4C08-9EEC-BD5F2C08F24F}.Debug|Mixed Platforms.ActiveCfg = Debug|x86
		{189FC711-FF6B-4C08-9EEC-BD5F2C08F24F}.Debug|Mixed Platforms.Build.0 = Debug|x86
		{189FC711-FF6B-4C08-9EEC-BD5F2C08F24F}.Debug|Windows Phone.ActiveCfg = Debug|x86
		{189FC711-FF6B-4C08-9EEC-BD5F2C08F24F}.Debug|Windows Phone.Build.0 = Debug|x86
		{189FC711-FF6B-4C08-9EEC-BD5F2C08F24F}.Debug|x86.ActiveCfg = Debug|x86
		{189FC711-FF6B-4C08-9EEC-BD5F2C08F24F}.Debug|x86.Build.0 = Debug|x86
		{189FC711-FF6B-4C08-9EEC-BD5F2C08F24F}.Debug|Xbox 360.ActiveCfg = Debug|x86
		{189FC711-FF6B-4C08-9EEC-BD5F2C08F24F}.Debug|Xbox 360.Build.0 = Debug|x86
		{189FC711-FF6B-4C08-9EEC-BD5F2C08F24F}.Release|Any CPU.ActiveCfg = Release|x86
		{189FC711-FF6B-4C08-9EEC-BD5F2C08F24F}.Release|Mixed Platforms.ActiveCfg = Release|x86
		{189FC711-FF6B-4C08-9EEC-BD5F2C08F24F}.Release|Mixed Platforms.Build.0 = Release|x86
		{189FC711-FF6B-4C08-9EEC-BD5F2C08F24F}.Release|Windows Phone.ActiveCfg = Release|x86
		{189FC711-FF6B-4C08-9EEC-BD5F2C08F24F}.Release|Windows Phone.Build.0 = Release|x86
		{189FC711-FF6B-4C08-9EEC-BD5F2C08F24F}.Release|x86.ActiveCfg = Release|x86
		{189FC711-FF6B-4C08-9EEC-BD5F2C08F24F}.Release|x86.Build.0 = Release|x86
		{189FC711-FF6B-4C08-9EEC-BD5F2C08F24F}.Release|Xbox 360.ActiveCfg = Release|x86
		{189FC711-FF6B-4C08-9EEC-BD5F2C08F24F}.Release|Xbox 360.Build.0 = Release|x86
		{96F2E250-3DC0-4113-9610-0C9DB8168CF2}.Debug|Any CPU.ActiveCfg = Debug|Any CPU
		{96F2E250-3DC0-4113-9610-0C9DB8168CF2}.Debug|Mixed Platforms.ActiveCfg = Debug|Any CPU
		{96F2E250-3DC0-4113-9610-0C9DB8168CF2}.Debug|Windows Phone.ActiveCfg = Debug|Any CPU
		{96F2E250-3DC0-4113-9610-0C9DB8168CF2}.Debug|x86.ActiveCfg = Debug|Any CPU
		{96F2E250-3DC0-4113-9610-0C9DB8168CF2}.Debug|Xbox 360.ActiveCfg = Debug|Any CPU
		{96F2E250-3DC0-4113-9610-0C9DB8168CF2}.Release|Any CPU.ActiveCfg = Debug|Any CPU
		{96F2E250-3DC0-4113-9610-0C9DB8168CF2}.Release|Mixed Platforms.ActiveCfg = Debug|Any CPU
		{96F2E250-3DC0-4113-9610-0C9DB8168CF2}.Release|Windows Phone.ActiveCfg = Debug|Any CPU
		{96F2E250-3DC0-4113-9610-0C9DB8168CF2}.Release|x86.ActiveCfg = Debug|Any CPU
		{96F2E250-3DC0-4113-9610-0C9DB8168CF2}.Release|Xbox 360.ActiveCfg = Debug|Any CPU
		{646E7178-D967-412A-82C1-593F9CF5915C}.Debug|Any CPU.ActiveCfg = Debug|x86
		{646E7178-D967-412A-82C1-593F9CF5915C}.Debug|Mixed Platforms.ActiveCfg = Debug|x86
		{646E7178-D967-412A-82C1-593F9CF5915C}.Debug|Mixed Platforms.Build.0 = Debug|x86
		{646E7178-D967-412A-82C1-593F9CF5915C}.Debug|Windows Phone.ActiveCfg = Debug|x86
		{646E7178-D967-412A-82C1-593F9CF5915C}.Debug|Windows Phone.Build.0 = Debug|x86
		{646E7178-D967-412A-82C1-593F9CF5915C}.Debug|x86.ActiveCfg = Debug|x86
		{646E7178-D967-412A-82C1-593F9CF5915C}.Debug|x86.Build.0 = Debug|x86
		{646E7178-D967-412A-82C1-593F9CF5915C}.Debug|Xbox 360.ActiveCfg = Debug|x86
		{646E7178-D967-412A-82C1-593F9CF5915C}.Debug|Xbox 360.Build.0 = Debug|x86
		{646E7178-D967-412A-82C1-593F9CF5915C}.Release|Any CPU.ActiveCfg = Release|x86
		{646E7178-D967-412A-82C1-593F9CF5915C}.Release|Mixed Platforms.ActiveCfg = Release|x86
		{646E7178-D967-412A-82C1-593F9CF5915C}.Release|Mixed Platforms.Build.0 = Release|x86
		{646E7178-D967-412A-82C1-593F9CF5915C}.Release|Windows Phone.ActiveCfg = Release|x86
		{646E7178-D967-412A-82C1-593F9CF5915C}.Release|Windows Phone.Build.0 = Release|x86
		{646E7178-D967-412A-82C1-593F9CF5915C}.Release|x86.ActiveCfg = Release|x86
		{646E7178-D967-412A-82C1-593F9CF5915C}.Release|x86.Build.0 = Release|x86
		{646E7178-D967-412A-82C1-593F9CF5915C}.Release|Xbox 360.ActiveCfg = Release|x86
		{646E7178-D967-412A-82C1-593F9CF5915C}.Release|Xbox 360.Build.0 = Release|x86
		{174E92C2-0344-4C85-A204-B905124E4FAA}.Debug|Any CPU.ActiveCfg = Debug|Any CPU
		{174E92C2-0344-4C85-A204-B905124E4FAA}.Debug|Mixed Platforms.ActiveCfg = Debug|Any CPU
		{174E92C2-0344-4C85-A204-B905124E4FAA}.Debug|Windows Phone.ActiveCfg = Debug|Any CPU
		{174E92C2-0344-4C85-A204-B905124E4FAA}.Debug|x86.ActiveCfg = Debug|Any CPU
		{174E92C2-0344-4C85-A204-B905124E4FAA}.Debug|Xbox 360.ActiveCfg = Debug|Any CPU
		{174E92C2-0344-4C85-A204-B905124E4FAA}.Release|Any CPU.ActiveCfg = Debug|Any CPU
		{174E92C2-0344-4C85-A204-B905124E4FAA}.Release|Mixed Platforms.ActiveCfg = Debug|Any CPU
		{174E92C2-0344-4C85-A204-B905124E4FAA}.Release|Windows Phone.ActiveCfg = Debug|Any CPU
		{174E92C2-0344-4C85-A204-B905124E4FAA}.Release|x86.ActiveCfg = Debug|Any CPU
		{174E92C2-0344-4C85-A204-B905124E4FAA}.Release|Xbox 360.ActiveCfg = Debug|Any CPU
		{74F4281D-C58A-4F45-B790-B1818BA1ECB7}.Debug|Any CPU.ActiveCfg = Debug|x86
		{74F4281D-C58A-4F45-B790-B1818BA1ECB7}.Debug|Mixed Platforms.ActiveCfg = Debug|x86
		{74F4281D-C58A-4F45-B790-B1818BA1ECB7}.Debug|Mixed Platforms.Build.0 = Debug|x86
		{74F4281D-C58A-4F45-B790-B1818BA1ECB7}.Debug|Windows Phone.ActiveCfg = Debug|x86
		{74F4281D-C58A-4F45-B790-B1818BA1ECB7}.Debug|Windows Phone.Build.0 = Debug|x86
		{74F4281D-C58A-4F45-B790-B1818BA1ECB7}.Debug|x86.ActiveCfg = Debug|x86
		{74F4281D-C58A-4F45-B790-B1818BA1ECB7}.Debug|x86.Build.0 = Debug|x86
		{74F4281D-C58A-4F45-B790-B1818BA1ECB7}.Debug|Xbox 360.ActiveCfg = Debug|x86
		{74F4281D-C58A-4F45-B790-B1818BA1ECB7}.Debug|Xbox 360.Build.0 = Debug|x86
		{74F4281D-C58A-4F45-B790-B1818BA1ECB7}.Release|Any CPU.ActiveCfg = Release|x86
		{74F4281D-C58A-4F45-B790-B1818BA1ECB7}.Release|Mixed Platforms.ActiveCfg = Release|x86
		{74F4281D-C58A-4F45-B790-B1818BA1ECB7}.Release|Mixed Platforms.Build.0 = Release|x86
		{74F4281D-C58A-4F45-B790-B1818BA1ECB7}.Release|Windows Phone.ActiveCfg = Release|x86
		{74F4281D-C58A-4F45-B790-B1818BA1ECB7}.Release|Windows Phone.Build.0 = Release|x86
		{74F4281D-C58A-4F45-B790-B1818BA1ECB7}.Release|x86.ActiveCfg = Release|x86
		{74F4281D-C58A-4F45-B790-B1818BA1ECB7}.Release|x86.Build.0 = Release|x86
		{74F4281D-C58A-4F45-B790-B1818BA1ECB7}.Release|Xbox 360.ActiveCfg = Release|x86
		{74F4281D-C58A-4F45-B790-B1818BA1ECB7}.Release|Xbox 360.Build.0 = Release|x86
		{988B67DE-11FF-4A32-89AB-AA95C6AFA171}.Debug|Any CPU.ActiveCfg = Debug|Any CPU
		{988B67DE-11FF-4A32-89AB-AA95C6AFA171}.Debug|Mixed Platforms.ActiveCfg = Debug|Any CPU
		{988B67DE-11FF-4A32-89AB-AA95C6AFA171}.Debug|Windows Phone.ActiveCfg = Debug|Any CPU
		{988B67DE-11FF-4A32-89AB-AA95C6AFA171}.Debug|x86.ActiveCfg = Debug|Any CPU
		{988B67DE-11FF-4A32-89AB-AA95C6AFA171}.Debug|Xbox 360.ActiveCfg = Debug|Any CPU
		{988B67DE-11FF-4A32-89AB-AA95C6AFA171}.Release|Any CPU.ActiveCfg = Debug|Any CPU
		{988B67DE-11FF-4A32-89AB-AA95C6AFA171}.Release|Mixed Platforms.ActiveCfg = Debug|Any CPU
		{988B67DE-11FF-4A32-89AB-AA95C6AFA171}.Release|Windows Phone.ActiveCfg = Debug|Any CPU
		{988B67DE-11FF-4A32-89AB-AA95C6AFA171}.Release|x86.ActiveCfg = Debug|Any CPU
		{988B67DE-11FF-4A32-89AB-AA95C6AFA171}.Release|Xbox 360.ActiveCfg = Debug|Any CPU
		{4B4425E8-F1E4-4195-BAC7-01733EC81C21}.Debug|Any CPU.ActiveCfg = Debug|x86
		{4B4425E8-F1E4-4195-BAC7-01733EC81C21}.Debug|Mixed Platforms.ActiveCfg = Debug|x86
		{4B4425E8-F1E4-4195-BAC7-01733EC81C21}.Debug|Mixed Platforms.Build.0 = Debug|x86
		{4B4425E8-F1E4-4195-BAC7-01733EC81C21}.Debug|Windows Phone.ActiveCfg = Debug|x86
		{4B4425E8-F1E4-4195-BAC7-01733EC81C21}.Debug|Windows Phone.Build.0 = Debug|x86
		{4B4425E8-F1E4-4195-BAC7-01733EC81C21}.Debug|x86.ActiveCfg = Debug|x86
		{4B4425E8-F1E4-4195-BAC7-01733EC81C21}.Debug|x86.Build.0 = Debug|x86
		{4B4425E8-F1E4-4195-BAC7-01733EC81C21}.Debug|Xbox 360.ActiveCfg = Debug|x86
		{4B4425E8-F1E4-4195-BAC7-01733EC81C21}.Debug|Xbox 360.Build.0 = Debug|x86
		{4B4425E8-F1E4-4195-BAC7-01733EC81C21}.Release|Any CPU.ActiveCfg = Release|x86
		{4B4425E8-F1E4-4195-BAC7-01733EC81C21}.Release|Mixed Platforms.ActiveCfg = Release|x86
		{4B4425E8-F1E4-4195-BAC7-01733EC81C21}.Release|Mixed Platforms.Build.0 = Release|x86
		{4B4425E8-F1E4-4195-BAC7-01733EC81C21}.Release|Windows Phone.ActiveCfg = Release|x86
		{4B4425E8-F1E4-4195-BAC7-01733EC81C21}.Release|Windows Phone.Build.0 = Release|x86
		{4B4425E8-F1E4-4195-BAC7-01733EC81C21}.Release|x86.ActiveCfg = Release|x86
		{4B4425E8-F1E4-4195-BAC7-01733EC81C21}.Release|x86.Build.0 = Release|x86
		{4B4425E8-F1E4-4195-BAC7-01733EC81C21}.Release|Xbox 360.ActiveCfg = Release|x86
		{4B4425E8-F1E4-4195-BAC7-01733EC81C21}.Release|Xbox 360.Build.0 = Release|x86
		{390298D6-9C3A-4DBB-B291-4DCD40850381}.Debug|Any CPU.ActiveCfg = Debug|Any CPU
		{390298D6-9C3A-4DBB-B291-4DCD40850381}.Debug|Mixed Platforms.ActiveCfg = Debug|Any CPU
		{390298D6-9C3A-4DBB-B291-4DCD40850381}.Debug|Windows Phone.ActiveCfg = Debug|Any CPU
		{390298D6-9C3A-4DBB-B291-4DCD40850381}.Debug|x86.ActiveCfg = Debug|Any CPU
		{390298D6-9C3A-4DBB-B291-4DCD40850381}.Debug|Xbox 360.ActiveCfg = Debug|Any CPU
		{390298D6-9C3A-4DBB-B291-4DCD40850381}.Release|Any CPU.ActiveCfg = Debug|Any CPU
		{390298D6-9C3A-4DBB-B291-4DCD40850381}.Release|Mixed Platforms.ActiveCfg = Debug|Any CPU
		{390298D6-9C3A-4DBB-B291-4DCD40850381}.Release|Windows Phone.ActiveCfg = Debug|Any CPU
		{390298D6-9C3A-4DBB-B291-4DCD40850381}.Release|x86.ActiveCfg = Debug|Any CPU
		{390298D6-9C3A-4DBB-B291-4DCD40850381}.Release|Xbox 360.ActiveCfg = Debug|Any CPU
		{A7003B6E-228F-4DE9-9C0D-C96FABF668C3}.Debug|Any CPU.ActiveCfg = Debug|x86
		{A7003B6E-228F-4DE9-9C0D-C96FABF668C3}.Debug|Mixed Platforms.ActiveCfg = Debug|x86
		{A7003B6E-228F-4DE9-9C0D-C96FABF668C3}.Debug|Mixed Platforms.Build.0 = Debug|x86
		{A7003B6E-228F-4DE9-9C0D-C96FABF668C3}.Debug|Windows Phone.ActiveCfg = Debug|x86
		{A7003B6E-228F-4DE9-9C0D-C96FABF668C3}.Debug|x86.ActiveCfg = Debug|x86
		{A7003B6E-228F-4DE9-9C0D-C96FABF668C3}.Debug|x86.Build.0 = Debug|x86
		{A7003B6E-228F-4DE9-9C0D-C96FABF668C3}.Debug|Xbox 360.ActiveCfg = Debug|x86
		{A7003B6E-228F-4DE9-9C0D-C96FABF668C3}.Release|Any CPU.ActiveCfg = Release|x86
		{A7003B6E-228F-4DE9-9C0D-C96FABF668C3}.Release|Mixed Platforms.ActiveCfg = Release|x86
		{A7003B6E-228F-4DE9-9C0D-C96FABF668C3}.Release|Mixed Platforms.Build.0 = Release|x86
		{A7003B6E-228F-4DE9-9C0D-C96FABF668C3}.Release|Windows Phone.ActiveCfg = Release|x86
		{A7003B6E-228F-4DE9-9C0D-C96FABF668C3}.Release|x86.ActiveCfg = Release|x86
		{A7003B6E-228F-4DE9-9C0D-C96FABF668C3}.Release|x86.Build.0 = Release|x86
		{A7003B6E-228F-4DE9-9C0D-C96FABF668C3}.Release|Xbox 360.ActiveCfg = Release|x86
		{94C85F35-F0D6-4734-B41F-A2392ACDB34C}.Debug|Any CPU.ActiveCfg = Debug|x86
		{94C85F35-F0D6-4734-B41F-A2392ACDB34C}.Debug|Mixed Platforms.ActiveCfg = Debug|x86
		{94C85F35-F0D6-4734-B41F-A2392ACDB34C}.Debug|Windows Phone.ActiveCfg = Debug|x86
		{94C85F35-F0D6-4734-B41F-A2392ACDB34C}.Debug|x86.ActiveCfg = Debug|x86
		{94C85F35-F0D6-4734-B41F-A2392ACDB34C}.Debug|Xbox 360.ActiveCfg = Debug|x86
		{94C85F35-F0D6-4734-B41F-A2392ACDB34C}.Release|Any CPU.ActiveCfg = Release|x86
		{94C85F35-F0D6-4734-B41F-A2392ACDB34C}.Release|Mixed Platforms.ActiveCfg = Release|x86
		{94C85F35-F0D6-4734-B41F-A2392ACDB34C}.Release|Windows Phone.ActiveCfg = Release|x86
		{94C85F35-F0D6-4734-B41F-A2392ACDB34C}.Release|x86.ActiveCfg = Release|x86
		{94C85F35-F0D6-4734-B41F-A2392ACDB34C}.Release|Xbox 360.ActiveCfg = Release|x86
		{0D2A134E-A76B-4DBD-A7FF-BFAF4D4AC7F7}.Debug|Any CPU.ActiveCfg = Debug|x86
		{0D2A134E-A76B-4DBD-A7FF-BFAF4D4AC7F7}.Debug|Mixed Platforms.ActiveCfg = Debug|x86
		{0D2A134E-A76B-4DBD-A7FF-BFAF4D4AC7F7}.Debug|Mixed Platforms.Build.0 = Debug|x86
		{0D2A134E-A76B-4DBD-A7FF-BFAF4D4AC7F7}.Debug|Windows Phone.ActiveCfg = Debug|x86
		{0D2A134E-A76B-4DBD-A7FF-BFAF4D4AC7F7}.Debug|x86.ActiveCfg = Debug|x86
		{0D2A134E-A76B-4DBD-A7FF-BFAF4D4AC7F7}.Debug|x86.Build.0 = Debug|x86
		{0D2A134E-A76B-4DBD-A7FF-BFAF4D4AC7F7}.Debug|Xbox 360.ActiveCfg = Debug|x86
		{0D2A134E-A76B-4DBD-A7FF-BFAF4D4AC7F7}.Release|Any CPU.ActiveCfg = Release|x86
		{0D2A134E-A76B-4DBD-A7FF-BFAF4D4AC7F7}.Release|Mixed Platforms.ActiveCfg = Release|x86
		{0D2A134E-A76B-4DBD-A7FF-BFAF4D4AC7F7}.Release|Mixed Platforms.Build.0 = Release|x86
		{0D2A134E-A76B-4DBD-A7FF-BFAF4D4AC7F7}.Release|Windows Phone.ActiveCfg = Release|x86
		{0D2A134E-A76B-4DBD-A7FF-BFAF4D4AC7F7}.Release|x86.ActiveCfg = Release|x86
		{0D2A134E-A76B-4DBD-A7FF-BFAF4D4AC7F7}.Release|x86.Build.0 = Release|x86
		{0D2A134E-A76B-4DBD-A7FF-BFAF4D4AC7F7}.Release|Xbox 360.ActiveCfg = Release|x86
		{653EAFD3-08FF-43C4-852E-F29D0756A118}.Debug|Any CPU.ActiveCfg = Debug|x86
		{653EAFD3-08FF-43C4-852E-F29D0756A118}.Debug|Mixed Platforms.ActiveCfg = Debug|x86
		{653EAFD3-08FF-43C4-852E-F29D0756A118}.Debug|Windows Phone.ActiveCfg = Debug|x86
		{653EAFD3-08FF-43C4-852E-F29D0756A118}.Debug|x86.ActiveCfg = Debug|x86
		{653EAFD3-08FF-43C4-852E-F29D0756A118}.Debug|Xbox 360.ActiveCfg = Debug|x86
		{653EAFD3-08FF-43C4-852E-F29D0756A118}.Release|Any CPU.ActiveCfg = Release|x86
		{653EAFD3-08FF-43C4-852E-F29D0756A118}.Release|Mixed Platforms.ActiveCfg = Release|x86
		{653EAFD3-08FF-43C4-852E-F29D0756A118}.Release|Windows Phone.ActiveCfg = Release|x86
		{653EAFD3-08FF-43C4-852E-F29D0756A118}.Release|x86.ActiveCfg = Release|x86
		{653EAFD3-08FF-43C4-852E-F29D0756A118}.Release|Xbox 360.ActiveCfg = Release|x86
		{22C84562-D457-4A1E-AF76-A0A71601383E}.Debug|Any CPU.ActiveCfg = Debug|x86
		{22C84562-D457-4A1E-AF76-A0A71601383E}.Debug|Mixed Platforms.ActiveCfg = Debug|x86
		{22C84562-D457-4A1E-AF76-A0A71601383E}.Debug|Mixed Platforms.Build.0 = Debug|x86
		{22C84562-D457-4A1E-AF76-A0A71601383E}.Debug|Windows Phone.ActiveCfg = Debug|x86
		{22C84562-D457-4A1E-AF76-A0A71601383E}.Debug|x86.ActiveCfg = Debug|x86
		{22C84562-D457-4A1E-AF76-A0A71601383E}.Debug|x86.Build.0 = Debug|x86
		{22C84562-D457-4A1E-AF76-A0A71601383E}.Debug|Xbox 360.ActiveCfg = Debug|x86
		{22C84562-D457-4A1E-AF76-A0A71601383E}.Release|Any CPU.ActiveCfg = Release|x86
		{22C84562-D457-4A1E-AF76-A0A71601383E}.Release|Mixed Platforms.ActiveCfg = Release|x86
		{22C84562-D457-4A1E-AF76-A0A71601383E}.Release|Mixed Platforms.Build.0 = Release|x86
		{22C84562-D457-4A1E-AF76-A0A71601383E}.Release|Windows Phone.ActiveCfg = Release|x86
		{22C84562-D457-4A1E-AF76-A0A71601383E}.Release|x86.ActiveCfg = Release|x86
		{22C84562-D457-4A1E-AF76-A0A71601383E}.Release|x86.Build.0 = Release|x86
		{22C84562-D457-4A1E-AF76-A0A71601383E}.Release|Xbox 360.ActiveCfg = Release|x86
		{41439B38-1185-449A-90A3-50A27C588EDA}.Debug|Any CPU.ActiveCfg = Debug|x86
		{41439B38-1185-449A-90A3-50A27C588EDA}.Debug|Mixed Platforms.ActiveCfg = Debug|x86
		{41439B38-1185-449A-90A3-50A27C588EDA}.Debug|Windows Phone.ActiveCfg = Debug|x86
		{41439B38-1185-449A-90A3-50A27C588EDA}.Debug|x86.ActiveCfg = Debug|x86
		{41439B38-1185-449A-90A3-50A27C588EDA}.Debug|Xbox 360.ActiveCfg = Debug|x86
		{41439B38-1185-449A-90A3-50A27C588EDA}.Release|Any CPU.ActiveCfg = Release|x86
		{41439B38-1185-449A-90A3-50A27C588EDA}.Release|Mixed Platforms.ActiveCfg = Release|x86
		{41439B38-1185-449A-90A3-50A27C588EDA}.Release|Windows Phone.ActiveCfg = Release|x86
		{41439B38-1185-449A-90A3-50A27C588EDA}.Release|x86.ActiveCfg = Release|x86
		{41439B38-1185-449A-90A3-50A27C588EDA}.Release|Xbox 360.ActiveCfg = Release|x86
		{E7FA8C6F-E32A-4AEA-8BB4-BE80AC6D524A}.Debug|Any CPU.ActiveCfg = Debug|x86
		{E7FA8C6F-E32A-4AEA-8BB4-BE80AC6D524A}.Debug|Mixed Platforms.ActiveCfg = Debug|x86
		{E7FA8C6F-E32A-4AEA-8BB4-BE80AC6D524A}.Debug|Mixed Platforms.Build.0 = Debug|x86
		{E7FA8C6F-E32A-4AEA-8BB4-BE80AC6D524A}.Debug|Windows Phone.ActiveCfg = Debug|x86
		{E7FA8C6F-E32A-4AEA-8BB4-BE80AC6D524A}.Debug|x86.ActiveCfg = Debug|x86
		{E7FA8C6F-E32A-4AEA-8BB4-BE80AC6D524A}.Debug|x86.Build.0 = Debug|x86
		{E7FA8C6F-E32A-4AEA-8BB4-BE80AC6D524A}.Debug|Xbox 360.ActiveCfg = Debug|x86
		{E7FA8C6F-E32A-4AEA-8BB4-BE80AC6D524A}.Release|Any CPU.ActiveCfg = Release|x86
		{E7FA8C6F-E32A-4AEA-8BB4-BE80AC6D524A}.Release|Mixed Platforms.ActiveCfg = Release|x86
		{E7FA8C6F-E32A-4AEA-8BB4-BE80AC6D524A}.Release|Mixed Platforms.Build.0 = Release|x86
		{E7FA8C6F-E32A-4AEA-8BB4-BE80AC6D524A}.Release|Windows Phone.ActiveCfg = Release|x86
		{E7FA8C6F-E32A-4AEA-8BB4-BE80AC6D524A}.Release|x86.ActiveCfg = Release|x86
		{E7FA8C6F-E32A-4AEA-8BB4-BE80AC6D524A}.Release|x86.Build.0 = Release|x86
		{E7FA8C6F-E32A-4AEA-8BB4-BE80AC6D524A}.Release|Xbox 360.ActiveCfg = Release|x86
		{DC22C2C0-31C0-4A19-B9B6-C7985B9379B0}.Debug|Any CPU.ActiveCfg = Debug|x86
		{DC22C2C0-31C0-4A19-B9B6-C7985B9379B0}.Debug|Mixed Platforms.ActiveCfg = Debug|x86
		{DC22C2C0-31C0-4A19-B9B6-C7985B9379B0}.Debug|Windows Phone.ActiveCfg = Debug|x86
		{DC22C2C0-31C0-4A19-B9B6-C7985B9379B0}.Debug|x86.ActiveCfg = Debug|x86
		{DC22C2C0-31C0-4A19-B9B6-C7985B9379B0}.Debug|Xbox 360.ActiveCfg = Debug|x86
		{DC22C2C0-31C0-4A19-B9B6-C7985B9379B0}.Release|Any CPU.ActiveCfg = Release|x86
		{DC22C2C0-31C0-4A19-B9B6-C7985B9379B0}.Release|Mixed Platforms.ActiveCfg = Release|x86
		{DC22C2C0-31C0-4A19-B9B6-C7985B9379B0}.Release|Windows Phone.ActiveCfg = Release|x86
		{DC22C2C0-31C0-4A19-B9B6-C7985B9379B0}.Release|x86.ActiveCfg = Release|x86
		{DC22C2C0-31C0-4A19-B9B6-C7985B9379B0}.Release|Xbox 360.ActiveCfg = Release|x86
		{53643C81-93D4-47A1-96E3-F80544E1D9C2}.Debug|Any CPU.ActiveCfg = Debug|x86
		{53643C81-93D4-47A1-96E3-F80544E1D9C2}.Debug|Mixed Platforms.ActiveCfg = Debug|x86
		{53643C81-93D4-47A1-96E3-F80544E1D9C2}.Debug|Mixed Platforms.Build.0 = Debug|x86
		{53643C81-93D4-47A1-96E3-F80544E1D9C2}.Debug|Windows Phone.ActiveCfg = Debug|x86
		{53643C81-93D4-47A1-96E3-F80544E1D9C2}.Debug|x86.ActiveCfg = Debug|x86
		{53643C81-93D4-47A1-96E3-F80544E1D9C2}.Debug|x86.Build.0 = Debug|x86
		{53643C81-93D4-47A1-96E3-F80544E1D9C2}.Debug|Xbox 360.ActiveCfg = Debug|x86
		{53643C81-93D4-47A1-96E3-F80544E1D9C2}.Release|Any CPU.ActiveCfg = Release|x86
		{53643C81-93D4-47A1-96E3-F80544E1D9C2}.Release|Mixed Platforms.ActiveCfg = Release|x86
		{53643C81-93D4-47A1-96E3-F80544E1D9C2}.Release|Mixed Platforms.Build.0 = Release|x86
		{53643C81-93D4-47A1-96E3-F80544E1D9C2}.Release|Windows Phone.ActiveCfg = Release|x86
		{53643C81-93D4-47A1-96E3-F80544E1D9C2}.Release|x86.ActiveCfg = Release|x86
		{53643C81-93D4-47A1-96E3-F80544E1D9C2}.Release|x86.Build.0 = Release|x86
		{53643C81-93D4-47A1-96E3-F80544E1D9C2}.Release|Xbox 360.ActiveCfg = Release|x86
		{DEFF9F75-6F41-426D-AEB9-DA53D0A8543C}.Debug|Any CPU.ActiveCfg = Debug|Any CPU
		{DEFF9F75-6F41-426D-AEB9-DA53D0A8543C}.Debug|Mixed Platforms.ActiveCfg = Debug|Any CPU
		{DEFF9F75-6F41-426D-AEB9-DA53D0A8543C}.Debug|Windows Phone.ActiveCfg = Debug|Any CPU
		{DEFF9F75-6F41-426D-AEB9-DA53D0A8543C}.Debug|x86.ActiveCfg = Debug|Any CPU
		{DEFF9F75-6F41-426D-AEB9-DA53D0A8543C}.Debug|Xbox 360.ActiveCfg = Debug|Any CPU
		{DEFF9F75-6F41-426D-AEB9-DA53D0A8543C}.Release|Any CPU.ActiveCfg = Debug|Any CPU
		{DEFF9F75-6F41-426D-AEB9-DA53D0A8543C}.Release|Mixed Platforms.ActiveCfg = Debug|Any CPU
		{DEFF9F75-6F41-426D-AEB9-DA53D0A8543C}.Release|Windows Phone.ActiveCfg = Debug|Any CPU
		{DEFF9F75-6F41-426D-AEB9-DA53D0A8543C}.Release|x86.ActiveCfg = Debug|Any CPU
		{DEFF9F75-6F41-426D-AEB9-DA53D0A8543C}.Release|Xbox 360.ActiveCfg = Debug|Any CPU
		{F30BD121-5139-4C7F-8F20-BCE9FAF05517}.Debug|Any CPU.ActiveCfg = Debug|x86
		{F30BD121-5139-4C7F-8F20-BCE9FAF05517}.Debug|Mixed Platforms.ActiveCfg = Debug|x86
		{F30BD121-5139-4C7F-8F20-BCE9FAF05517}.Debug|Windows Phone.ActiveCfg = Debug|x86
		{F30BD121-5139-4C7F-8F20-BCE9FAF05517}.Debug|x86.ActiveCfg = Debug|x86
		{F30BD121-5139-4C7F-8F20-BCE9FAF05517}.Debug|Xbox 360.ActiveCfg = Debug|x86
		{F30BD121-5139-4C7F-8F20-BCE9FAF05517}.Release|Any CPU.ActiveCfg = Release|x86
		{F30BD121-5139-4C7F-8F20-BCE9FAF05517}.Release|Mixed Platforms.ActiveCfg = Release|x86
		{F30BD121-5139-4C7F-8F20-BCE9FAF05517}.Release|Windows Phone.ActiveCfg = Release|x86
		{F30BD121-5139-4C7F-8F20-BCE9FAF05517}.Release|x86.ActiveCfg = Release|x86
		{F30BD121-5139-4C7F-8F20-BCE9FAF05517}.Release|Xbox 360.ActiveCfg = Release|x86
		{23FF67BE-BEE0-4A17-B724-658FE4BD653E}.Debug|Any CPU.ActiveCfg = Debug|x86
		{23FF67BE-BEE0-4A17-B724-658FE4BD653E}.Debug|Mixed Platforms.ActiveCfg = Debug|x86
		{23FF67BE-BEE0-4A17-B724-658FE4BD653E}.Debug|Mixed Platforms.Build.0 = Debug|x86
		{23FF67BE-BEE0-4A17-B724-658FE4BD653E}.Debug|Windows Phone.ActiveCfg = Debug|x86
		{23FF67BE-BEE0-4A17-B724-658FE4BD653E}.Debug|x86.ActiveCfg = Debug|x86
		{23FF67BE-BEE0-4A17-B724-658FE4BD653E}.Debug|x86.Build.0 = Debug|x86
		{23FF67BE-BEE0-4A17-B724-658FE4BD653E}.Debug|Xbox 360.ActiveCfg = Debug|x86
		{23FF67BE-BEE0-4A17-B724-658FE4BD653E}.Release|Any CPU.ActiveCfg = Release|x86
		{23FF67BE-BEE0-4A17-B724-658FE4BD653E}.Release|Mixed Platforms.ActiveCfg = Release|x86
		{23FF67BE-BEE0-4A17-B724-658FE4BD653E}.Release|Mixed Platforms.Build.0 = Release|x86
		{23FF67BE-BEE0-4A17-B724-658FE4BD653E}.Release|Windows Phone.ActiveCfg = Release|x86
		{23FF67BE-BEE0-4A17-B724-658FE4BD653E}.Release|x86.ActiveCfg = Release|x86
		{23FF67BE-BEE0-4A17-B724-658FE4BD653E}.Release|x86.Build.0 = Release|x86
		{23FF67BE-BEE0-4A17-B724-658FE4BD653E}.Release|Xbox 360.ActiveCfg = Release|x86
		{E18C5145-CFAE-432A-B555-64AB967C005A}.Debug|Any CPU.ActiveCfg = Debug|x86
		{E18C5145-CFAE-432A-B555-64AB967C005A}.Debug|Mixed Platforms.ActiveCfg = Debug|x86
		{E18C5145-CFAE-432A-B555-64AB967C005A}.Debug|Mixed Platforms.Build.0 = Debug|x86
		{E18C5145-CFAE-432A-B555-64AB967C005A}.Debug|Windows Phone.ActiveCfg = Debug|x86
		{E18C5145-CFAE-432A-B555-64AB967C005A}.Debug|x86.ActiveCfg = Debug|x86
		{E18C5145-CFAE-432A-B555-64AB967C005A}.Debug|x86.Build.0 = Debug|x86
		{E18C5145-CFAE-432A-B555-64AB967C005A}.Debug|Xbox 360.ActiveCfg = Debug|x86
		{E18C5145-CFAE-432A-B555-64AB967C005A}.Release|Any CPU.ActiveCfg = Release|x86
		{E18C5145-CFAE-432A-B555-64AB967C005A}.Release|Mixed Platforms.ActiveCfg = Release|x86
		{E18C5145-CFAE-432A-B555-64AB967C005A}.Release|Mixed Platforms.Build.0 = Release|x86
		{E18C5145-CFAE-432A-B555-64AB967C005A}.Release|Windows Phone.ActiveCfg = Release|x86
		{E18C5145-CFAE-432A-B555-64AB967C005A}.Release|x86.ActiveCfg = Release|x86
		{E18C5145-CFAE-432A-B555-64AB967C005A}.Release|x86.Build.0 = Release|x86
		{E18C5145-CFAE-432A-B555-64AB967C005A}.Release|Xbox 360.ActiveCfg = Release|x86
		{B00DD841-21D5-4488-9540-0F8836AE31A8}.Debug|Any CPU.ActiveCfg = Debug|Any CPU
		{B00DD841-21D5-4488-9540-0F8836AE31A8}.Debug|Mixed Platforms.ActiveCfg = Debug|Any CPU
		{B00DD841-21D5-4488-9540-0F8836AE31A8}.Debug|Windows Phone.ActiveCfg = Debug|Any CPU
		{B00DD841-21D5-4488-9540-0F8836AE31A8}.Debug|x86.ActiveCfg = Debug|Any CPU
		{B00DD841-21D5-4488-9540-0F8836AE31A8}.Debug|Xbox 360.ActiveCfg = Debug|Any CPU
		{B00DD841-21D5-4488-9540-0F8836AE31A8}.Release|Any CPU.ActiveCfg = Debug|Any CPU
		{B00DD841-21D5-4488-9540-0F8836AE31A8}.Release|Mixed Platforms.ActiveCfg = Debug|Any CPU
		{B00DD841-21D5-4488-9540-0F8836AE31A8}.Release|Windows Phone.ActiveCfg = Debug|Any CPU
		{B00DD841-21D5-4488-9540-0F8836AE31A8}.Release|x86.ActiveCfg = Debug|Any CPU
		{B00DD841-21D5-4488-9540-0F8836AE31A8}.Release|Xbox 360.ActiveCfg = Debug|Any CPU
		{CD64BE3B-EB7B-45D4-AC22-20445A27734F}.Debug|Any CPU.ActiveCfg = Debug|x86
		{CD64BE3B-EB7B-45D4-AC22-20445A27734F}.Debug|Mixed Platforms.ActiveCfg = Debug|x86
		{CD64BE3B-EB7B-45D4-AC22-20445A27734F}.Debug|Mixed Platforms.Build.0 = Debug|x86
		{CD64BE3B-EB7B-45D4-AC22-20445A27734F}.Debug|Windows Phone.ActiveCfg = Debug|x86
		{CD64BE3B-EB7B-45D4-AC22-20445A27734F}.Debug|x86.ActiveCfg = Debug|x86
		{CD64BE3B-EB7B-45D4-AC22-20445A27734F}.Debug|x86.Build.0 = Debug|x86
		{CD64BE3B-EB7B-45D4-AC22-20445A27734F}.Debug|Xbox 360.ActiveCfg = Debug|x86
		{CD64BE3B-EB7B-45D4-AC22-20445A27734F}.Release|Any CPU.ActiveCfg = Release|x86
		{CD64BE3B-EB7B-45D4-AC22-20445A27734F}.Release|Mixed Platforms.ActiveCfg = Release|x86
		{CD64BE3B-EB7B-45D4-AC22-20445A27734F}.Release|Mixed Platforms.Build.0 = Release|x86
		{CD64BE3B-EB7B-45D4-AC22-20445A27734F}.Release|Windows Phone.ActiveCfg = Release|x86
		{CD64BE3B-EB7B-45D4-AC22-20445A27734F}.Release|x86.ActiveCfg = Release|x86
		{CD64BE3B-EB7B-45D4-AC22-20445A27734F}.Release|x86.Build.0 = Release|x86
		{CD64BE3B-EB7B-45D4-AC22-20445A27734F}.Release|Xbox 360.ActiveCfg = Release|x86
		{8A0F05B9-F2C6-4849-BA09-F93DEAC808B5}.Debug|Any CPU.ActiveCfg = Debug|x86
		{8A0F05B9-F2C6-4849-BA09-F93DEAC808B5}.Debug|Mixed Platforms.ActiveCfg = Debug|x86
		{8A0F05B9-F2C6-4849-BA09-F93DEAC808B5}.Debug|Windows Phone.ActiveCfg = Debug|x86
		{8A0F05B9-F2C6-4849-BA09-F93DEAC808B5}.Debug|x86.ActiveCfg = Debug|x86
		{8A0F05B9-F2C6-4849-BA09-F93DEAC808B5}.Debug|Xbox 360.ActiveCfg = Debug|x86
		{8A0F05B9-F2C6-4849-BA09-F93DEAC808B5}.Release|Any CPU.ActiveCfg = Release|x86
		{8A0F05B9-F2C6-4849-BA09-F93DEAC808B5}.Release|Mixed Platforms.ActiveCfg = Release|x86
		{8A0F05B9-F2C6-4849-BA09-F93DEAC808B5}.Release|Windows Phone.ActiveCfg = Release|x86
		{8A0F05B9-F2C6-4849-BA09-F93DEAC808B5}.Release|x86.ActiveCfg = Release|x86
		{8A0F05B9-F2C6-4849-BA09-F93DEAC808B5}.Release|Xbox 360.ActiveCfg = Release|x86
		{EFC3699A-3D0C-4B4B-9D9D-6BA0B60D14F6}.Debug|Any CPU.ActiveCfg = Debug|x86
		{EFC3699A-3D0C-4B4B-9D9D-6BA0B60D14F6}.Debug|Mixed Platforms.ActiveCfg = Debug|x86
		{EFC3699A-3D0C-4B4B-9D9D-6BA0B60D14F6}.Debug|Mixed Platforms.Build.0 = Debug|x86
		{EFC3699A-3D0C-4B4B-9D9D-6BA0B60D14F6}.Debug|Windows Phone.ActiveCfg = Debug|x86
		{EFC3699A-3D0C-4B4B-9D9D-6BA0B60D14F6}.Debug|x86.ActiveCfg = Debug|x86
		{EFC3699A-3D0C-4B4B-9D9D-6BA0B60D14F6}.Debug|x86.Build.0 = Debug|x86
		{EFC3699A-3D0C-4B4B-9D9D-6BA0B60D14F6}.Debug|Xbox 360.ActiveCfg = Debug|x86
		{EFC3699A-3D0C-4B4B-9D9D-6BA0B60D14F6}.Release|Any CPU.ActiveCfg = Release|x86
		{EFC3699A-3D0C-4B4B-9D9D-6BA0B60D14F6}.Release|Mixed Platforms.ActiveCfg = Release|x86
		{EFC3699A-3D0C-4B4B-9D9D-6BA0B60D14F6}.Release|Mixed Platforms.Build.0 = Release|x86
		{EFC3699A-3D0C-4B4B-9D9D-6BA0B60D14F6}.Release|Windows Phone.ActiveCfg = Release|x86
		{EFC3699A-3D0C-4B4B-9D9D-6BA0B60D14F6}.Release|x86.ActiveCfg = Release|x86
		{EFC3699A-3D0C-4B4B-9D9D-6BA0B60D14F6}.Release|x86.Build.0 = Release|x86
		{EFC3699A-3D0C-4B4B-9D9D-6BA0B60D14F6}.Release|Xbox 360.ActiveCfg = Release|x86
		{155BB00D-6EA8-43B6-8A0C-4683B5FD72B2}.Debug|Any CPU.ActiveCfg = Debug|x86
		{155BB00D-6EA8-43B6-8A0C-4683B5FD72B2}.Debug|Mixed Platforms.ActiveCfg = Debug|x86
		{155BB00D-6EA8-43B6-8A0C-4683B5FD72B2}.Debug|Windows Phone.ActiveCfg = Debug|x86
		{155BB00D-6EA8-43B6-8A0C-4683B5FD72B2}.Debug|x86.ActiveCfg = Debug|x86
		{155BB00D-6EA8-43B6-8A0C-4683B5FD72B2}.Debug|Xbox 360.ActiveCfg = Debug|x86
		{155BB00D-6EA8-43B6-8A0C-4683B5FD72B2}.Release|Any CPU.ActiveCfg = Release|x86
		{155BB00D-6EA8-43B6-8A0C-4683B5FD72B2}.Release|Mixed Platforms.ActiveCfg = Release|x86
		{155BB00D-6EA8-43B6-8A0C-4683B5FD72B2}.Release|Windows Phone.ActiveCfg = Release|x86
		{155BB00D-6EA8-43B6-8A0C-4683B5FD72B2}.Release|x86.ActiveCfg = Release|x86
		{155BB00D-6EA8-43B6-8A0C-4683B5FD72B2}.Release|Xbox 360.ActiveCfg = Release|x86
		{EE06D957-65AF-441C-AB8F-4FD2404DC527}.Debug|Any CPU.ActiveCfg = Debug|x86
		{EE06D957-65AF-441C-AB8F-4FD2404DC527}.Debug|Mixed Platforms.ActiveCfg = Debug|x86
		{EE06D957-65AF-441C-AB8F-4FD2404DC527}.Debug|Mixed Platforms.Build.0 = Debug|x86
		{EE06D957-65AF-441C-AB8F-4FD2404DC527}.Debug|Windows Phone.ActiveCfg = Debug|x86
		{EE06D957-65AF-441C-AB8F-4FD2404DC527}.Debug|x86.ActiveCfg = Debug|x86
		{EE06D957-65AF-441C-AB8F-4FD2404DC527}.Debug|x86.Build.0 = Debug|x86
		{EE06D957-65AF-441C-AB8F-4FD2404DC527}.Debug|Xbox 360.ActiveCfg = Debug|x86
		{EE06D957-65AF-441C-AB8F-4FD2404DC527}.Release|Any CPU.ActiveCfg = Release|x86
		{EE06D957-65AF-441C-AB8F-4FD2404DC527}.Release|Mixed Platforms.ActiveCfg = Release|x86
		{EE06D957-65AF-441C-AB8F-4FD2404DC527}.Release|Mixed Platforms.Build.0 = Release|x86
		{EE06D957-65AF-441C-AB8F-4FD2404DC527}.Release|Windows Phone.ActiveCfg = Release|x86
		{EE06D957-65AF-441C-AB8F-4FD2404DC527}.Release|x86.ActiveCfg = Release|x86
		{EE06D957-65AF-441C-AB8F-4FD2404DC527}.Release|x86.Build.0 = Release|x86
		{EE06D957-65AF-441C-AB8F-4FD2404DC527}.Release|Xbox 360.ActiveCfg = Release|x86
		{930CA6EA-5FEF-45C0-8FFF-7BAB912499F0}.Debug|Any CPU.ActiveCfg = Debug|x86
		{930CA6EA-5FEF-45C0-8FFF-7BAB912499F0}.Debug|Mixed Platforms.ActiveCfg = Debug|x86
		{930CA6EA-5FEF-45C0-8FFF-7BAB912499F0}.Debug|Mixed Platforms.Build.0 = Debug|x86
		{930CA6EA-5FEF-45C0-8FFF-7BAB912499F0}.Debug|Windows Phone.ActiveCfg = Debug|x86
		{930CA6EA-5FEF-45C0-8FFF-7BAB912499F0}.Debug|x86.ActiveCfg = Debug|x86
		{930CA6EA-5FEF-45C0-8FFF-7BAB912499F0}.Debug|x86.Build.0 = Debug|x86
		{930CA6EA-5FEF-45C0-8FFF-7BAB912499F0}.Debug|Xbox 360.ActiveCfg = Debug|x86
		{930CA6EA-5FEF-45C0-8FFF-7BAB912499F0}.Release|Any CPU.ActiveCfg = Release|x86
		{930CA6EA-5FEF-45C0-8FFF-7BAB912499F0}.Release|Mixed Platforms.ActiveCfg = Release|x86
		{930CA6EA-5FEF-45C0-8FFF-7BAB912499F0}.Release|Mixed Platforms.Build.0 = Release|x86
		{930CA6EA-5FEF-45C0-8FFF-7BAB912499F0}.Release|Windows Phone.ActiveCfg = Release|x86
		{930CA6EA-5FEF-45C0-8FFF-7BAB912499F0}.Release|x86.ActiveCfg = Release|x86
		{930CA6EA-5FEF-45C0-8FFF-7BAB912499F0}.Release|x86.Build.0 = Release|x86
		{930CA6EA-5FEF-45C0-8FFF-7BAB912499F0}.Release|Xbox 360.ActiveCfg = Release|x86
		{E96B6BFD-EDFF-4623-AFFD-878F221C2435}.Debug|Any CPU.ActiveCfg = Debug|x86
		{E96B6BFD-EDFF-4623-AFFD-878F221C2435}.Debug|Mixed Platforms.ActiveCfg = Debug|x86
		{E96B6BFD-EDFF-4623-AFFD-878F221C2435}.Debug|Windows Phone.ActiveCfg = Debug|x86
		{E96B6BFD-EDFF-4623-AFFD-878F221C2435}.Debug|x86.ActiveCfg = Debug|x86
		{E96B6BFD-EDFF-4623-AFFD-878F221C2435}.Debug|Xbox 360.ActiveCfg = Debug|x86
		{E96B6BFD-EDFF-4623-AFFD-878F221C2435}.Release|Any CPU.ActiveCfg = Release|x86
		{E96B6BFD-EDFF-4623-AFFD-878F221C2435}.Release|Mixed Platforms.ActiveCfg = Release|x86
		{E96B6BFD-EDFF-4623-AFFD-878F221C2435}.Release|Windows Phone.ActiveCfg = Release|x86
		{E96B6BFD-EDFF-4623-AFFD-878F221C2435}.Release|x86.ActiveCfg = Release|x86
		{E96B6BFD-EDFF-4623-AFFD-878F221C2435}.Release|Xbox 360.ActiveCfg = Release|x86
		{329AABA9-1994-434B-A538-B4470FA3E4DB}.Debug|Any CPU.ActiveCfg = Debug|x86
		{329AABA9-1994-434B-A538-B4470FA3E4DB}.Debug|Mixed Platforms.ActiveCfg = Debug|x86
		{329AABA9-1994-434B-A538-B4470FA3E4DB}.Debug|Mixed Platforms.Build.0 = Debug|x86
		{329AABA9-1994-434B-A538-B4470FA3E4DB}.Debug|Windows Phone.ActiveCfg = Debug|x86
		{329AABA9-1994-434B-A538-B4470FA3E4DB}.Debug|x86.ActiveCfg = Debug|x86
		{329AABA9-1994-434B-A538-B4470FA3E4DB}.Debug|x86.Build.0 = Debug|x86
		{329AABA9-1994-434B-A538-B4470FA3E4DB}.Debug|Xbox 360.ActiveCfg = Debug|x86
		{329AABA9-1994-434B-A538-B4470FA3E4DB}.Release|Any CPU.ActiveCfg = Release|x86
		{329AABA9-1994-434B-A538-B4470FA3E4DB}.Release|Mixed Platforms.ActiveCfg = Release|x86
		{329AABA9-1994-434B-A538-B4470FA3E4DB}.Release|Mixed Platforms.Build.0 = Release|x86
		{329AABA9-1994-434B-A538-B4470FA3E4DB}.Release|Windows Phone.ActiveCfg = Release|x86
		{329AABA9-1994-434B-A538-B4470FA3E4DB}.Release|x86.ActiveCfg = Release|x86
		{329AABA9-1994-434B-A538-B4470FA3E4DB}.Release|x86.Build.0 = Release|x86
		{329AABA9-1994-434B-A538-B4470FA3E4DB}.Release|Xbox 360.ActiveCfg = Release|x86
		{EBA57E4B-920D-4B92-99EA-9F012FB68734}.Debug|Any CPU.ActiveCfg = Debug|x86
		{EBA57E4B-920D-4B92-99EA-9F012FB68734}.Debug|Mixed Platforms.ActiveCfg = Debug|x86
		{EBA57E4B-920D-4B92-99EA-9F012FB68734}.Debug|Windows Phone.ActiveCfg = Debug|x86
		{EBA57E4B-920D-4B92-99EA-9F012FB68734}.Debug|x86.ActiveCfg = Debug|x86
		{EBA57E4B-920D-4B92-99EA-9F012FB68734}.Debug|Xbox 360.ActiveCfg = Debug|x86
		{EBA57E4B-920D-4B92-99EA-9F012FB68734}.Release|Any CPU.ActiveCfg = Release|x86
		{EBA57E4B-920D-4B92-99EA-9F012FB68734}.Release|Mixed Platforms.ActiveCfg = Release|x86
		{EBA57E4B-920D-4B92-99EA-9F012FB68734}.Release|Windows Phone.ActiveCfg = Release|x86
		{EBA57E4B-920D-4B92-99EA-9F012FB68734}.Release|x86.ActiveCfg = Release|x86
		{EBA57E4B-920D-4B92-99EA-9F012FB68734}.Release|Xbox 360.ActiveCfg = Release|x86
	EndGlobalSection
	GlobalSection(SolutionProperties) = preSolution
		HideSolutionNode = FALSE
	EndGlobalSection
	GlobalSection(NestedProjects) = preSolution
		{3A6DA88F-FA82-4D78-9AE7-861D277A26A4} = {671A1532-4556-45F9-9BF0-4802330FA87B}
		{D528BE6C-0925-4F53-98F8-61171B1A3B40} = {671A1532-4556-45F9-9BF0-4802330FA87B}
		{21E53400-3F27-4646-8BF7-A956E82B4762} = {671A1532-4556-45F9-9BF0-4802330FA87B}
		{E7DE2B36-C261-4D77-97E6-DE1FE09A4779} = {671A1532-4556-45F9-9BF0-4802330FA87B}
		{49BF7063-E113-4F6A-B09F-23FB632017E8} = {671A1532-4556-45F9-9BF0-4802330FA87B}
		{646E7178-D967-412A-82C1-593F9CF5915C} = {671A1532-4556-45F9-9BF0-4802330FA87B}
		{174E92C2-0344-4C85-A204-B905124E4FAA} = {671A1532-4556-45F9-9BF0-4802330FA87B}
		{4B4425E8-F1E4-4195-BAC7-01733EC81C21} = {671A1532-4556-45F9-9BF0-4802330FA87B}
		{390298D6-9C3A-4DBB-B291-4DCD40850381} = {671A1532-4556-45F9-9BF0-4802330FA87B}
		{E7FA8C6F-E32A-4AEA-8BB4-BE80AC6D524A} = {671A1532-4556-45F9-9BF0-4802330FA87B}
		{DC22C2C0-31C0-4A19-B9B6-C7985B9379B0} = {671A1532-4556-45F9-9BF0-4802330FA87B}
		{6EF51561-559B-437D-97E6-394F1F5051E5} = {671A1532-4556-45F9-9BF0-4802330FA87B}
		{984E8527-106D-4602-ACBB-25C6E5723CB2} = {3E094FC9-F90B-4300-A477-D6243ED4ED21}
		{189FC711-FF6B-4C08-9EEC-BD5F2C08F24F} = {3E094FC9-F90B-4300-A477-D6243ED4ED21}
		{96F2E250-3DC0-4113-9610-0C9DB8168CF2} = {3E094FC9-F90B-4300-A477-D6243ED4ED21}
		{74F4281D-C58A-4F45-B790-B1818BA1ECB7} = {3E094FC9-F90B-4300-A477-D6243ED4ED21}
		{988B67DE-11FF-4A32-89AB-AA95C6AFA171} = {3E094FC9-F90B-4300-A477-D6243ED4ED21}
		{A7003B6E-228F-4DE9-9C0D-C96FABF668C3} = {3E094FC9-F90B-4300-A477-D6243ED4ED21}
		{94C85F35-F0D6-4734-B41F-A2392ACDB34C} = {3E094FC9-F90B-4300-A477-D6243ED4ED21}
		{0D2A134E-A76B-4DBD-A7FF-BFAF4D4AC7F7} = {3E094FC9-F90B-4300-A477-D6243ED4ED21}
		{653EAFD3-08FF-43C4-852E-F29D0756A118} = {3E094FC9-F90B-4300-A477-D6243ED4ED21}
		{22C84562-D457-4A1E-AF76-A0A71601383E} = {3E094FC9-F90B-4300-A477-D6243ED4ED21}
		{41439B38-1185-449A-90A3-50A27C588EDA} = {3E094FC9-F90B-4300-A477-D6243ED4ED21}
		{53643C81-93D4-47A1-96E3-F80544E1D9C2} = {3E094FC9-F90B-4300-A477-D6243ED4ED21}
		{DEFF9F75-6F41-426D-AEB9-DA53D0A8543C} = {3E094FC9-F90B-4300-A477-D6243ED4ED21}
		{F30BD121-5139-4C7F-8F20-BCE9FAF05517} = {3E094FC9-F90B-4300-A477-D6243ED4ED21}
		{23FF67BE-BEE0-4A17-B724-658FE4BD653E} = {3E094FC9-F90B-4300-A477-D6243ED4ED21}
		{E18C5145-CFAE-432A-B555-64AB967C005A} = {3E094FC9-F90B-4300-A477-D6243ED4ED21}
		{B00DD841-21D5-4488-9540-0F8836AE31A8} = {3E094FC9-F90B-4300-A477-D6243ED4ED21}
		{CD64BE3B-EB7B-45D4-AC22-20445A27734F} = {3E094FC9-F90B-4300-A477-D6243ED4ED21}
		{8A0F05B9-F2C6-4849-BA09-F93DEAC808B5} = {3E094FC9-F90B-4300-A477-D6243ED4ED21}
		{2849C423-C03C-4B00-8F5E-7DED7CDA5A07} = {3E094FC9-F90B-4300-A477-D6243ED4ED21}
		{930CA6EA-5FEF-45C0-8FFF-7BAB912499F0} = {3E094FC9-F90B-4300-A477-D6243ED4ED21}
		{E96B6BFD-EDFF-4623-AFFD-878F221C2435} = {3E094FC9-F90B-4300-A477-D6243ED4ED21}
		{329AABA9-1994-434B-A538-B4470FA3E4DB} = {3E094FC9-F90B-4300-A477-D6243ED4ED21}
		{EBA57E4B-920D-4B92-99EA-9F012FB68734} = {3E094FC9-F90B-4300-A477-D6243ED4ED21}
	EndGlobalSection
	GlobalSection(SharpSetup) = preSolution
		Version = 1.2
	EndGlobalSection
EndGlobal
