
Microsoft Visual Studio Solution File, Format Version 11.00
# Visual Studio 2010
Project("{FAE04EC0-301F-11D3-BF4B-00C04F79EFBC}") = "Silverlight3dWeb", "Silverlight3dWeb\Silverlight3dWeb.csproj", "{68B85473-E020-470E-88E8-B5FE157ABCBF}"
EndProject
Project("{FAE04EC0-301F-11D3-BF4B-00C04F79EFBC}") = "Test (Silverlight)", "Test\Test\Test (Silverlight).csproj", "{D3F2F276-CA8A-4372-999D-B6736D1A763B}"
EndProject
Project("{FAE04EC0-301F-11D3-BF4B-00C04F79EFBC}") = "TestContent (Silverlight)", "Test\TestContent\TestContent (Silverlight).contentproj", "{CD35B919-F306-47C9-84A8-B970FE1B2696}"
EndProject
Project("{FAE04EC0-301F-11D3-BF4B-00C04F79EFBC}") = "Tutorial (Silverlight)", "Tutorial\Tutorial\Tutorial (Silverlight).csproj", "{15DBAC4C-119F-4719-948B-4B382522B123}"
EndProject
Project("{FAE04EC0-301F-11D3-BF4B-00C04F79EFBC}") = "TutorialData (Silverlight)", "Tutorial\TutorialData\TutorialData (Silverlight).csproj", "{AC89B7FA-DF44-4855-BF87-F1FDD07DC2BE}"
EndProject
Project("{FAE04EC0-301F-11D3-BF4B-00C04F79EFBC}") = "TutorialContent (Silverlight)", "Tutorial\TutorialContent\TutorialContent (Silverlight).contentproj", "{155BB00D-6EA8-43B6-8A0C-4683B5FD72B2}"
EndProject
Global
	GlobalSection(SolutionConfigurationPlatforms) = preSolution
		Debug|Any CPU = Debug|Any CPU
		Debug|Mixed Platforms = Debug|Mixed Platforms
		Debug|x86 = Debug|x86
		Release|Any CPU = Release|Any CPU
		Release|Mixed Platforms = Release|Mixed Platforms
		Release|x86 = Release|x86
	EndGlobalSection
	GlobalSection(ProjectConfigurationPlatforms) = postSolution
		{68B85473-E020-470E-88E8-B5FE157ABCBF}.Debug|Any CPU.ActiveCfg = Debug|Any CPU
		{68B85473-E020-470E-88E8-B5FE157ABCBF}.Debug|Any CPU.Build.0 = Debug|Any CPU
		{68B85473-E020-470E-88E8-B5FE157ABCBF}.Debug|Mixed Platforms.ActiveCfg = Debug|Any CPU
		{68B85473-E020-470E-88E8-B5FE157ABCBF}.Debug|Mixed Platforms.Build.0 = Debug|Any CPU
		{68B85473-E020-470E-88E8-B5FE157ABCBF}.Debug|x86.ActiveCfg = Debug|Any CPU
		{68B85473-E020-470E-88E8-B5FE157ABCBF}.Release|Any CPU.ActiveCfg = Release|Any CPU
		{68B85473-E020-470E-88E8-B5FE157ABCBF}.Release|Any CPU.Build.0 = Release|Any CPU
		{68B85473-E020-470E-88E8-B5FE157ABCBF}.Release|Mixed Platforms.ActiveCfg = Release|Any CPU
		{68B85473-E020-470E-88E8-B5FE157ABCBF}.Release|Mixed Platforms.Build.0 = Release|Any CPU
		{68B85473-E020-470E-88E8-B5FE157ABCBF}.Release|x86.ActiveCfg = Release|Any CPU
		{D3F2F276-CA8A-4372-999D-B6736D1A763B}.Debug|Any CPU.ActiveCfg = Debug|Any CPU
		{D3F2F276-CA8A-4372-999D-B6736D1A763B}.Debug|Any CPU.Build.0 = Debug|Any CPU
		{D3F2F276-CA8A-4372-999D-B6736D1A763B}.Debug|Mixed Platforms.ActiveCfg = Debug|Any CPU
		{D3F2F276-CA8A-4372-999D-B6736D1A763B}.Debug|Mixed Platforms.Build.0 = Debug|Any CPU
		{D3F2F276-CA8A-4372-999D-B6736D1A763B}.Debug|x86.ActiveCfg = Debug|Any CPU
		{D3F2F276-CA8A-4372-999D-B6736D1A763B}.Release|Any CPU.ActiveCfg = Release|Any CPU
		{D3F2F276-CA8A-4372-999D-B6736D1A763B}.Release|Any CPU.Build.0 = Release|Any CPU
		{D3F2F276-CA8A-4372-999D-B6736D1A763B}.Release|Mixed Platforms.ActiveCfg = Release|Any CPU
		{D3F2F276-CA8A-4372-999D-B6736D1A763B}.Release|Mixed Platforms.Build.0 = Release|Any CPU
		{D3F2F276-CA8A-4372-999D-B6736D1A763B}.Release|x86.ActiveCfg = Release|Any CPU
		{CD35B919-F306-47C9-84A8-B970FE1B2696}.Debug|Any CPU.ActiveCfg = Debug|x86
		{CD35B919-F306-47C9-84A8-B970FE1B2696}.Debug|Mixed Platforms.ActiveCfg = Debug|x86
		{CD35B919-F306-47C9-84A8-B970FE1B2696}.Debug|x86.ActiveCfg = Debug|x86
		{CD35B919-F306-47C9-84A8-B970FE1B2696}.Release|Any CPU.ActiveCfg = Release|x86
		{CD35B919-F306-47C9-84A8-B970FE1B2696}.Release|Mixed Platforms.ActiveCfg = Release|x86
		{CD35B919-F306-47C9-84A8-B970FE1B2696}.Release|x86.ActiveCfg = Release|x86
		{15DBAC4C-119F-4719-948B-4B382522B123}.Debug|Any CPU.ActiveCfg = Debug|Any CPU
		{15DBAC4C-119F-4719-948B-4B382522B123}.Debug|Any CPU.Build.0 = Debug|Any CPU
		{15DBAC4C-119F-4719-948B-4B382522B123}.Debug|Mixed Platforms.ActiveCfg = Debug|Any CPU
		{15DBAC4C-119F-4719-948B-4B382522B123}.Debug|Mixed Platforms.Build.0 = Debug|Any CPU
		{15DBAC4C-119F-4719-948B-4B382522B123}.Debug|x86.ActiveCfg = Debug|Any CPU
		{15DBAC4C-119F-4719-948B-4B382522B123}.Release|Any CPU.ActiveCfg = Release|Any CPU
		{15DBAC4C-119F-4719-948B-4B382522B123}.Release|Any CPU.Build.0 = Release|Any CPU
		{15DBAC4C-119F-4719-948B-4B382522B123}.Release|Mixed Platforms.ActiveCfg = Release|Any CPU
		{15DBAC4C-119F-4719-948B-4B382522B123}.Release|Mixed Platforms.Build.0 = Release|Any CPU
		{15DBAC4C-119F-4719-948B-4B382522B123}.Release|x86.ActiveCfg = Release|Any CPU
		{AC89B7FA-DF44-4855-BF87-F1FDD07DC2BE}.Debug|Any CPU.ActiveCfg = Debug|Any CPU
		{AC89B7FA-DF44-4855-BF87-F1FDD07DC2BE}.Debug|Any CPU.Build.0 = Debug|Any CPU
		{AC89B7FA-DF44-4855-BF87-F1FDD07DC2BE}.Debug|Mixed Platforms.ActiveCfg = Debug|Any CPU
		{AC89B7FA-DF44-4855-BF87-F1FDD07DC2BE}.Debug|Mixed Platforms.Build.0 = Debug|Any CPU
		{AC89B7FA-DF44-4855-BF87-F1FDD07DC2BE}.Debug|x86.ActiveCfg = Debug|Any CPU
		{AC89B7FA-DF44-4855-BF87-F1FDD07DC2BE}.Release|Any CPU.ActiveCfg = Release|Any CPU
		{AC89B7FA-DF44-4855-BF87-F1FDD07DC2BE}.Release|Any CPU.Build.0 = Release|Any CPU
		{AC89B7FA-DF44-4855-BF87-F1FDD07DC2BE}.Release|Mixed Platforms.ActiveCfg = Release|Any CPU
		{AC89B7FA-DF44-4855-BF87-F1FDD07DC2BE}.Release|Mixed Platforms.Build.0 = Release|Any CPU
		{AC89B7FA-DF44-4855-BF87-F1FDD07DC2BE}.Release|x86.ActiveCfg = Release|Any CPU
		{155BB00D-6EA8-43B6-8A0C-4683B5FD72B2}.Debug|Any CPU.ActiveCfg = Debug|x86
		{155BB00D-6EA8-43B6-8A0C-4683B5FD72B2}.Debug|Mixed Platforms.ActiveCfg = Debug|x86
		{155BB00D-6EA8-43B6-8A0C-4683B5FD72B2}.Debug|x86.ActiveCfg = Debug|x86
		{155BB00D-6EA8-43B6-8A0C-4683B5FD72B2}.Release|Any CPU.ActiveCfg = Release|x86
		{155BB00D-6EA8-43B6-8A0C-4683B5FD72B2}.Release|Mixed Platforms.ActiveCfg = Release|x86
		{155BB00D-6EA8-43B6-8A0C-4683B5FD72B2}.Release|x86.ActiveCfg = Release|x86
	EndGlobalSection
	GlobalSection(SolutionProperties) = preSolution
		HideSolutionNode = FALSE
	EndGlobalSection
	GlobalSection(SharpSetup) = preSolution
		Version = 1.2
	EndGlobalSection
EndGlobal
