
Microsoft Visual Studio Solution File, Format Version 11.00
# Visual Studio 2010
Project("{FAE04EC0-301F-11D3-BF4B-00C04F79EFBC}") = "DebuggerPrimitivesContent", "DebuggerPrimitives\DebuggerPrimitivesContent\DebuggerPrimitivesContent.contentproj", "{3A6DA88F-FA82-4D78-9AE7-861D277A26A4}"
EndProject
Project("{FAE04EC0-301F-11D3-BF4B-00C04F79EFBC}") = "ScreenEffectsContent", "ScreenEffects\ScreenEffectsContent\ScreenEffectsContent.contentproj", "{21E53400-3F27-4646-8BF7-A956E82B4762}"
EndProject
Project("{FAE04EC0-301F-11D3-BF4B-00C04F79EFBC}") = "TerrainContent", "Terrain\TerrainContent\TerrainContent.contentproj", "{984E8527-106D-4602-ACBB-25C6E5723CB2}"
EndProject
Project("{FAE04EC0-301F-11D3-BF4B-00C04F79EFBC}") = "SkinnedModelContent", "SkinnedModel\SkinnedModelContent\SkinnedModelContent.contentproj", "{49BF7063-E113-4F6A-B09F-23FB632017E8}"
EndProject
Project("{FAE04EC0-301F-11D3-BF4B-00C04F79EFBC}") = "ShadowMappingContent", "ShadowMapping\ShadowMappingContent\ShadowMappingContent.contentproj", "{96F2E250-3DC0-4113-9610-0C9DB8168CF2}"
EndProject
Project("{FAE04EC0-301F-11D3-BF4B-00C04F79EFBC}") = "TransitionsContent", "Transitions\TransitionsContent\TransitionsContent.contentproj", "{174E92C2-0344-4C85-A204-B905124E4FAA}"
EndProject
Project("{FAE04EC0-301F-11D3-BF4B-00C04F79EFBC}") = "SpriteAnimationContent", "SpriteAnimation\SpriteAnimationContent\SpriteAnimationContent.contentproj", "{988B67DE-11FF-4A32-89AB-AA95C6AFA171}"
EndProject
Project("{FAE04EC0-301F-11D3-BF4B-00C04F79EFBC}") = "ParticleSystemContent", "ParticleSystem\ParticleSystemContent\ParticleSystemContent.contentproj", "{390298D6-9C3A-4DBB-B291-4DCD40850381}"
EndProject
Project("{FAE04EC0-301F-11D3-BF4B-00C04F79EFBC}") = "DebuggerPrimitives (Xbox)", "DebuggerPrimitives\DebuggerPrimitives\DebuggerPrimitives (Xbox).csproj", "{AC059DC9-CBB2-4298-8E2C-CB3ACF6D2711}"
EndProject
Project("{FAE04EC0-301F-11D3-BF4B-00C04F79EFBC}") = "ParticleSystem (Xbox)", "ParticleSystem\ParticleSystem\ParticleSystem (Xbox).csproj", "{65948028-08CB-45C6-8EF4-86902C56A919}"
EndProject
Project("{FAE04EC0-301F-11D3-BF4B-00C04F79EFBC}") = "ScreenEffects (Xbox)", "ScreenEffects\ScreenEffects\ScreenEffects (Xbox).csproj", "{82DAD23E-AA92-4597-B75C-1DFAD6DF341E}"
EndProject
Project("{FAE04EC0-301F-11D3-BF4B-00C04F79EFBC}") = "ShadowMapping (Xbox)", "ShadowMapping\ShadowMapping\ShadowMapping (Xbox).csproj", "{8E5CBD0A-BED9-4479-BF14-E33EDDCADAEE}"
EndProject
Project("{FAE04EC0-301F-11D3-BF4B-00C04F79EFBC}") = "SkinnedModel (Xbox)", "SkinnedModel\SkinnedModel\SkinnedModel (Xbox).csproj", "{D70AE8CA-0D9D-4829-BC4B-FEA527C93988}"
EndProject
Project("{FAE04EC0-301F-11D3-BF4B-00C04F79EFBC}") = "SpriteAnimation (Xbox)", "SpriteAnimation\SpriteAnimation\SpriteAnimation (Xbox).csproj", "{53E607FE-FE68-4C3F-8699-8F67725C621A}"
EndProject
Project("{FAE04EC0-301F-11D3-BF4B-00C04F79EFBC}") = "Terrain (Xbox)", "Terrain\Terrain\Terrain (Xbox).csproj", "{4A41DE85-C6F6-4FBA-8EF1-84A620E4C351}"
EndProject
Project("{FAE04EC0-301F-11D3-BF4B-00C04F79EFBC}") = "Transitions (Xbox)", "Transitions\Transitions\Transitions (Xbox).csproj", "{88F30571-313F-444F-8FFB-DD404E9F2E41}"
EndProject
Project("{FAE04EC0-301F-11D3-BF4B-00C04F79EFBC}") = "MaterialsContent", "Materials\MaterialsContent\MaterialsContent.contentproj", "{94C85F35-F0D6-4734-B41F-A2392ACDB34C}"
EndProject
Project("{FAE04EC0-301F-11D3-BF4B-00C04F79EFBC}") = "Materials (Xbox)", "Materials\Materials\Materials (Xbox).csproj", "{A213DF6C-E6BB-42A4-87D9-48651D39B352}"
EndProject
Project("{FAE04EC0-301F-11D3-BF4B-00C04F79EFBC}") = "DeferredLighting (Xbox)", "DeferredLighting\DeferredLighting\DeferredLighting (Xbox).csproj", "{9F127490-8B8F-4C25-B37F-FA6DCC0F736C}"
EndProject
Project("{FAE04EC0-301F-11D3-BF4B-00C04F79EFBC}") = "DeferredLightingContent", "DeferredLighting\DeferredLightingContent\DeferredLightingContent.contentproj", "{653EAFD3-08FF-43C4-852E-F29D0756A118}"
EndProject
Project("{FAE04EC0-301F-11D3-BF4B-00C04F79EFBC}") = "AvatarAnimation", "AvatarAnimation\AvatarAnimation\AvatarAnimation.csproj", "{FD05ACBA-2292-46B4-8ED7-D1B7270723EE}"
EndProject
Project("{FAE04EC0-301F-11D3-BF4B-00C04F79EFBC}") = "AvatarAnimationContent", "AvatarAnimation\AvatarAnimationContent\AvatarAnimationContent.contentproj", "{9209B0AD-FCE0-426E-BF44-AB1FDE89F4C8}"
EndProject
Project("{FAE04EC0-301F-11D3-BF4B-00C04F79EFBC}") = "MultiPassLighting (Xbox)", "MultiPassLighting\MultiPassLighting\MultiPassLighting (Xbox).csproj", "{11737BA3-1159-472F-93D0-1ED72786F412}"
EndProject
Project("{FAE04EC0-301F-11D3-BF4B-00C04F79EFBC}") = "MultiPassLightingContent", "MultiPassLighting\MultiPassLightingContent\MultiPassLightingContent.contentproj", "{41439B38-1185-449A-90A3-50A27C588EDA}"
EndProject
Project("{FAE04EC0-301F-11D3-BF4B-00C04F79EFBC}") = "CustomEffects (Xbox)", "CustomEffects\CustomEffects\CustomEffects (Xbox).csproj", "{C11A1013-143B-4460-B9FE-E8C49D6520ED}"
EndProject
Project("{FAE04EC0-301F-11D3-BF4B-00C04F79EFBC}") = "CustomEffectsContent", "CustomEffects\CustomEffectsContent\CustomEffectsContent.contentproj", "{DC22C2C0-31C0-4A19-B9B6-C7985B9379B0}"
EndProject
Project("{FAE04EC0-301F-11D3-BF4B-00C04F79EFBC}") = "FlockingBehaviors (Xbox)", "FlockingBehaviors\FlockingBehaviors\FlockingBehaviors (Xbox).csproj", "{70FDA5C5-4B6F-48DA-9C21-5D06BE724426}"
EndProject
Project("{FAE04EC0-301F-11D3-BF4B-00C04F79EFBC}") = "FlockingBehaviorsContent", "FlockingBehaviors\FlockingBehaviorsContent\FlockingBehaviorsContent.contentproj", "{DEFF9F75-6F41-426D-AEB9-DA53D0A8543C}"
EndProject
Project("{FAE04EC0-301F-11D3-BF4B-00C04F79EFBC}") = "PathFinding (Xbox)", "PathFinding\PathFinding\PathFinding (Xbox).csproj", "{103389E2-8F99-4CE6-85FF-BB74373D3ED4}"
EndProject
Project("{FAE04EC0-301F-11D3-BF4B-00C04F79EFBC}") = "PathFindingContent", "PathFinding\PathFindingContent\PathFindingContent.contentproj", "{B00DD841-21D5-4488-9540-0F8836AE31A8}"
EndProject
Project("{2150E333-8FDC-42A3-9474-1A3956D46DE8}") = "Samples", "Samples", "{AB7638CF-9D33-48C4-8EE4-0EAF84676227}"
EndProject
Project("{2150E333-8FDC-42A3-9474-1A3956D46DE8}") = "Test", "Test", "{1CAD9A1A-3AB8-4FC5-82CC-136B3FE8F66E}"
EndProject
Project("{FAE04EC0-301F-11D3-BF4B-00C04F79EFBC}") = "Tutorial (Xbox)", "Tutorial\Tutorial\Tutorial (Xbox).csproj", "{40193878-4ABF-473F-A8E0-F356B7892998}"
EndProject
Project("{FAE04EC0-301F-11D3-BF4B-00C04F79EFBC}") = "TutorialContent", "Tutorial\TutorialContent\TutorialContent.contentproj", "{155BB00D-6EA8-43B6-8A0C-4683B5FD72B2}"
EndProject
Global
	GlobalSection(SolutionConfigurationPlatforms) = preSolution
		Debug|Any CPU = Debug|Any CPU
		Debug|Mixed Platforms = Debug|Mixed Platforms
		Debug|Windows Phone = Debug|Windows Phone
		Debug|x86 = Debug|x86
		Debug|Xbox 360 = Debug|Xbox 360
		Release|Any CPU = Release|Any CPU
		Release|Mixed Platforms = Release|Mixed Platforms
		Release|Windows Phone = Release|Windows Phone
		Release|x86 = Release|x86
		Release|Xbox 360 = Release|Xbox 360
	EndGlobalSection
	GlobalSection(ProjectConfigurationPlatforms) = postSolution
		{3A6DA88F-FA82-4D78-9AE7-861D277A26A4}.Debug|Any CPU.ActiveCfg = Debug|Any CPU
		{3A6DA88F-FA82-4D78-9AE7-861D277A26A4}.Debug|Mixed Platforms.ActiveCfg = Debug|Any CPU
		{3A6DA88F-FA82-4D78-9AE7-861D277A26A4}.Debug|Windows Phone.ActiveCfg = Debug|Any CPU
		{3A6DA88F-FA82-4D78-9AE7-861D277A26A4}.Debug|x86.ActiveCfg = Debug|Any CPU
		{3A6DA88F-FA82-4D78-9AE7-861D277A26A4}.Debug|Xbox 360.ActiveCfg = Debug|Any CPU
		{3A6DA88F-FA82-4D78-9AE7-861D277A26A4}.Release|Any CPU.ActiveCfg = Debug|Any CPU
		{3A6DA88F-FA82-4D78-9AE7-861D277A26A4}.Release|Mixed Platforms.ActiveCfg = Debug|Any CPU
		{3A6DA88F-FA82-4D78-9AE7-861D277A26A4}.Release|Windows Phone.ActiveCfg = Debug|Any CPU
		{3A6DA88F-FA82-4D78-9AE7-861D277A26A4}.Release|x86.ActiveCfg = Debug|Any CPU
		{3A6DA88F-FA82-4D78-9AE7-861D277A26A4}.Release|Xbox 360.ActiveCfg = Debug|Any CPU
		{21E53400-3F27-4646-8BF7-A956E82B4762}.Debug|Any CPU.ActiveCfg = Debug|Any CPU
		{21E53400-3F27-4646-8BF7-A956E82B4762}.Debug|Mixed Platforms.ActiveCfg = Debug|Any CPU
		{21E53400-3F27-4646-8BF7-A956E82B4762}.Debug|Windows Phone.ActiveCfg = Debug|Any CPU
		{21E53400-3F27-4646-8BF7-A956E82B4762}.Debug|x86.ActiveCfg = Debug|Any CPU
		{21E53400-3F27-4646-8BF7-A956E82B4762}.Debug|Xbox 360.ActiveCfg = Debug|Any CPU
		{21E53400-3F27-4646-8BF7-A956E82B4762}.Release|Any CPU.ActiveCfg = Debug|Any CPU
		{21E53400-3F27-4646-8BF7-A956E82B4762}.Release|Mixed Platforms.ActiveCfg = Debug|Any CPU
		{21E53400-3F27-4646-8BF7-A956E82B4762}.Release|Windows Phone.ActiveCfg = Debug|Any CPU
		{21E53400-3F27-4646-8BF7-A956E82B4762}.Release|x86.ActiveCfg = Debug|Any CPU
		{21E53400-3F27-4646-8BF7-A956E82B4762}.Release|Xbox 360.ActiveCfg = Debug|Any CPU
		{984E8527-106D-4602-ACBB-25C6E5723CB2}.Debug|Any CPU.ActiveCfg = Debug|Any CPU
		{984E8527-106D-4602-ACBB-25C6E5723CB2}.Debug|Mixed Platforms.ActiveCfg = Debug|Any CPU
		{984E8527-106D-4602-ACBB-25C6E5723CB2}.Debug|Windows Phone.ActiveCfg = Debug|Any CPU
		{984E8527-106D-4602-ACBB-25C6E5723CB2}.Debug|x86.ActiveCfg = Debug|Any CPU
		{984E8527-106D-4602-ACBB-25C6E5723CB2}.Debug|Xbox 360.ActiveCfg = Debug|Any CPU
		{984E8527-106D-4602-ACBB-25C6E5723CB2}.Release|Any CPU.ActiveCfg = Debug|Any CPU
		{984E8527-106D-4602-ACBB-25C6E5723CB2}.Release|Mixed Platforms.ActiveCfg = Debug|Any CPU
		{984E8527-106D-4602-ACBB-25C6E5723CB2}.Release|Windows Phone.ActiveCfg = Debug|Any CPU
		{984E8527-106D-4602-ACBB-25C6E5723CB2}.Release|x86.ActiveCfg = Debug|Any CPU
		{984E8527-106D-4602-ACBB-25C6E5723CB2}.Release|Xbox 360.ActiveCfg = Debug|Any CPU
		{49BF7063-E113-4F6A-B09F-23FB632017E8}.Debug|Any CPU.ActiveCfg = Debug|Any CPU
		{49BF7063-E113-4F6A-B09F-23FB632017E8}.Debug|Mixed Platforms.ActiveCfg = Debug|Any CPU
		{49BF7063-E113-4F6A-B09F-23FB632017E8}.Debug|Windows Phone.ActiveCfg = Debug|Any CPU
		{49BF7063-E113-4F6A-B09F-23FB632017E8}.Debug|x86.ActiveCfg = Debug|Any CPU
		{49BF7063-E113-4F6A-B09F-23FB632017E8}.Debug|Xbox 360.ActiveCfg = Debug|Any CPU
		{49BF7063-E113-4F6A-B09F-23FB632017E8}.Release|Any CPU.ActiveCfg = Debug|Any CPU
		{49BF7063-E113-4F6A-B09F-23FB632017E8}.Release|Mixed Platforms.ActiveCfg = Debug|Any CPU
		{49BF7063-E113-4F6A-B09F-23FB632017E8}.Release|Windows Phone.ActiveCfg = Debug|Any CPU
		{49BF7063-E113-4F6A-B09F-23FB632017E8}.Release|x86.ActiveCfg = Debug|Any CPU
		{49BF7063-E113-4F6A-B09F-23FB632017E8}.Release|Xbox 360.ActiveCfg = Debug|Any CPU
		{96F2E250-3DC0-4113-9610-0C9DB8168CF2}.Debug|Any CPU.ActiveCfg = Debug|Any CPU
		{96F2E250-3DC0-4113-9610-0C9DB8168CF2}.Debug|Mixed Platforms.ActiveCfg = Debug|Any CPU
		{96F2E250-3DC0-4113-9610-0C9DB8168CF2}.Debug|Windows Phone.ActiveCfg = Debug|Any CPU
		{96F2E250-3DC0-4113-9610-0C9DB8168CF2}.Debug|x86.ActiveCfg = Debug|Any CPU
		{96F2E250-3DC0-4113-9610-0C9DB8168CF2}.Debug|Xbox 360.ActiveCfg = Debug|Any CPU
		{96F2E250-3DC0-4113-9610-0C9DB8168CF2}.Release|Any CPU.ActiveCfg = Debug|Any CPU
		{96F2E250-3DC0-4113-9610-0C9DB8168CF2}.Release|Mixed Platforms.ActiveCfg = Debug|Any CPU
		{96F2E250-3DC0-4113-9610-0C9DB8168CF2}.Release|Windows Phone.ActiveCfg = Debug|Any CPU
		{96F2E250-3DC0-4113-9610-0C9DB8168CF2}.Release|x86.ActiveCfg = Debug|Any CPU
		{96F2E250-3DC0-4113-9610-0C9DB8168CF2}.Release|Xbox 360.ActiveCfg = Debug|Any CPU
		{174E92C2-0344-4C85-A204-B905124E4FAA}.Debug|Any CPU.ActiveCfg = Debug|Any CPU
		{174E92C2-0344-4C85-A204-B905124E4FAA}.Debug|Mixed Platforms.ActiveCfg = Debug|Any CPU
		{174E92C2-0344-4C85-A204-B905124E4FAA}.Debug|Windows Phone.ActiveCfg = Debug|Any CPU
		{174E92C2-0344-4C85-A204-B905124E4FAA}.Debug|x86.ActiveCfg = Debug|Any CPU
		{174E92C2-0344-4C85-A204-B905124E4FAA}.Debug|Xbox 360.ActiveCfg = Debug|Any CPU
		{174E92C2-0344-4C85-A204-B905124E4FAA}.Release|Any CPU.ActiveCfg = Debug|Any CPU
		{174E92C2-0344-4C85-A204-B905124E4FAA}.Release|Mixed Platforms.ActiveCfg = Debug|Any CPU
		{174E92C2-0344-4C85-A204-B905124E4FAA}.Release|Windows Phone.ActiveCfg = Debug|Any CPU
		{174E92C2-0344-4C85-A204-B905124E4FAA}.Release|x86.ActiveCfg = Debug|Any CPU
		{174E92C2-0344-4C85-A204-B905124E4FAA}.Release|Xbox 360.ActiveCfg = Debug|Any CPU
		{988B67DE-11FF-4A32-89AB-AA95C6AFA171}.Debug|Any CPU.ActiveCfg = Debug|Any CPU
		{988B67DE-11FF-4A32-89AB-AA95C6AFA171}.Debug|Mixed Platforms.ActiveCfg = Debug|Any CPU
		{988B67DE-11FF-4A32-89AB-AA95C6AFA171}.Debug|Windows Phone.ActiveCfg = Debug|Any CPU
		{988B67DE-11FF-4A32-89AB-AA95C6AFA171}.Debug|x86.ActiveCfg = Debug|Any CPU
		{988B67DE-11FF-4A32-89AB-AA95C6AFA171}.Debug|Xbox 360.ActiveCfg = Debug|Any CPU
		{988B67DE-11FF-4A32-89AB-AA95C6AFA171}.Release|Any CPU.ActiveCfg = Debug|Any CPU
		{988B67DE-11FF-4A32-89AB-AA95C6AFA171}.Release|Mixed Platforms.ActiveCfg = Debug|Any CPU
		{988B67DE-11FF-4A32-89AB-AA95C6AFA171}.Release|Windows Phone.ActiveCfg = Debug|Any CPU
		{988B67DE-11FF-4A32-89AB-AA95C6AFA171}.Release|x86.ActiveCfg = Debug|Any CPU
		{988B67DE-11FF-4A32-89AB-AA95C6AFA171}.Release|Xbox 360.ActiveCfg = Debug|Any CPU
		{390298D6-9C3A-4DBB-B291-4DCD40850381}.Debug|Any CPU.ActiveCfg = Debug|Any CPU
		{390298D6-9C3A-4DBB-B291-4DCD40850381}.Debug|Mixed Platforms.ActiveCfg = Debug|Any CPU
		{390298D6-9C3A-4DBB-B291-4DCD40850381}.Debug|Windows Phone.ActiveCfg = Debug|Any CPU
		{390298D6-9C3A-4DBB-B291-4DCD40850381}.Debug|x86.ActiveCfg = Debug|Any CPU
		{390298D6-9C3A-4DBB-B291-4DCD40850381}.Debug|Xbox 360.ActiveCfg = Debug|Any CPU
		{390298D6-9C3A-4DBB-B291-4DCD40850381}.Release|Any CPU.ActiveCfg = Debug|Any CPU
		{390298D6-9C3A-4DBB-B291-4DCD40850381}.Release|Mixed Platforms.ActiveCfg = Debug|Any CPU
		{390298D6-9C3A-4DBB-B291-4DCD40850381}.Release|Windows Phone.ActiveCfg = Debug|Any CPU
		{390298D6-9C3A-4DBB-B291-4DCD40850381}.Release|x86.ActiveCfg = Debug|Any CPU
		{390298D6-9C3A-4DBB-B291-4DCD40850381}.Release|Xbox 360.ActiveCfg = Debug|Any CPU
		{AC059DC9-CBB2-4298-8E2C-CB3ACF6D2711}.Debug|Any CPU.ActiveCfg = Debug|Xbox 360
		{AC059DC9-CBB2-4298-8E2C-CB3ACF6D2711}.Debug|Mixed Platforms.ActiveCfg = Debug|Xbox 360
		{AC059DC9-CBB2-4298-8E2C-CB3ACF6D2711}.Debug|Mixed Platforms.Build.0 = Debug|Xbox 360
		{AC059DC9-CBB2-4298-8E2C-CB3ACF6D2711}.Debug|Mixed Platforms.Deploy.0 = Debug|Xbox 360
		{AC059DC9-CBB2-4298-8E2C-CB3ACF6D2711}.Debug|Windows Phone.ActiveCfg = Debug|Xbox 360
		{AC059DC9-CBB2-4298-8E2C-CB3ACF6D2711}.Debug|x86.ActiveCfg = Debug|Xbox 360
		{AC059DC9-CBB2-4298-8E2C-CB3ACF6D2711}.Debug|Xbox 360.ActiveCfg = Debug|Xbox 360
		{AC059DC9-CBB2-4298-8E2C-CB3ACF6D2711}.Debug|Xbox 360.Build.0 = Debug|Xbox 360
		{AC059DC9-CBB2-4298-8E2C-CB3ACF6D2711}.Debug|Xbox 360.Deploy.0 = Debug|Xbox 360
		{AC059DC9-CBB2-4298-8E2C-CB3ACF6D2711}.Release|Any CPU.ActiveCfg = Release|Xbox 360
		{AC059DC9-CBB2-4298-8E2C-CB3ACF6D2711}.Release|Mixed Platforms.ActiveCfg = Release|Xbox 360
		{AC059DC9-CBB2-4298-8E2C-CB3ACF6D2711}.Release|Mixed Platforms.Build.0 = Release|Xbox 360
		{AC059DC9-CBB2-4298-8E2C-CB3ACF6D2711}.Release|Mixed Platforms.Deploy.0 = Release|Xbox 360
		{AC059DC9-CBB2-4298-8E2C-CB3ACF6D2711}.Release|Windows Phone.ActiveCfg = Release|Xbox 360
		{AC059DC9-CBB2-4298-8E2C-CB3ACF6D2711}.Release|x86.ActiveCfg = Release|Xbox 360
		{AC059DC9-CBB2-4298-8E2C-CB3ACF6D2711}.Release|Xbox 360.ActiveCfg = Release|Xbox 360
		{AC059DC9-CBB2-4298-8E2C-CB3ACF6D2711}.Release|Xbox 360.Build.0 = Release|Xbox 360
		{AC059DC9-CBB2-4298-8E2C-CB3ACF6D2711}.Release|Xbox 360.Deploy.0 = Release|Xbox 360
		{65948028-08CB-45C6-8EF4-86902C56A919}.Debug|Any CPU.ActiveCfg = Debug|Xbox 360
		{65948028-08CB-45C6-8EF4-86902C56A919}.Debug|Mixed Platforms.ActiveCfg = Debug|Xbox 360
		{65948028-08CB-45C6-8EF4-86902C56A919}.Debug|Mixed Platforms.Build.0 = Debug|Xbox 360
		{65948028-08CB-45C6-8EF4-86902C56A919}.Debug|Mixed Platforms.Deploy.0 = Debug|Xbox 360
		{65948028-08CB-45C6-8EF4-86902C56A919}.Debug|Windows Phone.ActiveCfg = Debug|Xbox 360
		{65948028-08CB-45C6-8EF4-86902C56A919}.Debug|x86.ActiveCfg = Debug|Xbox 360
		{65948028-08CB-45C6-8EF4-86902C56A919}.Debug|Xbox 360.ActiveCfg = Debug|Xbox 360
		{65948028-08CB-45C6-8EF4-86902C56A919}.Debug|Xbox 360.Build.0 = Debug|Xbox 360
		{65948028-08CB-45C6-8EF4-86902C56A919}.Debug|Xbox 360.Deploy.0 = Debug|Xbox 360
		{65948028-08CB-45C6-8EF4-86902C56A919}.Release|Any CPU.ActiveCfg = Release|Xbox 360
		{65948028-08CB-45C6-8EF4-86902C56A919}.Release|Mixed Platforms.ActiveCfg = Release|Xbox 360
		{65948028-08CB-45C6-8EF4-86902C56A919}.Release|Mixed Platforms.Build.0 = Release|Xbox 360
		{65948028-08CB-45C6-8EF4-86902C56A919}.Release|Mixed Platforms.Deploy.0 = Release|Xbox 360
		{65948028-08CB-45C6-8EF4-86902C56A919}.Release|Windows Phone.ActiveCfg = Release|Xbox 360
		{65948028-08CB-45C6-8EF4-86902C56A919}.Release|x86.ActiveCfg = Release|Xbox 360
		{65948028-08CB-45C6-8EF4-86902C56A919}.Release|Xbox 360.ActiveCfg = Release|Xbox 360
		{65948028-08CB-45C6-8EF4-86902C56A919}.Release|Xbox 360.Build.0 = Release|Xbox 360
		{65948028-08CB-45C6-8EF4-86902C56A919}.Release|Xbox 360.Deploy.0 = Release|Xbox 360
		{82DAD23E-AA92-4597-B75C-1DFAD6DF341E}.Debug|Any CPU.ActiveCfg = Debug|Xbox 360
		{82DAD23E-AA92-4597-B75C-1DFAD6DF341E}.Debug|Mixed Platforms.ActiveCfg = Debug|Xbox 360
		{82DAD23E-AA92-4597-B75C-1DFAD6DF341E}.Debug|Mixed Platforms.Build.0 = Debug|Xbox 360
		{82DAD23E-AA92-4597-B75C-1DFAD6DF341E}.Debug|Mixed Platforms.Deploy.0 = Debug|Xbox 360
		{82DAD23E-AA92-4597-B75C-1DFAD6DF341E}.Debug|Windows Phone.ActiveCfg = Debug|Xbox 360
		{82DAD23E-AA92-4597-B75C-1DFAD6DF341E}.Debug|x86.ActiveCfg = Debug|Xbox 360
		{82DAD23E-AA92-4597-B75C-1DFAD6DF341E}.Debug|Xbox 360.ActiveCfg = Debug|Xbox 360
		{82DAD23E-AA92-4597-B75C-1DFAD6DF341E}.Debug|Xbox 360.Build.0 = Debug|Xbox 360
		{82DAD23E-AA92-4597-B75C-1DFAD6DF341E}.Debug|Xbox 360.Deploy.0 = Debug|Xbox 360
		{82DAD23E-AA92-4597-B75C-1DFAD6DF341E}.Release|Any CPU.ActiveCfg = Release|Xbox 360
		{82DAD23E-AA92-4597-B75C-1DFAD6DF341E}.Release|Mixed Platforms.ActiveCfg = Release|Xbox 360
		{82DAD23E-AA92-4597-B75C-1DFAD6DF341E}.Release|Mixed Platforms.Build.0 = Release|Xbox 360
		{82DAD23E-AA92-4597-B75C-1DFAD6DF341E}.Release|Mixed Platforms.Deploy.0 = Release|Xbox 360
		{82DAD23E-AA92-4597-B75C-1DFAD6DF341E}.Release|Windows Phone.ActiveCfg = Release|Xbox 360
		{82DAD23E-AA92-4597-B75C-1DFAD6DF341E}.Release|x86.ActiveCfg = Release|Xbox 360
		{82DAD23E-AA92-4597-B75C-1DFAD6DF341E}.Release|Xbox 360.ActiveCfg = Release|Xbox 360
		{82DAD23E-AA92-4597-B75C-1DFAD6DF341E}.Release|Xbox 360.Build.0 = Release|Xbox 360
		{82DAD23E-AA92-4597-B75C-1DFAD6DF341E}.Release|Xbox 360.Deploy.0 = Release|Xbox 360
		{8E5CBD0A-BED9-4479-BF14-E33EDDCADAEE}.Debug|Any CPU.ActiveCfg = Debug|Xbox 360
		{8E5CBD0A-BED9-4479-BF14-E33EDDCADAEE}.Debug|Mixed Platforms.ActiveCfg = Debug|Xbox 360
		{8E5CBD0A-BED9-4479-BF14-E33EDDCADAEE}.Debug|Mixed Platforms.Build.0 = Debug|Xbox 360
		{8E5CBD0A-BED9-4479-BF14-E33EDDCADAEE}.Debug|Mixed Platforms.Deploy.0 = Debug|Xbox 360
		{8E5CBD0A-BED9-4479-BF14-E33EDDCADAEE}.Debug|Windows Phone.ActiveCfg = Debug|Xbox 360
		{8E5CBD0A-BED9-4479-BF14-E33EDDCADAEE}.Debug|x86.ActiveCfg = Debug|Xbox 360
		{8E5CBD0A-BED9-4479-BF14-E33EDDCADAEE}.Debug|Xbox 360.ActiveCfg = Debug|Xbox 360
		{8E5CBD0A-BED9-4479-BF14-E33EDDCADAEE}.Debug|Xbox 360.Build.0 = Debug|Xbox 360
		{8E5CBD0A-BED9-4479-BF14-E33EDDCADAEE}.Debug|Xbox 360.Deploy.0 = Debug|Xbox 360
		{8E5CBD0A-BED9-4479-BF14-E33EDDCADAEE}.Release|Any CPU.ActiveCfg = Release|Xbox 360
		{8E5CBD0A-BED9-4479-BF14-E33EDDCADAEE}.Release|Mixed Platforms.ActiveCfg = Release|Xbox 360
		{8E5CBD0A-BED9-4479-BF14-E33EDDCADAEE}.Release|Mixed Platforms.Build.0 = Release|Xbox 360
		{8E5CBD0A-BED9-4479-BF14-E33EDDCADAEE}.Release|Mixed Platforms.Deploy.0 = Release|Xbox 360
		{8E5CBD0A-BED9-4479-BF14-E33EDDCADAEE}.Release|Windows Phone.ActiveCfg = Release|Xbox 360
		{8E5CBD0A-BED9-4479-BF14-E33EDDCADAEE}.Release|x86.ActiveCfg = Release|Xbox 360
		{8E5CBD0A-BED9-4479-BF14-E33EDDCADAEE}.Release|Xbox 360.ActiveCfg = Release|Xbox 360
		{8E5CBD0A-BED9-4479-BF14-E33EDDCADAEE}.Release|Xbox 360.Build.0 = Release|Xbox 360
		{8E5CBD0A-BED9-4479-BF14-E33EDDCADAEE}.Release|Xbox 360.Deploy.0 = Release|Xbox 360
		{D70AE8CA-0D9D-4829-BC4B-FEA527C93988}.Debug|Any CPU.ActiveCfg = Debug|Xbox 360
		{D70AE8CA-0D9D-4829-BC4B-FEA527C93988}.Debug|Mixed Platforms.ActiveCfg = Debug|Xbox 360
		{D70AE8CA-0D9D-4829-BC4B-FEA527C93988}.Debug|Mixed Platforms.Build.0 = Debug|Xbox 360
		{D70AE8CA-0D9D-4829-BC4B-FEA527C93988}.Debug|Mixed Platforms.Deploy.0 = Debug|Xbox 360
		{D70AE8CA-0D9D-4829-BC4B-FEA527C93988}.Debug|Windows Phone.ActiveCfg = Debug|Xbox 360
		{D70AE8CA-0D9D-4829-BC4B-FEA527C93988}.Debug|x86.ActiveCfg = Debug|Xbox 360
		{D70AE8CA-0D9D-4829-BC4B-FEA527C93988}.Debug|Xbox 360.ActiveCfg = Debug|Xbox 360
		{D70AE8CA-0D9D-4829-BC4B-FEA527C93988}.Debug|Xbox 360.Build.0 = Debug|Xbox 360
		{D70AE8CA-0D9D-4829-BC4B-FEA527C93988}.Debug|Xbox 360.Deploy.0 = Debug|Xbox 360
		{D70AE8CA-0D9D-4829-BC4B-FEA527C93988}.Release|Any CPU.ActiveCfg = Release|Xbox 360
		{D70AE8CA-0D9D-4829-BC4B-FEA527C93988}.Release|Mixed Platforms.ActiveCfg = Release|Xbox 360
		{D70AE8CA-0D9D-4829-BC4B-FEA527C93988}.Release|Mixed Platforms.Build.0 = Release|Xbox 360
		{D70AE8CA-0D9D-4829-BC4B-FEA527C93988}.Release|Mixed Platforms.Deploy.0 = Release|Xbox 360
		{D70AE8CA-0D9D-4829-BC4B-FEA527C93988}.Release|Windows Phone.ActiveCfg = Release|Xbox 360
		{D70AE8CA-0D9D-4829-BC4B-FEA527C93988}.Release|x86.ActiveCfg = Release|Xbox 360
		{D70AE8CA-0D9D-4829-BC4B-FEA527C93988}.Release|Xbox 360.ActiveCfg = Release|Xbox 360
		{D70AE8CA-0D9D-4829-BC4B-FEA527C93988}.Release|Xbox 360.Build.0 = Release|Xbox 360
		{D70AE8CA-0D9D-4829-BC4B-FEA527C93988}.Release|Xbox 360.Deploy.0 = Release|Xbox 360
		{53E607FE-FE68-4C3F-8699-8F67725C621A}.Debug|Any CPU.ActiveCfg = Debug|Xbox 360
		{53E607FE-FE68-4C3F-8699-8F67725C621A}.Debug|Mixed Platforms.ActiveCfg = Debug|Xbox 360
		{53E607FE-FE68-4C3F-8699-8F67725C621A}.Debug|Mixed Platforms.Build.0 = Debug|Xbox 360
		{53E607FE-FE68-4C3F-8699-8F67725C621A}.Debug|Mixed Platforms.Deploy.0 = Debug|Xbox 360
		{53E607FE-FE68-4C3F-8699-8F67725C621A}.Debug|Windows Phone.ActiveCfg = Debug|Xbox 360
		{53E607FE-FE68-4C3F-8699-8F67725C621A}.Debug|x86.ActiveCfg = Debug|Xbox 360
		{53E607FE-FE68-4C3F-8699-8F67725C621A}.Debug|Xbox 360.ActiveCfg = Debug|Xbox 360
		{53E607FE-FE68-4C3F-8699-8F67725C621A}.Debug|Xbox 360.Build.0 = Debug|Xbox 360
		{53E607FE-FE68-4C3F-8699-8F67725C621A}.Debug|Xbox 360.Deploy.0 = Debug|Xbox 360
		{53E607FE-FE68-4C3F-8699-8F67725C621A}.Release|Any CPU.ActiveCfg = Release|Xbox 360
		{53E607FE-FE68-4C3F-8699-8F67725C621A}.Release|Mixed Platforms.ActiveCfg = Release|Xbox 360
		{53E607FE-FE68-4C3F-8699-8F67725C621A}.Release|Mixed Platforms.Build.0 = Release|Xbox 360
		{53E607FE-FE68-4C3F-8699-8F67725C621A}.Release|Mixed Platforms.Deploy.0 = Release|Xbox 360
		{53E607FE-FE68-4C3F-8699-8F67725C621A}.Release|Windows Phone.ActiveCfg = Release|Xbox 360
		{53E607FE-FE68-4C3F-8699-8F67725C621A}.Release|x86.ActiveCfg = Release|Xbox 360
		{53E607FE-FE68-4C3F-8699-8F67725C621A}.Release|Xbox 360.ActiveCfg = Release|Xbox 360
		{53E607FE-FE68-4C3F-8699-8F67725C621A}.Release|Xbox 360.Build.0 = Release|Xbox 360
		{53E607FE-FE68-4C3F-8699-8F67725C621A}.Release|Xbox 360.Deploy.0 = Release|Xbox 360
		{4A41DE85-C6F6-4FBA-8EF1-84A620E4C351}.Debug|Any CPU.ActiveCfg = Debug|Xbox 360
		{4A41DE85-C6F6-4FBA-8EF1-84A620E4C351}.Debug|Mixed Platforms.ActiveCfg = Debug|Xbox 360
		{4A41DE85-C6F6-4FBA-8EF1-84A620E4C351}.Debug|Mixed Platforms.Build.0 = Debug|Xbox 360
		{4A41DE85-C6F6-4FBA-8EF1-84A620E4C351}.Debug|Mixed Platforms.Deploy.0 = Debug|Xbox 360
		{4A41DE85-C6F6-4FBA-8EF1-84A620E4C351}.Debug|Windows Phone.ActiveCfg = Debug|Xbox 360
		{4A41DE85-C6F6-4FBA-8EF1-84A620E4C351}.Debug|x86.ActiveCfg = Debug|Xbox 360
		{4A41DE85-C6F6-4FBA-8EF1-84A620E4C351}.Debug|Xbox 360.ActiveCfg = Debug|Xbox 360
		{4A41DE85-C6F6-4FBA-8EF1-84A620E4C351}.Debug|Xbox 360.Build.0 = Debug|Xbox 360
		{4A41DE85-C6F6-4FBA-8EF1-84A620E4C351}.Debug|Xbox 360.Deploy.0 = Debug|Xbox 360
		{4A41DE85-C6F6-4FBA-8EF1-84A620E4C351}.Release|Any CPU.ActiveCfg = Release|Xbox 360
		{4A41DE85-C6F6-4FBA-8EF1-84A620E4C351}.Release|Mixed Platforms.ActiveCfg = Release|Xbox 360
		{4A41DE85-C6F6-4FBA-8EF1-84A620E4C351}.Release|Mixed Platforms.Build.0 = Release|Xbox 360
		{4A41DE85-C6F6-4FBA-8EF1-84A620E4C351}.Release|Mixed Platforms.Deploy.0 = Release|Xbox 360
		{4A41DE85-C6F6-4FBA-8EF1-84A620E4C351}.Release|Windows Phone.ActiveCfg = Release|Xbox 360
		{4A41DE85-C6F6-4FBA-8EF1-84A620E4C351}.Release|x86.ActiveCfg = Release|Xbox 360
		{4A41DE85-C6F6-4FBA-8EF1-84A620E4C351}.Release|Xbox 360.ActiveCfg = Release|Xbox 360
		{4A41DE85-C6F6-4FBA-8EF1-84A620E4C351}.Release|Xbox 360.Build.0 = Release|Xbox 360
		{4A41DE85-C6F6-4FBA-8EF1-84A620E4C351}.Release|Xbox 360.Deploy.0 = Release|Xbox 360
		{88F30571-313F-444F-8FFB-DD404E9F2E41}.Debug|Any CPU.ActiveCfg = Debug|Xbox 360
		{88F30571-313F-444F-8FFB-DD404E9F2E41}.Debug|Mixed Platforms.ActiveCfg = Debug|Xbox 360
		{88F30571-313F-444F-8FFB-DD404E9F2E41}.Debug|Mixed Platforms.Build.0 = Debug|Xbox 360
		{88F30571-313F-444F-8FFB-DD404E9F2E41}.Debug|Mixed Platforms.Deploy.0 = Debug|Xbox 360
		{88F30571-313F-444F-8FFB-DD404E9F2E41}.Debug|Windows Phone.ActiveCfg = Debug|Xbox 360
		{88F30571-313F-444F-8FFB-DD404E9F2E41}.Debug|x86.ActiveCfg = Debug|Xbox 360
		{88F30571-313F-444F-8FFB-DD404E9F2E41}.Debug|Xbox 360.ActiveCfg = Debug|Xbox 360
		{88F30571-313F-444F-8FFB-DD404E9F2E41}.Debug|Xbox 360.Build.0 = Debug|Xbox 360
		{88F30571-313F-444F-8FFB-DD404E9F2E41}.Debug|Xbox 360.Deploy.0 = Debug|Xbox 360
		{88F30571-313F-444F-8FFB-DD404E9F2E41}.Release|Any CPU.ActiveCfg = Release|Xbox 360
		{88F30571-313F-444F-8FFB-DD404E9F2E41}.Release|Mixed Platforms.ActiveCfg = Release|Xbox 360
		{88F30571-313F-444F-8FFB-DD404E9F2E41}.Release|Mixed Platforms.Build.0 = Release|Xbox 360
		{88F30571-313F-444F-8FFB-DD404E9F2E41}.Release|Mixed Platforms.Deploy.0 = Release|Xbox 360
		{88F30571-313F-444F-8FFB-DD404E9F2E41}.Release|Windows Phone.ActiveCfg = Release|Xbox 360
		{88F30571-313F-444F-8FFB-DD404E9F2E41}.Release|x86.ActiveCfg = Release|Xbox 360
		{88F30571-313F-444F-8FFB-DD404E9F2E41}.Release|Xbox 360.ActiveCfg = Release|Xbox 360
		{88F30571-313F-444F-8FFB-DD404E9F2E41}.Release|Xbox 360.Build.0 = Release|Xbox 360
		{88F30571-313F-444F-8FFB-DD404E9F2E41}.Release|Xbox 360.Deploy.0 = Release|Xbox 360
		{94C85F35-F0D6-4734-B41F-A2392ACDB34C}.Debug|Any CPU.ActiveCfg = Debug|x86
		{94C85F35-F0D6-4734-B41F-A2392ACDB34C}.Debug|Mixed Platforms.ActiveCfg = Debug|x86
		{94C85F35-F0D6-4734-B41F-A2392ACDB34C}.Debug|Windows Phone.ActiveCfg = Debug|x86
		{94C85F35-F0D6-4734-B41F-A2392ACDB34C}.Debug|x86.ActiveCfg = Debug|x86
		{94C85F35-F0D6-4734-B41F-A2392ACDB34C}.Debug|Xbox 360.ActiveCfg = Debug|x86
		{94C85F35-F0D6-4734-B41F-A2392ACDB34C}.Release|Any CPU.ActiveCfg = Release|x86
		{94C85F35-F0D6-4734-B41F-A2392ACDB34C}.Release|Mixed Platforms.ActiveCfg = Release|x86
		{94C85F35-F0D6-4734-B41F-A2392ACDB34C}.Release|Windows Phone.ActiveCfg = Release|x86
		{94C85F35-F0D6-4734-B41F-A2392ACDB34C}.Release|x86.ActiveCfg = Release|x86
		{94C85F35-F0D6-4734-B41F-A2392ACDB34C}.Release|Xbox 360.ActiveCfg = Release|x86
		{A213DF6C-E6BB-42A4-87D9-48651D39B352}.Debug|Any CPU.ActiveCfg = Debug|Xbox 360
		{A213DF6C-E6BB-42A4-87D9-48651D39B352}.Debug|Mixed Platforms.ActiveCfg = Debug|Xbox 360
		{A213DF6C-E6BB-42A4-87D9-48651D39B352}.Debug|Mixed Platforms.Build.0 = Debug|Xbox 360
		{A213DF6C-E6BB-42A4-87D9-48651D39B352}.Debug|Mixed Platforms.Deploy.0 = Debug|Xbox 360
		{A213DF6C-E6BB-42A4-87D9-48651D39B352}.Debug|Windows Phone.ActiveCfg = Debug|Xbox 360
		{A213DF6C-E6BB-42A4-87D9-48651D39B352}.Debug|x86.ActiveCfg = Debug|Xbox 360
		{A213DF6C-E6BB-42A4-87D9-48651D39B352}.Debug|Xbox 360.ActiveCfg = Debug|Xbox 360
		{A213DF6C-E6BB-42A4-87D9-48651D39B352}.Debug|Xbox 360.Build.0 = Debug|Xbox 360
		{A213DF6C-E6BB-42A4-87D9-48651D39B352}.Debug|Xbox 360.Deploy.0 = Debug|Xbox 360
		{A213DF6C-E6BB-42A4-87D9-48651D39B352}.Release|Any CPU.ActiveCfg = Release|Xbox 360
		{A213DF6C-E6BB-42A4-87D9-48651D39B352}.Release|Mixed Platforms.ActiveCfg = Release|Xbox 360
		{A213DF6C-E6BB-42A4-87D9-48651D39B352}.Release|Mixed Platforms.Build.0 = Release|Xbox 360
		{A213DF6C-E6BB-42A4-87D9-48651D39B352}.Release|Mixed Platforms.Deploy.0 = Release|Xbox 360
		{A213DF6C-E6BB-42A4-87D9-48651D39B352}.Release|Windows Phone.ActiveCfg = Release|Xbox 360
		{A213DF6C-E6BB-42A4-87D9-48651D39B352}.Release|x86.ActiveCfg = Release|Xbox 360
		{A213DF6C-E6BB-42A4-87D9-48651D39B352}.Release|Xbox 360.ActiveCfg = Release|Xbox 360
		{A213DF6C-E6BB-42A4-87D9-48651D39B352}.Release|Xbox 360.Build.0 = Release|Xbox 360
		{A213DF6C-E6BB-42A4-87D9-48651D39B352}.Release|Xbox 360.Deploy.0 = Release|Xbox 360
		{9F127490-8B8F-4C25-B37F-FA6DCC0F736C}.Debug|Any CPU.ActiveCfg = Debug|Xbox 360
		{9F127490-8B8F-4C25-B37F-FA6DCC0F736C}.Debug|Mixed Platforms.ActiveCfg = Debug|Xbox 360
		{9F127490-8B8F-4C25-B37F-FA6DCC0F736C}.Debug|Mixed Platforms.Build.0 = Debug|Xbox 360
		{9F127490-8B8F-4C25-B37F-FA6DCC0F736C}.Debug|Mixed Platforms.Deploy.0 = Debug|Xbox 360
		{9F127490-8B8F-4C25-B37F-FA6DCC0F736C}.Debug|Windows Phone.ActiveCfg = Debug|Xbox 360
		{9F127490-8B8F-4C25-B37F-FA6DCC0F736C}.Debug|x86.ActiveCfg = Debug|Xbox 360
		{9F127490-8B8F-4C25-B37F-FA6DCC0F736C}.Debug|Xbox 360.ActiveCfg = Debug|Xbox 360
		{9F127490-8B8F-4C25-B37F-FA6DCC0F736C}.Debug|Xbox 360.Build.0 = Debug|Xbox 360
		{9F127490-8B8F-4C25-B37F-FA6DCC0F736C}.Debug|Xbox 360.Deploy.0 = Debug|Xbox 360
		{9F127490-8B8F-4C25-B37F-FA6DCC0F736C}.Release|Any CPU.ActiveCfg = Release|Xbox 360
		{9F127490-8B8F-4C25-B37F-FA6DCC0F736C}.Release|Mixed Platforms.ActiveCfg = Release|Xbox 360
		{9F127490-8B8F-4C25-B37F-FA6DCC0F736C}.Release|Mixed Platforms.Build.0 = Release|Xbox 360
		{9F127490-8B8F-4C25-B37F-FA6DCC0F736C}.Release|Mixed Platforms.Deploy.0 = Release|Xbox 360
		{9F127490-8B8F-4C25-B37F-FA6DCC0F736C}.Release|Windows Phone.ActiveCfg = Release|Xbox 360
		{9F127490-8B8F-4C25-B37F-FA6DCC0F736C}.Release|x86.ActiveCfg = Release|Xbox 360
		{9F127490-8B8F-4C25-B37F-FA6DCC0F736C}.Release|Xbox 360.ActiveCfg = Release|Xbox 360
		{9F127490-8B8F-4C25-B37F-FA6DCC0F736C}.Release|Xbox 360.Build.0 = Release|Xbox 360
		{9F127490-8B8F-4C25-B37F-FA6DCC0F736C}.Release|Xbox 360.Deploy.0 = Release|Xbox 360
		{653EAFD3-08FF-43C4-852E-F29D0756A118}.Debug|Any CPU.ActiveCfg = Debug|x86
		{653EAFD3-08FF-43C4-852E-F29D0756A118}.Debug|Mixed Platforms.ActiveCfg = Debug|x86
		{653EAFD3-08FF-43C4-852E-F29D0756A118}.Debug|Windows Phone.ActiveCfg = Debug|x86
		{653EAFD3-08FF-43C4-852E-F29D0756A118}.Debug|x86.ActiveCfg = Debug|x86
		{653EAFD3-08FF-43C4-852E-F29D0756A118}.Debug|Xbox 360.ActiveCfg = Debug|x86
		{653EAFD3-08FF-43C4-852E-F29D0756A118}.Release|Any CPU.ActiveCfg = Release|x86
		{653EAFD3-08FF-43C4-852E-F29D0756A118}.Release|Mixed Platforms.ActiveCfg = Release|x86
		{653EAFD3-08FF-43C4-852E-F29D0756A118}.Release|Windows Phone.ActiveCfg = Release|x86
		{653EAFD3-08FF-43C4-852E-F29D0756A118}.Release|x86.ActiveCfg = Release|x86
		{653EAFD3-08FF-43C4-852E-F29D0756A118}.Release|Xbox 360.ActiveCfg = Release|x86
		{FD05ACBA-2292-46B4-8ED7-D1B7270723EE}.Debug|Any CPU.ActiveCfg = Debug|Xbox 360
		{FD05ACBA-2292-46B4-8ED7-D1B7270723EE}.Debug|Mixed Platforms.ActiveCfg = Debug|Xbox 360
		{FD05ACBA-2292-46B4-8ED7-D1B7270723EE}.Debug|Mixed Platforms.Build.0 = Debug|Xbox 360
		{FD05ACBA-2292-46B4-8ED7-D1B7270723EE}.Debug|Mixed Platforms.Deploy.0 = Debug|Xbox 360
		{FD05ACBA-2292-46B4-8ED7-D1B7270723EE}.Debug|Windows Phone.ActiveCfg = Debug|Xbox 360
		{FD05ACBA-2292-46B4-8ED7-D1B7270723EE}.Debug|x86.ActiveCfg = Debug|Xbox 360
		{FD05ACBA-2292-46B4-8ED7-D1B7270723EE}.Debug|Xbox 360.ActiveCfg = Debug|Xbox 360
		{FD05ACBA-2292-46B4-8ED7-D1B7270723EE}.Debug|Xbox 360.Build.0 = Debug|Xbox 360
		{FD05ACBA-2292-46B4-8ED7-D1B7270723EE}.Debug|Xbox 360.Deploy.0 = Debug|Xbox 360
		{FD05ACBA-2292-46B4-8ED7-D1B7270723EE}.Release|Any CPU.ActiveCfg = Release|Xbox 360
		{FD05ACBA-2292-46B4-8ED7-D1B7270723EE}.Release|Mixed Platforms.ActiveCfg = Release|Xbox 360
		{FD05ACBA-2292-46B4-8ED7-D1B7270723EE}.Release|Mixed Platforms.Build.0 = Release|Xbox 360
		{FD05ACBA-2292-46B4-8ED7-D1B7270723EE}.Release|Mixed Platforms.Deploy.0 = Release|Xbox 360
		{FD05ACBA-2292-46B4-8ED7-D1B7270723EE}.Release|Windows Phone.ActiveCfg = Release|Xbox 360
		{FD05ACBA-2292-46B4-8ED7-D1B7270723EE}.Release|x86.ActiveCfg = Release|Xbox 360
		{FD05ACBA-2292-46B4-8ED7-D1B7270723EE}.Release|Xbox 360.ActiveCfg = Release|Xbox 360
		{FD05ACBA-2292-46B4-8ED7-D1B7270723EE}.Release|Xbox 360.Build.0 = Release|Xbox 360
		{FD05ACBA-2292-46B4-8ED7-D1B7270723EE}.Release|Xbox 360.Deploy.0 = Release|Xbox 360
		{9209B0AD-FCE0-426E-BF44-AB1FDE89F4C8}.Debug|Any CPU.ActiveCfg = Debug|Xbox 360
		{9209B0AD-FCE0-426E-BF44-AB1FDE89F4C8}.Debug|Mixed Platforms.ActiveCfg = Debug|Xbox 360
		{9209B0AD-FCE0-426E-BF44-AB1FDE89F4C8}.Debug|Windows Phone.ActiveCfg = Debug|Xbox 360
		{9209B0AD-FCE0-426E-BF44-AB1FDE89F4C8}.Debug|x86.ActiveCfg = Debug|Xbox 360
		{9209B0AD-FCE0-426E-BF44-AB1FDE89F4C8}.Debug|Xbox 360.ActiveCfg = Debug|Xbox 360
		{9209B0AD-FCE0-426E-BF44-AB1FDE89F4C8}.Release|Any CPU.ActiveCfg = Release|Xbox 360
		{9209B0AD-FCE0-426E-BF44-AB1FDE89F4C8}.Release|Mixed Platforms.ActiveCfg = Release|Xbox 360
		{9209B0AD-FCE0-426E-BF44-AB1FDE89F4C8}.Release|Windows Phone.ActiveCfg = Release|Xbox 360
		{9209B0AD-FCE0-426E-BF44-AB1FDE89F4C8}.Release|x86.ActiveCfg = Release|Xbox 360
		{9209B0AD-FCE0-426E-BF44-AB1FDE89F4C8}.Release|Xbox 360.ActiveCfg = Release|Xbox 360
		{11737BA3-1159-472F-93D0-1ED72786F412}.Debug|Any CPU.ActiveCfg = Debug|Xbox 360
		{11737BA3-1159-472F-93D0-1ED72786F412}.Debug|Mixed Platforms.ActiveCfg = Debug|Xbox 360
		{11737BA3-1159-472F-93D0-1ED72786F412}.Debug|Mixed Platforms.Build.0 = Debug|Xbox 360
		{11737BA3-1159-472F-93D0-1ED72786F412}.Debug|Mixed Platforms.Deploy.0 = Debug|Xbox 360
		{11737BA3-1159-472F-93D0-1ED72786F412}.Debug|Windows Phone.ActiveCfg = Debug|Xbox 360
		{11737BA3-1159-472F-93D0-1ED72786F412}.Debug|x86.ActiveCfg = Debug|Xbox 360
		{11737BA3-1159-472F-93D0-1ED72786F412}.Debug|Xbox 360.ActiveCfg = Debug|Xbox 360
		{11737BA3-1159-472F-93D0-1ED72786F412}.Debug|Xbox 360.Build.0 = Debug|Xbox 360
		{11737BA3-1159-472F-93D0-1ED72786F412}.Debug|Xbox 360.Deploy.0 = Debug|Xbox 360
		{11737BA3-1159-472F-93D0-1ED72786F412}.Release|Any CPU.ActiveCfg = Release|Xbox 360
		{11737BA3-1159-472F-93D0-1ED72786F412}.Release|Mixed Platforms.ActiveCfg = Release|Xbox 360
		{11737BA3-1159-472F-93D0-1ED72786F412}.Release|Mixed Platforms.Build.0 = Release|Xbox 360
		{11737BA3-1159-472F-93D0-1ED72786F412}.Release|Mixed Platforms.Deploy.0 = Release|Xbox 360
		{11737BA3-1159-472F-93D0-1ED72786F412}.Release|Windows Phone.ActiveCfg = Release|Xbox 360
		{11737BA3-1159-472F-93D0-1ED72786F412}.Release|x86.ActiveCfg = Release|Xbox 360
		{11737BA3-1159-472F-93D0-1ED72786F412}.Release|Xbox 360.ActiveCfg = Release|Xbox 360
		{11737BA3-1159-472F-93D0-1ED72786F412}.Release|Xbox 360.Build.0 = Release|Xbox 360
		{11737BA3-1159-472F-93D0-1ED72786F412}.Release|Xbox 360.Deploy.0 = Release|Xbox 360
		{41439B38-1185-449A-90A3-50A27C588EDA}.Debug|Any CPU.ActiveCfg = Debug|x86
		{41439B38-1185-449A-90A3-50A27C588EDA}.Debug|Mixed Platforms.ActiveCfg = Debug|x86
		{41439B38-1185-449A-90A3-50A27C588EDA}.Debug|Windows Phone.ActiveCfg = Debug|x86
		{41439B38-1185-449A-90A3-50A27C588EDA}.Debug|x86.ActiveCfg = Debug|x86
		{41439B38-1185-449A-90A3-50A27C588EDA}.Debug|Xbox 360.ActiveCfg = Debug|x86
		{41439B38-1185-449A-90A3-50A27C588EDA}.Release|Any CPU.ActiveCfg = Release|x86
		{41439B38-1185-449A-90A3-50A27C588EDA}.Release|Mixed Platforms.ActiveCfg = Release|x86
		{41439B38-1185-449A-90A3-50A27C588EDA}.Release|Windows Phone.ActiveCfg = Release|x86
		{41439B38-1185-449A-90A3-50A27C588EDA}.Release|x86.ActiveCfg = Release|x86
		{41439B38-1185-449A-90A3-50A27C588EDA}.Release|Xbox 360.ActiveCfg = Release|x86
		{C11A1013-143B-4460-B9FE-E8C49D6520ED}.Debug|Any CPU.ActiveCfg = Debug|Xbox 360
		{C11A1013-143B-4460-B9FE-E8C49D6520ED}.Debug|Mixed Platforms.ActiveCfg = Debug|Xbox 360
		{C11A1013-143B-4460-B9FE-E8C49D6520ED}.Debug|Mixed Platforms.Build.0 = Debug|Xbox 360
		{C11A1013-143B-4460-B9FE-E8C49D6520ED}.Debug|Mixed Platforms.Deploy.0 = Debug|Xbox 360
		{C11A1013-143B-4460-B9FE-E8C49D6520ED}.Debug|Windows Phone.ActiveCfg = Debug|Xbox 360
		{C11A1013-143B-4460-B9FE-E8C49D6520ED}.Debug|x86.ActiveCfg = Debug|Xbox 360
		{C11A1013-143B-4460-B9FE-E8C49D6520ED}.Debug|Xbox 360.ActiveCfg = Debug|Xbox 360
		{C11A1013-143B-4460-B9FE-E8C49D6520ED}.Debug|Xbox 360.Build.0 = Debug|Xbox 360
		{C11A1013-143B-4460-B9FE-E8C49D6520ED}.Debug|Xbox 360.Deploy.0 = Debug|Xbox 360
		{C11A1013-143B-4460-B9FE-E8C49D6520ED}.Release|Any CPU.ActiveCfg = Release|Xbox 360
		{C11A1013-143B-4460-B9FE-E8C49D6520ED}.Release|Mixed Platforms.ActiveCfg = Release|Xbox 360
		{C11A1013-143B-4460-B9FE-E8C49D6520ED}.Release|Mixed Platforms.Build.0 = Release|Xbox 360
		{C11A1013-143B-4460-B9FE-E8C49D6520ED}.Release|Mixed Platforms.Deploy.0 = Release|Xbox 360
		{C11A1013-143B-4460-B9FE-E8C49D6520ED}.Release|Windows Phone.ActiveCfg = Release|Xbox 360
		{C11A1013-143B-4460-B9FE-E8C49D6520ED}.Release|x86.ActiveCfg = Release|Xbox 360
		{C11A1013-143B-4460-B9FE-E8C49D6520ED}.Release|Xbox 360.ActiveCfg = Release|Xbox 360
		{C11A1013-143B-4460-B9FE-E8C49D6520ED}.Release|Xbox 360.Build.0 = Release|Xbox 360
		{C11A1013-143B-4460-B9FE-E8C49D6520ED}.Release|Xbox 360.Deploy.0 = Release|Xbox 360
		{DC22C2C0-31C0-4A19-B9B6-C7985B9379B0}.Debug|Any CPU.ActiveCfg = Debug|x86
		{DC22C2C0-31C0-4A19-B9B6-C7985B9379B0}.Debug|Mixed Platforms.ActiveCfg = Debug|x86
		{DC22C2C0-31C0-4A19-B9B6-C7985B9379B0}.Debug|Windows Phone.ActiveCfg = Debug|x86
		{DC22C2C0-31C0-4A19-B9B6-C7985B9379B0}.Debug|x86.ActiveCfg = Debug|x86
		{DC22C2C0-31C0-4A19-B9B6-C7985B9379B0}.Debug|Xbox 360.ActiveCfg = Debug|x86
		{DC22C2C0-31C0-4A19-B9B6-C7985B9379B0}.Release|Any CPU.ActiveCfg = Release|x86
		{DC22C2C0-31C0-4A19-B9B6-C7985B9379B0}.Release|Mixed Platforms.ActiveCfg = Release|x86
		{DC22C2C0-31C0-4A19-B9B6-C7985B9379B0}.Release|Windows Phone.ActiveCfg = Release|x86
		{DC22C2C0-31C0-4A19-B9B6-C7985B9379B0}.Release|x86.ActiveCfg = Release|x86
		{DC22C2C0-31C0-4A19-B9B6-C7985B9379B0}.Release|Xbox 360.ActiveCfg = Release|x86
		{70FDA5C5-4B6F-48DA-9C21-5D06BE724426}.Debug|Any CPU.ActiveCfg = Debug|Xbox 360
		{70FDA5C5-4B6F-48DA-9C21-5D06BE724426}.Debug|Mixed Platforms.ActiveCfg = Debug|Xbox 360
		{70FDA5C5-4B6F-48DA-9C21-5D06BE724426}.Debug|Mixed Platforms.Build.0 = Debug|Xbox 360
		{70FDA5C5-4B6F-48DA-9C21-5D06BE724426}.Debug|Mixed Platforms.Deploy.0 = Debug|Xbox 360
		{70FDA5C5-4B6F-48DA-9C21-5D06BE724426}.Debug|Windows Phone.ActiveCfg = Debug|Xbox 360
		{70FDA5C5-4B6F-48DA-9C21-5D06BE724426}.Debug|x86.ActiveCfg = Debug|Xbox 360
		{70FDA5C5-4B6F-48DA-9C21-5D06BE724426}.Debug|Xbox 360.ActiveCfg = Debug|Xbox 360
		{70FDA5C5-4B6F-48DA-9C21-5D06BE724426}.Debug|Xbox 360.Build.0 = Debug|Xbox 360
		{70FDA5C5-4B6F-48DA-9C21-5D06BE724426}.Debug|Xbox 360.Deploy.0 = Debug|Xbox 360
		{70FDA5C5-4B6F-48DA-9C21-5D06BE724426}.Release|Any CPU.ActiveCfg = Release|Xbox 360
		{70FDA5C5-4B6F-48DA-9C21-5D06BE724426}.Release|Mixed Platforms.ActiveCfg = Release|Xbox 360
		{70FDA5C5-4B6F-48DA-9C21-5D06BE724426}.Release|Mixed Platforms.Build.0 = Release|Xbox 360
		{70FDA5C5-4B6F-48DA-9C21-5D06BE724426}.Release|Mixed Platforms.Deploy.0 = Release|Xbox 360
		{70FDA5C5-4B6F-48DA-9C21-5D06BE724426}.Release|Windows Phone.ActiveCfg = Release|Xbox 360
		{70FDA5C5-4B6F-48DA-9C21-5D06BE724426}.Release|x86.ActiveCfg = Release|Xbox 360
		{70FDA5C5-4B6F-48DA-9C21-5D06BE724426}.Release|Xbox 360.ActiveCfg = Release|Xbox 360
		{70FDA5C5-4B6F-48DA-9C21-5D06BE724426}.Release|Xbox 360.Build.0 = Release|Xbox 360
		{70FDA5C5-4B6F-48DA-9C21-5D06BE724426}.Release|Xbox 360.Deploy.0 = Release|Xbox 360
		{DEFF9F75-6F41-426D-AEB9-DA53D0A8543C}.Debug|Any CPU.ActiveCfg = Debug|Any CPU
		{DEFF9F75-6F41-426D-AEB9-DA53D0A8543C}.Debug|Mixed Platforms.ActiveCfg = Debug|Any CPU
		{DEFF9F75-6F41-426D-AEB9-DA53D0A8543C}.Debug|Windows Phone.ActiveCfg = Debug|Any CPU
		{DEFF9F75-6F41-426D-AEB9-DA53D0A8543C}.Debug|x86.ActiveCfg = Debug|Any CPU
		{DEFF9F75-6F41-426D-AEB9-DA53D0A8543C}.Debug|Xbox 360.ActiveCfg = Debug|Any CPU
		{DEFF9F75-6F41-426D-AEB9-DA53D0A8543C}.Release|Any CPU.ActiveCfg = Debug|Any CPU
		{DEFF9F75-6F41-426D-AEB9-DA53D0A8543C}.Release|Mixed Platforms.ActiveCfg = Debug|Any CPU
		{DEFF9F75-6F41-426D-AEB9-DA53D0A8543C}.Release|Windows Phone.ActiveCfg = Debug|Any CPU
		{DEFF9F75-6F41-426D-AEB9-DA53D0A8543C}.Release|x86.ActiveCfg = Debug|Any CPU
		{DEFF9F75-6F41-426D-AEB9-DA53D0A8543C}.Release|Xbox 360.ActiveCfg = Debug|Any CPU
		{103389E2-8F99-4CE6-85FF-BB74373D3ED4}.Debug|Any CPU.ActiveCfg = Debug|Xbox 360
		{103389E2-8F99-4CE6-85FF-BB74373D3ED4}.Debug|Mixed Platforms.ActiveCfg = Debug|Xbox 360
		{103389E2-8F99-4CE6-85FF-BB74373D3ED4}.Debug|Mixed Platforms.Build.0 = Debug|Xbox 360
		{103389E2-8F99-4CE6-85FF-BB74373D3ED4}.Debug|Mixed Platforms.Deploy.0 = Debug|Xbox 360
		{103389E2-8F99-4CE6-85FF-BB74373D3ED4}.Debug|Windows Phone.ActiveCfg = Debug|Xbox 360
		{103389E2-8F99-4CE6-85FF-BB74373D3ED4}.Debug|x86.ActiveCfg = Debug|Xbox 360
		{103389E2-8F99-4CE6-85FF-BB74373D3ED4}.Debug|Xbox 360.ActiveCfg = Debug|Xbox 360
		{103389E2-8F99-4CE6-85FF-BB74373D3ED4}.Debug|Xbox 360.Build.0 = Debug|Xbox 360
		{103389E2-8F99-4CE6-85FF-BB74373D3ED4}.Debug|Xbox 360.Deploy.0 = Debug|Xbox 360
		{103389E2-8F99-4CE6-85FF-BB74373D3ED4}.Release|Any CPU.ActiveCfg = Release|Xbox 360
		{103389E2-8F99-4CE6-85FF-BB74373D3ED4}.Release|Mixed Platforms.ActiveCfg = Release|Xbox 360
		{103389E2-8F99-4CE6-85FF-BB74373D3ED4}.Release|Mixed Platforms.Build.0 = Release|Xbox 360
		{103389E2-8F99-4CE6-85FF-BB74373D3ED4}.Release|Mixed Platforms.Deploy.0 = Release|Xbox 360
		{103389E2-8F99-4CE6-85FF-BB74373D3ED4}.Release|Windows Phone.ActiveCfg = Release|Xbox 360
		{103389E2-8F99-4CE6-85FF-BB74373D3ED4}.Release|x86.ActiveCfg = Release|Xbox 360
		{103389E2-8F99-4CE6-85FF-BB74373D3ED4}.Release|Xbox 360.ActiveCfg = Release|Xbox 360
		{103389E2-8F99-4CE6-85FF-BB74373D3ED4}.Release|Xbox 360.Build.0 = Release|Xbox 360
		{103389E2-8F99-4CE6-85FF-BB74373D3ED4}.Release|Xbox 360.Deploy.0 = Release|Xbox 360
		{B00DD841-21D5-4488-9540-0F8836AE31A8}.Debug|Any CPU.ActiveCfg = Debug|Any CPU
		{B00DD841-21D5-4488-9540-0F8836AE31A8}.Debug|Mixed Platforms.ActiveCfg = Debug|Any CPU
		{B00DD841-21D5-4488-9540-0F8836AE31A8}.Debug|Windows Phone.ActiveCfg = Debug|Any CPU
		{B00DD841-21D5-4488-9540-0F8836AE31A8}.Debug|x86.ActiveCfg = Debug|Any CPU
		{B00DD841-21D5-4488-9540-0F8836AE31A8}.Debug|Xbox 360.ActiveCfg = Debug|Any CPU
		{B00DD841-21D5-4488-9540-0F8836AE31A8}.Release|Any CPU.ActiveCfg = Debug|Any CPU
		{B00DD841-21D5-4488-9540-0F8836AE31A8}.Release|Mixed Platforms.ActiveCfg = Debug|Any CPU
		{B00DD841-21D5-4488-9540-0F8836AE31A8}.Release|Windows Phone.ActiveCfg = Debug|Any CPU
		{B00DD841-21D5-4488-9540-0F8836AE31A8}.Release|x86.ActiveCfg = Debug|Any CPU
		{B00DD841-21D5-4488-9540-0F8836AE31A8}.Release|Xbox 360.ActiveCfg = Debug|Any CPU
		{40193878-4ABF-473F-A8E0-F356B7892998}.Debug|Any CPU.ActiveCfg = Debug|Xbox 360
		{40193878-4ABF-473F-A8E0-F356B7892998}.Debug|Mixed Platforms.ActiveCfg = Debug|Xbox 360
		{40193878-4ABF-473F-A8E0-F356B7892998}.Debug|Mixed Platforms.Build.0 = Debug|Xbox 360
		{40193878-4ABF-473F-A8E0-F356B7892998}.Debug|Mixed Platforms.Deploy.0 = Debug|Xbox 360
		{40193878-4ABF-473F-A8E0-F356B7892998}.Debug|Windows Phone.ActiveCfg = Debug|Xbox 360
		{40193878-4ABF-473F-A8E0-F356B7892998}.Debug|x86.ActiveCfg = Debug|Xbox 360
		{40193878-4ABF-473F-A8E0-F356B7892998}.Debug|Xbox 360.ActiveCfg = Debug|Xbox 360
		{40193878-4ABF-473F-A8E0-F356B7892998}.Debug|Xbox 360.Build.0 = Debug|Xbox 360
		{40193878-4ABF-473F-A8E0-F356B7892998}.Debug|Xbox 360.Deploy.0 = Debug|Xbox 360
		{40193878-4ABF-473F-A8E0-F356B7892998}.Release|Any CPU.ActiveCfg = Release|Xbox 360
		{40193878-4ABF-473F-A8E0-F356B7892998}.Release|Mixed Platforms.ActiveCfg = Release|Xbox 360
		{40193878-4ABF-473F-A8E0-F356B7892998}.Release|Mixed Platforms.Build.0 = Release|Xbox 360
		{40193878-4ABF-473F-A8E0-F356B7892998}.Release|Mixed Platforms.Deploy.0 = Release|Xbox 360
		{40193878-4ABF-473F-A8E0-F356B7892998}.Release|Windows Phone.ActiveCfg = Release|Xbox 360
		{40193878-4ABF-473F-A8E0-F356B7892998}.Release|x86.ActiveCfg = Release|Xbox 360
		{40193878-4ABF-473F-A8E0-F356B7892998}.Release|Xbox 360.ActiveCfg = Release|Xbox 360
		{40193878-4ABF-473F-A8E0-F356B7892998}.Release|Xbox 360.Build.0 = Release|Xbox 360
		{40193878-4ABF-473F-A8E0-F356B7892998}.Release|Xbox 360.Deploy.0 = Release|Xbox 360
		{155BB00D-6EA8-43B6-8A0C-4683B5FD72B2}.Debug|Any CPU.ActiveCfg = Debug|x86
		{155BB00D-6EA8-43B6-8A0C-4683B5FD72B2}.Debug|Mixed Platforms.ActiveCfg = Debug|x86
		{155BB00D-6EA8-43B6-8A0C-4683B5FD72B2}.Debug|Windows Phone.ActiveCfg = Debug|x86
		{155BB00D-6EA8-43B6-8A0C-4683B5FD72B2}.Debug|x86.ActiveCfg = Debug|x86
		{155BB00D-6EA8-43B6-8A0C-4683B5FD72B2}.Debug|Xbox 360.ActiveCfg = Debug|x86
		{155BB00D-6EA8-43B6-8A0C-4683B5FD72B2}.Release|Any CPU.ActiveCfg = Release|x86
		{155BB00D-6EA8-43B6-8A0C-4683B5FD72B2}.Release|Mixed Platforms.ActiveCfg = Release|x86
		{155BB00D-6EA8-43B6-8A0C-4683B5FD72B2}.Release|Windows Phone.ActiveCfg = Release|x86
		{155BB00D-6EA8-43B6-8A0C-4683B5FD72B2}.Release|x86.ActiveCfg = Release|x86
		{155BB00D-6EA8-43B6-8A0C-4683B5FD72B2}.Release|Xbox 360.ActiveCfg = Release|x86
	EndGlobalSection
	GlobalSection(SolutionProperties) = preSolution
		HideSolutionNode = FALSE
	EndGlobalSection
	GlobalSection(NestedProjects) = preSolution
		{FD05ACBA-2292-46B4-8ED7-D1B7270723EE} = {AB7638CF-9D33-48C4-8EE4-0EAF84676227}
		{653EAFD3-08FF-43C4-852E-F29D0756A118} = {AB7638CF-9D33-48C4-8EE4-0EAF84676227}
		{9209B0AD-FCE0-426E-BF44-AB1FDE89F4C8} = {AB7638CF-9D33-48C4-8EE4-0EAF84676227}
		{C11A1013-143B-4460-B9FE-E8C49D6520ED} = {AB7638CF-9D33-48C4-8EE4-0EAF84676227}
		{DC22C2C0-31C0-4A19-B9B6-C7985B9379B0} = {AB7638CF-9D33-48C4-8EE4-0EAF84676227}
		{AC059DC9-CBB2-4298-8E2C-CB3ACF6D2711} = {AB7638CF-9D33-48C4-8EE4-0EAF84676227}
		{3A6DA88F-FA82-4D78-9AE7-861D277A26A4} = {AB7638CF-9D33-48C4-8EE4-0EAF84676227}
		{9F127490-8B8F-4C25-B37F-FA6DCC0F736C} = {AB7638CF-9D33-48C4-8EE4-0EAF84676227}
		{65948028-08CB-45C6-8EF4-86902C56A919} = {AB7638CF-9D33-48C4-8EE4-0EAF84676227}
		{390298D6-9C3A-4DBB-B291-4DCD40850381} = {AB7638CF-9D33-48C4-8EE4-0EAF84676227}
		{82DAD23E-AA92-4597-B75C-1DFAD6DF341E} = {AB7638CF-9D33-48C4-8EE4-0EAF84676227}
		{21E53400-3F27-4646-8BF7-A956E82B4762} = {AB7638CF-9D33-48C4-8EE4-0EAF84676227}
		{D70AE8CA-0D9D-4829-BC4B-FEA527C93988} = {AB7638CF-9D33-48C4-8EE4-0EAF84676227}
		{49BF7063-E113-4F6A-B09F-23FB632017E8} = {AB7638CF-9D33-48C4-8EE4-0EAF84676227}
		{88F30571-313F-444F-8FFB-DD404E9F2E41} = {AB7638CF-9D33-48C4-8EE4-0EAF84676227}
		{174E92C2-0344-4C85-A204-B905124E4FAA} = {AB7638CF-9D33-48C4-8EE4-0EAF84676227}
		{70FDA5C5-4B6F-48DA-9C21-5D06BE724426} = {1CAD9A1A-3AB8-4FC5-82CC-136B3FE8F66E}
		{41439B38-1185-449A-90A3-50A27C588EDA} = {1CAD9A1A-3AB8-4FC5-82CC-136B3FE8F66E}
		{DEFF9F75-6F41-426D-AEB9-DA53D0A8543C} = {1CAD9A1A-3AB8-4FC5-82CC-136B3FE8F66E}
		{A213DF6C-E6BB-42A4-87D9-48651D39B352} = {1CAD9A1A-3AB8-4FC5-82CC-136B3FE8F66E}
		{94C85F35-F0D6-4734-B41F-A2392ACDB34C} = {1CAD9A1A-3AB8-4FC5-82CC-136B3FE8F66E}
		{11737BA3-1159-472F-93D0-1ED72786F412} = {1CAD9A1A-3AB8-4FC5-82CC-136B3FE8F66E}
		{103389E2-8F99-4CE6-85FF-BB74373D3ED4} = {1CAD9A1A-3AB8-4FC5-82CC-136B3FE8F66E}
		{984E8527-106D-4602-ACBB-25C6E5723CB2} = {1CAD9A1A-3AB8-4FC5-82CC-136B3FE8F66E}
		{B00DD841-21D5-4488-9540-0F8836AE31A8} = {1CAD9A1A-3AB8-4FC5-82CC-136B3FE8F66E}
		{8E5CBD0A-BED9-4479-BF14-E33EDDCADAEE} = {1CAD9A1A-3AB8-4FC5-82CC-136B3FE8F66E}
		{96F2E250-3DC0-4113-9610-0C9DB8168CF2} = {1CAD9A1A-3AB8-4FC5-82CC-136B3FE8F66E}
		{53E607FE-FE68-4C3F-8699-8F67725C621A} = {1CAD9A1A-3AB8-4FC5-82CC-136B3FE8F66E}
		{988B67DE-11FF-4A32-89AB-AA95C6AFA171} = {1CAD9A1A-3AB8-4FC5-82CC-136B3FE8F66E}
		{4A41DE85-C6F6-4FBA-8EF1-84A620E4C351} = {1CAD9A1A-3AB8-4FC5-82CC-136B3FE8F66E}
	EndGlobalSection
EndGlobal
