
Microsoft Visual Studio Solution File, Format Version 11.00
# Visual Studio 2010
Project("{FAE04EC0-301F-11D3-BF4B-00C04F79EFBC}") = "DebuggerPrimitivesContent", "DebuggerPrimitives\DebuggerPrimitivesContent\DebuggerPrimitivesContent.contentproj", "{3A6DA88F-FA82-4D78-9AE7-861D277A26A4}"
EndProject
Project("{FAE04EC0-301F-11D3-BF4B-00C04F79EFBC}") = "SkinnedModelContent", "SkinnedModel\SkinnedModelContent\SkinnedModelContent.contentproj", "{49BF7063-E113-4F6A-B09F-23FB632017E8}"
EndProject
Project("{FAE04EC0-301F-11D3-BF4B-00C04F79EFBC}") = "TransitionsContent", "Transitions\TransitionsContent\TransitionsContent.contentproj", "{174E92C2-0344-4C85-A204-B905124E4FAA}"
EndProject
Project("{FAE04EC0-301F-11D3-BF4B-00C04F79EFBC}") = "DebuggerPrimitives (Windows Phone)", "DebuggerPrimitives\DebuggerPrimitives\DebuggerPrimitives (Windows Phone).csproj", "{FBC87F9F-E36B-4CBA-BB95-3CF22C1EF382}"
EndProject
Project("{FAE04EC0-301F-11D3-BF4B-00C04F79EFBC}") = "SkinnedModel (Windows Phone)", "SkinnedModel\SkinnedModel\SkinnedModel (Windows Phone).csproj", "{D2355014-4187-4BE0-BC02-F963E4F92F22}"
EndProject
Project("{FAE04EC0-301F-11D3-BF4B-00C04F79EFBC}") = "Transitions (Windows Phone)", "Transitions\Transitions\Transitions (Windows Phone).csproj", "{28F04B97-D099-428F-8806-4D802946A122}"
EndProject
Project("{FAE04EC0-301F-11D3-BF4B-00C04F79EFBC}") = "Terrain (Windows Phone)", "Terrain\Terrain\Terrain (Windows Phone).csproj", "{9205C697-E888-4F98-9734-1C88201DC38D}"
EndProject
Project("{FAE04EC0-301F-11D3-BF4B-00C04F79EFBC}") = "TerrainContent", "Terrain\TerrainContent\TerrainContent.contentproj", "{984E8527-106D-4602-ACBB-25C6E5723CB2}"
EndProject
Project("{FAE04EC0-301F-11D3-BF4B-00C04F79EFBC}") = "ParticleSystem (Windows Phone)", "ParticleSystem\ParticleSystem\ParticleSystem (Windows Phone).csproj", "{7A7EABE5-693D-437B-9E34-DB2B8E6042DE}"
EndProject
Project("{FAE04EC0-301F-11D3-BF4B-00C04F79EFBC}") = "ParticleSystemContent", "ParticleSystem\ParticleSystemContent\ParticleSystemContent.contentproj", "{390298D6-9C3A-4DBB-B291-4DCD40850381}"
EndProject
Project("{FAE04EC0-301F-11D3-BF4B-00C04F79EFBC}") = "ScreenEffects (Windows Phone)", "ScreenEffects\ScreenEffects\ScreenEffects (Windows Phone).csproj", "{C05E8576-5C96-49F3-ABD2-806D0EA0D375}"
EndProject
Project("{FAE04EC0-301F-11D3-BF4B-00C04F79EFBC}") = "ScreenEffectsContent", "ScreenEffects\ScreenEffectsContent\ScreenEffectsContent.contentproj", "{21E53400-3F27-4646-8BF7-A956E82B4762}"
EndProject
Project("{FAE04EC0-301F-11D3-BF4B-00C04F79EFBC}") = "Game (Windows Phone)", "Game\Game\Game (Windows Phone).csproj", "{80B2DD8D-4B8F-4E11-BEDF-14CF06E82699}"
EndProject
Project("{FAE04EC0-301F-11D3-BF4B-00C04F79EFBC}") = "GameContent", "Game\GameContent\GameContent.contentproj", "{155BB00D-6EA8-43B6-8A0C-4683B5FD72B2}"
EndProject
Project("{FAE04EC0-301F-11D3-BF4B-00C04F79EFBC}") = "Navigators (Windows Phone)", "Navigators\Navigators\Navigators (Windows Phone).csproj", "{F7E56EE9-663A-4E55-A956-7FA724793BA8}"
EndProject
Project("{FAE04EC0-301F-11D3-BF4B-00C04F79EFBC}") = "NavigatorsContent", "Navigators\NavigatorsContent\NavigatorsContent.contentproj", "{8A0F05B9-F2C6-4849-BA09-F93DEAC808B5}"
EndProject
Global
	GlobalSection(SolutionConfigurationPlatforms) = preSolution
		Debug|Any CPU = Debug|Any CPU
		Debug|Mixed Platforms = Debug|Mixed Platforms
		Debug|Windows Phone = Debug|Windows Phone
		Debug|x86 = Debug|x86
		Debug|Xbox 360 = Debug|Xbox 360
		Release|Any CPU = Release|Any CPU
		Release|Mixed Platforms = Release|Mixed Platforms
		Release|Windows Phone = Release|Windows Phone
		Release|x86 = Release|x86
		Release|Xbox 360 = Release|Xbox 360
	EndGlobalSection
	GlobalSection(ProjectConfigurationPlatforms) = postSolution
		{3A6DA88F-FA82-4D78-9AE7-861D277A26A4}.Debug|Any CPU.ActiveCfg = Debug|Any CPU
		{3A6DA88F-FA82-4D78-9AE7-861D277A26A4}.Debug|Mixed Platforms.ActiveCfg = Debug|Any CPU
		{3A6DA88F-FA82-4D78-9AE7-861D277A26A4}.Debug|Windows Phone.ActiveCfg = Debug|Any CPU
		{3A6DA88F-FA82-4D78-9AE7-861D277A26A4}.Debug|x86.ActiveCfg = Debug|Any CPU
		{3A6DA88F-FA82-4D78-9AE7-861D277A26A4}.Debug|Xbox 360.ActiveCfg = Debug|Any CPU
		{3A6DA88F-FA82-4D78-9AE7-861D277A26A4}.Release|Any CPU.ActiveCfg = Debug|Any CPU
		{3A6DA88F-FA82-4D78-9AE7-861D277A26A4}.Release|Mixed Platforms.ActiveCfg = Debug|Any CPU
		{3A6DA88F-FA82-4D78-9AE7-861D277A26A4}.Release|Windows Phone.ActiveCfg = Debug|Any CPU
		{3A6DA88F-FA82-4D78-9AE7-861D277A26A4}.Release|x86.ActiveCfg = Debug|Any CPU
		{3A6DA88F-FA82-4D78-9AE7-861D277A26A4}.Release|Xbox 360.ActiveCfg = Debug|Any CPU
		{49BF7063-E113-4F6A-B09F-23FB632017E8}.Debug|Any CPU.ActiveCfg = Debug|Any CPU
		{49BF7063-E113-4F6A-B09F-23FB632017E8}.Debug|Mixed Platforms.ActiveCfg = Debug|Any CPU
		{49BF7063-E113-4F6A-B09F-23FB632017E8}.Debug|Windows Phone.ActiveCfg = Debug|Any CPU
		{49BF7063-E113-4F6A-B09F-23FB632017E8}.Debug|x86.ActiveCfg = Debug|Any CPU
		{49BF7063-E113-4F6A-B09F-23FB632017E8}.Debug|Xbox 360.ActiveCfg = Debug|Any CPU
		{49BF7063-E113-4F6A-B09F-23FB632017E8}.Release|Any CPU.ActiveCfg = Debug|Any CPU
		{49BF7063-E113-4F6A-B09F-23FB632017E8}.Release|Mixed Platforms.ActiveCfg = Debug|Any CPU
		{49BF7063-E113-4F6A-B09F-23FB632017E8}.Release|Windows Phone.ActiveCfg = Debug|Any CPU
		{49BF7063-E113-4F6A-B09F-23FB632017E8}.Release|x86.ActiveCfg = Debug|Any CPU
		{49BF7063-E113-4F6A-B09F-23FB632017E8}.Release|Xbox 360.ActiveCfg = Debug|Any CPU
		{174E92C2-0344-4C85-A204-B905124E4FAA}.Debug|Any CPU.ActiveCfg = Debug|Any CPU
		{174E92C2-0344-4C85-A204-B905124E4FAA}.Debug|Mixed Platforms.ActiveCfg = Debug|Any CPU
		{174E92C2-0344-4C85-A204-B905124E4FAA}.Debug|Windows Phone.ActiveCfg = Debug|Any CPU
		{174E92C2-0344-4C85-A204-B905124E4FAA}.Debug|x86.ActiveCfg = Debug|Any CPU
		{174E92C2-0344-4C85-A204-B905124E4FAA}.Debug|Xbox 360.ActiveCfg = Debug|Any CPU
		{174E92C2-0344-4C85-A204-B905124E4FAA}.Release|Any CPU.ActiveCfg = Debug|Any CPU
		{174E92C2-0344-4C85-A204-B905124E4FAA}.Release|Mixed Platforms.ActiveCfg = Debug|Any CPU
		{174E92C2-0344-4C85-A204-B905124E4FAA}.Release|Windows Phone.ActiveCfg = Debug|Any CPU
		{174E92C2-0344-4C85-A204-B905124E4FAA}.Release|x86.ActiveCfg = Debug|Any CPU
		{174E92C2-0344-4C85-A204-B905124E4FAA}.Release|Xbox 360.ActiveCfg = Debug|Any CPU
		{FBC87F9F-E36B-4CBA-BB95-3CF22C1EF382}.Debug|Any CPU.ActiveCfg = Debug|Windows Phone
		{FBC87F9F-E36B-4CBA-BB95-3CF22C1EF382}.Debug|Mixed Platforms.ActiveCfg = Debug|Windows Phone
		{FBC87F9F-E36B-4CBA-BB95-3CF22C1EF382}.Debug|Mixed Platforms.Build.0 = Debug|Windows Phone
		{FBC87F9F-E36B-4CBA-BB95-3CF22C1EF382}.Debug|Mixed Platforms.Deploy.0 = Debug|Windows Phone
		{FBC87F9F-E36B-4CBA-BB95-3CF22C1EF382}.Debug|Windows Phone.ActiveCfg = Debug|Windows Phone
		{FBC87F9F-E36B-4CBA-BB95-3CF22C1EF382}.Debug|Windows Phone.Build.0 = Debug|Windows Phone
		{FBC87F9F-E36B-4CBA-BB95-3CF22C1EF382}.Debug|Windows Phone.Deploy.0 = Debug|Windows Phone
		{FBC87F9F-E36B-4CBA-BB95-3CF22C1EF382}.Debug|x86.ActiveCfg = Debug|Windows Phone
		{FBC87F9F-E36B-4CBA-BB95-3CF22C1EF382}.Debug|Xbox 360.ActiveCfg = Debug|Windows Phone
		{FBC87F9F-E36B-4CBA-BB95-3CF22C1EF382}.Debug|Xbox 360.Build.0 = Debug|Windows Phone
		{FBC87F9F-E36B-4CBA-BB95-3CF22C1EF382}.Release|Any CPU.ActiveCfg = Release|Windows Phone
		{FBC87F9F-E36B-4CBA-BB95-3CF22C1EF382}.Release|Mixed Platforms.ActiveCfg = Release|Windows Phone
		{FBC87F9F-E36B-4CBA-BB95-3CF22C1EF382}.Release|Mixed Platforms.Build.0 = Release|Windows Phone
		{FBC87F9F-E36B-4CBA-BB95-3CF22C1EF382}.Release|Mixed Platforms.Deploy.0 = Release|Windows Phone
		{FBC87F9F-E36B-4CBA-BB95-3CF22C1EF382}.Release|Windows Phone.ActiveCfg = Release|Windows Phone
		{FBC87F9F-E36B-4CBA-BB95-3CF22C1EF382}.Release|Windows Phone.Build.0 = Release|Windows Phone
		{FBC87F9F-E36B-4CBA-BB95-3CF22C1EF382}.Release|Windows Phone.Deploy.0 = Release|Windows Phone
		{FBC87F9F-E36B-4CBA-BB95-3CF22C1EF382}.Release|x86.ActiveCfg = Release|Windows Phone
		{FBC87F9F-E36B-4CBA-BB95-3CF22C1EF382}.Release|Xbox 360.ActiveCfg = Release|Windows Phone
		{FBC87F9F-E36B-4CBA-BB95-3CF22C1EF382}.Release|Xbox 360.Build.0 = Release|Windows Phone
		{D2355014-4187-4BE0-BC02-F963E4F92F22}.Debug|Any CPU.ActiveCfg = Debug|Windows Phone
		{D2355014-4187-4BE0-BC02-F963E4F92F22}.Debug|Mixed Platforms.ActiveCfg = Debug|Windows Phone
		{D2355014-4187-4BE0-BC02-F963E4F92F22}.Debug|Mixed Platforms.Build.0 = Debug|Windows Phone
		{D2355014-4187-4BE0-BC02-F963E4F92F22}.Debug|Mixed Platforms.Deploy.0 = Debug|Windows Phone
		{D2355014-4187-4BE0-BC02-F963E4F92F22}.Debug|Windows Phone.ActiveCfg = Debug|Windows Phone
		{D2355014-4187-4BE0-BC02-F963E4F92F22}.Debug|Windows Phone.Build.0 = Debug|Windows Phone
		{D2355014-4187-4BE0-BC02-F963E4F92F22}.Debug|Windows Phone.Deploy.0 = Debug|Windows Phone
		{D2355014-4187-4BE0-BC02-F963E4F92F22}.Debug|x86.ActiveCfg = Debug|Windows Phone
		{D2355014-4187-4BE0-BC02-F963E4F92F22}.Debug|Xbox 360.ActiveCfg = Debug|Windows Phone
		{D2355014-4187-4BE0-BC02-F963E4F92F22}.Debug|Xbox 360.Build.0 = Debug|Windows Phone
		{D2355014-4187-4BE0-BC02-F963E4F92F22}.Release|Any CPU.ActiveCfg = Release|Windows Phone
		{D2355014-4187-4BE0-BC02-F963E4F92F22}.Release|Mixed Platforms.ActiveCfg = Release|Windows Phone
		{D2355014-4187-4BE0-BC02-F963E4F92F22}.Release|Mixed Platforms.Build.0 = Release|Windows Phone
		{D2355014-4187-4BE0-BC02-F963E4F92F22}.Release|Mixed Platforms.Deploy.0 = Release|Windows Phone
		{D2355014-4187-4BE0-BC02-F963E4F92F22}.Release|Windows Phone.ActiveCfg = Release|Windows Phone
		{D2355014-4187-4BE0-BC02-F963E4F92F22}.Release|Windows Phone.Build.0 = Release|Windows Phone
		{D2355014-4187-4BE0-BC02-F963E4F92F22}.Release|Windows Phone.Deploy.0 = Release|Windows Phone
		{D2355014-4187-4BE0-BC02-F963E4F92F22}.Release|x86.ActiveCfg = Release|Windows Phone
		{D2355014-4187-4BE0-BC02-F963E4F92F22}.Release|Xbox 360.ActiveCfg = Release|Windows Phone
		{D2355014-4187-4BE0-BC02-F963E4F92F22}.Release|Xbox 360.Build.0 = Release|Windows Phone
		{28F04B97-D099-428F-8806-4D802946A122}.Debug|Any CPU.ActiveCfg = Debug|Windows Phone
		{28F04B97-D099-428F-8806-4D802946A122}.Debug|Mixed Platforms.ActiveCfg = Debug|Windows Phone
		{28F04B97-D099-428F-8806-4D802946A122}.Debug|Mixed Platforms.Build.0 = Debug|Windows Phone
		{28F04B97-D099-428F-8806-4D802946A122}.Debug|Mixed Platforms.Deploy.0 = Debug|Windows Phone
		{28F04B97-D099-428F-8806-4D802946A122}.Debug|Windows Phone.ActiveCfg = Debug|Windows Phone
		{28F04B97-D099-428F-8806-4D802946A122}.Debug|Windows Phone.Build.0 = Debug|Windows Phone
		{28F04B97-D099-428F-8806-4D802946A122}.Debug|Windows Phone.Deploy.0 = Debug|Windows Phone
		{28F04B97-D099-428F-8806-4D802946A122}.Debug|x86.ActiveCfg = Debug|Windows Phone
		{28F04B97-D099-428F-8806-4D802946A122}.Debug|Xbox 360.ActiveCfg = Debug|Windows Phone
		{28F04B97-D099-428F-8806-4D802946A122}.Debug|Xbox 360.Build.0 = Debug|Windows Phone
		{28F04B97-D099-428F-8806-4D802946A122}.Release|Any CPU.ActiveCfg = Release|Windows Phone
		{28F04B97-D099-428F-8806-4D802946A122}.Release|Mixed Platforms.ActiveCfg = Release|Windows Phone
		{28F04B97-D099-428F-8806-4D802946A122}.Release|Mixed Platforms.Build.0 = Release|Windows Phone
		{28F04B97-D099-428F-8806-4D802946A122}.Release|Mixed Platforms.Deploy.0 = Release|Windows Phone
		{28F04B97-D099-428F-8806-4D802946A122}.Release|Windows Phone.ActiveCfg = Release|Windows Phone
		{28F04B97-D099-428F-8806-4D802946A122}.Release|Windows Phone.Build.0 = Release|Windows Phone
		{28F04B97-D099-428F-8806-4D802946A122}.Release|Windows Phone.Deploy.0 = Release|Windows Phone
		{28F04B97-D099-428F-8806-4D802946A122}.Release|x86.ActiveCfg = Release|Windows Phone
		{28F04B97-D099-428F-8806-4D802946A122}.Release|Xbox 360.ActiveCfg = Release|Windows Phone
		{28F04B97-D099-428F-8806-4D802946A122}.Release|Xbox 360.Build.0 = Release|Windows Phone
		{9205C697-E888-4F98-9734-1C88201DC38D}.Debug|Any CPU.ActiveCfg = Debug|Windows Phone
		{9205C697-E888-4F98-9734-1C88201DC38D}.Debug|Mixed Platforms.ActiveCfg = Debug|Windows Phone
		{9205C697-E888-4F98-9734-1C88201DC38D}.Debug|Mixed Platforms.Build.0 = Debug|Windows Phone
		{9205C697-E888-4F98-9734-1C88201DC38D}.Debug|Mixed Platforms.Deploy.0 = Debug|Windows Phone
		{9205C697-E888-4F98-9734-1C88201DC38D}.Debug|Windows Phone.ActiveCfg = Debug|Windows Phone
		{9205C697-E888-4F98-9734-1C88201DC38D}.Debug|Windows Phone.Build.0 = Debug|Windows Phone
		{9205C697-E888-4F98-9734-1C88201DC38D}.Debug|Windows Phone.Deploy.0 = Debug|Windows Phone
		{9205C697-E888-4F98-9734-1C88201DC38D}.Debug|x86.ActiveCfg = Debug|Windows Phone
		{9205C697-E888-4F98-9734-1C88201DC38D}.Debug|Xbox 360.ActiveCfg = Debug|Windows Phone
		{9205C697-E888-4F98-9734-1C88201DC38D}.Release|Any CPU.ActiveCfg = Release|Windows Phone
		{9205C697-E888-4F98-9734-1C88201DC38D}.Release|Mixed Platforms.ActiveCfg = Release|Windows Phone
		{9205C697-E888-4F98-9734-1C88201DC38D}.Release|Mixed Platforms.Build.0 = Release|Windows Phone
		{9205C697-E888-4F98-9734-1C88201DC38D}.Release|Mixed Platforms.Deploy.0 = Release|Windows Phone
		{9205C697-E888-4F98-9734-1C88201DC38D}.Release|Windows Phone.ActiveCfg = Release|Windows Phone
		{9205C697-E888-4F98-9734-1C88201DC38D}.Release|Windows Phone.Build.0 = Release|Windows Phone
		{9205C697-E888-4F98-9734-1C88201DC38D}.Release|Windows Phone.Deploy.0 = Release|Windows Phone
		{9205C697-E888-4F98-9734-1C88201DC38D}.Release|x86.ActiveCfg = Release|Windows Phone
		{9205C697-E888-4F98-9734-1C88201DC38D}.Release|Xbox 360.ActiveCfg = Release|Windows Phone
		{984E8527-106D-4602-ACBB-25C6E5723CB2}.Debug|Any CPU.ActiveCfg = Debug|Any CPU
		{984E8527-106D-4602-ACBB-25C6E5723CB2}.Debug|Mixed Platforms.ActiveCfg = Debug|Any CPU
		{984E8527-106D-4602-ACBB-25C6E5723CB2}.Debug|Windows Phone.ActiveCfg = Debug|Any CPU
		{984E8527-106D-4602-ACBB-25C6E5723CB2}.Debug|x86.ActiveCfg = Debug|Any CPU
		{984E8527-106D-4602-ACBB-25C6E5723CB2}.Debug|Xbox 360.ActiveCfg = Debug|Any CPU
		{984E8527-106D-4602-ACBB-25C6E5723CB2}.Release|Any CPU.ActiveCfg = Debug|Any CPU
		{984E8527-106D-4602-ACBB-25C6E5723CB2}.Release|Mixed Platforms.ActiveCfg = Debug|Any CPU
		{984E8527-106D-4602-ACBB-25C6E5723CB2}.Release|Windows Phone.ActiveCfg = Debug|Any CPU
		{984E8527-106D-4602-ACBB-25C6E5723CB2}.Release|x86.ActiveCfg = Debug|Any CPU
		{984E8527-106D-4602-ACBB-25C6E5723CB2}.Release|Xbox 360.ActiveCfg = Debug|Any CPU
		{7A7EABE5-693D-437B-9E34-DB2B8E6042DE}.Debug|Any CPU.ActiveCfg = Debug|Windows Phone
		{7A7EABE5-693D-437B-9E34-DB2B8E6042DE}.Debug|Mixed Platforms.ActiveCfg = Debug|Windows Phone
		{7A7EABE5-693D-437B-9E34-DB2B8E6042DE}.Debug|Mixed Platforms.Build.0 = Debug|Windows Phone
		{7A7EABE5-693D-437B-9E34-DB2B8E6042DE}.Debug|Mixed Platforms.Deploy.0 = Debug|Windows Phone
		{7A7EABE5-693D-437B-9E34-DB2B8E6042DE}.Debug|Windows Phone.ActiveCfg = Debug|Windows Phone
		{7A7EABE5-693D-437B-9E34-DB2B8E6042DE}.Debug|Windows Phone.Build.0 = Debug|Windows Phone
		{7A7EABE5-693D-437B-9E34-DB2B8E6042DE}.Debug|Windows Phone.Deploy.0 = Debug|Windows Phone
		{7A7EABE5-693D-437B-9E34-DB2B8E6042DE}.Debug|x86.ActiveCfg = Debug|Windows Phone
		{7A7EABE5-693D-437B-9E34-DB2B8E6042DE}.Debug|Xbox 360.ActiveCfg = Debug|Windows Phone
		{7A7EABE5-693D-437B-9E34-DB2B8E6042DE}.Release|Any CPU.ActiveCfg = Release|Windows Phone
		{7A7EABE5-693D-437B-9E34-DB2B8E6042DE}.Release|Mixed Platforms.ActiveCfg = Release|Windows Phone
		{7A7EABE5-693D-437B-9E34-DB2B8E6042DE}.Release|Mixed Platforms.Build.0 = Release|Windows Phone
		{7A7EABE5-693D-437B-9E34-DB2B8E6042DE}.Release|Mixed Platforms.Deploy.0 = Release|Windows Phone
		{7A7EABE5-693D-437B-9E34-DB2B8E6042DE}.Release|Windows Phone.ActiveCfg = Release|Windows Phone
		{7A7EABE5-693D-437B-9E34-DB2B8E6042DE}.Release|Windows Phone.Build.0 = Release|Windows Phone
		{7A7EABE5-693D-437B-9E34-DB2B8E6042DE}.Release|Windows Phone.Deploy.0 = Release|Windows Phone
		{7A7EABE5-693D-437B-9E34-DB2B8E6042DE}.Release|x86.ActiveCfg = Release|Windows Phone
		{7A7EABE5-693D-437B-9E34-DB2B8E6042DE}.Release|Xbox 360.ActiveCfg = Release|Windows Phone
		{390298D6-9C3A-4DBB-B291-4DCD40850381}.Debug|Any CPU.ActiveCfg = Debug|Any CPU
		{390298D6-9C3A-4DBB-B291-4DCD40850381}.Debug|Mixed Platforms.ActiveCfg = Debug|Any CPU
		{390298D6-9C3A-4DBB-B291-4DCD40850381}.Debug|Windows Phone.ActiveCfg = Debug|Any CPU
		{390298D6-9C3A-4DBB-B291-4DCD40850381}.Debug|x86.ActiveCfg = Debug|Any CPU
		{390298D6-9C3A-4DBB-B291-4DCD40850381}.Debug|Xbox 360.ActiveCfg = Debug|Any CPU
		{390298D6-9C3A-4DBB-B291-4DCD40850381}.Release|Any CPU.ActiveCfg = Debug|Any CPU
		{390298D6-9C3A-4DBB-B291-4DCD40850381}.Release|Mixed Platforms.ActiveCfg = Debug|Any CPU
		{390298D6-9C3A-4DBB-B291-4DCD40850381}.Release|Windows Phone.ActiveCfg = Debug|Any CPU
		{390298D6-9C3A-4DBB-B291-4DCD40850381}.Release|x86.ActiveCfg = Debug|Any CPU
		{390298D6-9C3A-4DBB-B291-4DCD40850381}.Release|Xbox 360.ActiveCfg = Debug|Any CPU
		{C05E8576-5C96-49F3-ABD2-806D0EA0D375}.Debug|Any CPU.ActiveCfg = Debug|Windows Phone
		{C05E8576-5C96-49F3-ABD2-806D0EA0D375}.Debug|Mixed Platforms.ActiveCfg = Debug|Windows Phone
		{C05E8576-5C96-49F3-ABD2-806D0EA0D375}.Debug|Mixed Platforms.Build.0 = Debug|Windows Phone
		{C05E8576-5C96-49F3-ABD2-806D0EA0D375}.Debug|Mixed Platforms.Deploy.0 = Debug|Windows Phone
		{C05E8576-5C96-49F3-ABD2-806D0EA0D375}.Debug|Windows Phone.ActiveCfg = Debug|Windows Phone
		{C05E8576-5C96-49F3-ABD2-806D0EA0D375}.Debug|Windows Phone.Build.0 = Debug|Windows Phone
		{C05E8576-5C96-49F3-ABD2-806D0EA0D375}.Debug|Windows Phone.Deploy.0 = Debug|Windows Phone
		{C05E8576-5C96-49F3-ABD2-806D0EA0D375}.Debug|x86.ActiveCfg = Debug|Windows Phone
		{C05E8576-5C96-49F3-ABD2-806D0EA0D375}.Debug|Xbox 360.ActiveCfg = Debug|Windows Phone
		{C05E8576-5C96-49F3-ABD2-806D0EA0D375}.Release|Any CPU.ActiveCfg = Release|Windows Phone
		{C05E8576-5C96-49F3-ABD2-806D0EA0D375}.Release|Mixed Platforms.ActiveCfg = Release|Windows Phone
		{C05E8576-5C96-49F3-ABD2-806D0EA0D375}.Release|Mixed Platforms.Build.0 = Release|Windows Phone
		{C05E8576-5C96-49F3-ABD2-806D0EA0D375}.Release|Mixed Platforms.Deploy.0 = Release|Windows Phone
		{C05E8576-5C96-49F3-ABD2-806D0EA0D375}.Release|Windows Phone.ActiveCfg = Release|Windows Phone
		{C05E8576-5C96-49F3-ABD2-806D0EA0D375}.Release|Windows Phone.Build.0 = Release|Windows Phone
		{C05E8576-5C96-49F3-ABD2-806D0EA0D375}.Release|Windows Phone.Deploy.0 = Release|Windows Phone
		{C05E8576-5C96-49F3-ABD2-806D0EA0D375}.Release|x86.ActiveCfg = Release|Windows Phone
		{C05E8576-5C96-49F3-ABD2-806D0EA0D375}.Release|Xbox 360.ActiveCfg = Release|Windows Phone
		{21E53400-3F27-4646-8BF7-A956E82B4762}.Debug|Any CPU.ActiveCfg = Debug|Any CPU
		{21E53400-3F27-4646-8BF7-A956E82B4762}.Debug|Mixed Platforms.ActiveCfg = Debug|Any CPU
		{21E53400-3F27-4646-8BF7-A956E82B4762}.Debug|Windows Phone.ActiveCfg = Debug|Any CPU
		{21E53400-3F27-4646-8BF7-A956E82B4762}.Debug|x86.ActiveCfg = Debug|Any CPU
		{21E53400-3F27-4646-8BF7-A956E82B4762}.Debug|Xbox 360.ActiveCfg = Debug|Any CPU
		{21E53400-3F27-4646-8BF7-A956E82B4762}.Release|Any CPU.ActiveCfg = Debug|Any CPU
		{21E53400-3F27-4646-8BF7-A956E82B4762}.Release|Mixed Platforms.ActiveCfg = Debug|Any CPU
		{21E53400-3F27-4646-8BF7-A956E82B4762}.Release|Windows Phone.ActiveCfg = Debug|Any CPU
		{21E53400-3F27-4646-8BF7-A956E82B4762}.Release|x86.ActiveCfg = Debug|Any CPU
		{21E53400-3F27-4646-8BF7-A956E82B4762}.Release|Xbox 360.ActiveCfg = Debug|Any CPU
		{80B2DD8D-4B8F-4E11-BEDF-14CF06E82699}.Debug|Any CPU.ActiveCfg = Debug|Windows Phone
		{80B2DD8D-4B8F-4E11-BEDF-14CF06E82699}.Debug|Mixed Platforms.ActiveCfg = Debug|Windows Phone
		{80B2DD8D-4B8F-4E11-BEDF-14CF06E82699}.Debug|Mixed Platforms.Build.0 = Debug|Windows Phone
		{80B2DD8D-4B8F-4E11-BEDF-14CF06E82699}.Debug|Mixed Platforms.Deploy.0 = Debug|Windows Phone
		{80B2DD8D-4B8F-4E11-BEDF-14CF06E82699}.Debug|Windows Phone.ActiveCfg = Debug|Windows Phone
		{80B2DD8D-4B8F-4E11-BEDF-14CF06E82699}.Debug|Windows Phone.Build.0 = Debug|Windows Phone
		{80B2DD8D-4B8F-4E11-BEDF-14CF06E82699}.Debug|Windows Phone.Deploy.0 = Debug|Windows Phone
		{80B2DD8D-4B8F-4E11-BEDF-14CF06E82699}.Debug|x86.ActiveCfg = Debug|Windows Phone
		{80B2DD8D-4B8F-4E11-BEDF-14CF06E82699}.Debug|Xbox 360.ActiveCfg = Debug|Windows Phone
		{80B2DD8D-4B8F-4E11-BEDF-14CF06E82699}.Release|Any CPU.ActiveCfg = Release|Windows Phone
		{80B2DD8D-4B8F-4E11-BEDF-14CF06E82699}.Release|Mixed Platforms.ActiveCfg = Release|Windows Phone
		{80B2DD8D-4B8F-4E11-BEDF-14CF06E82699}.Release|Mixed Platforms.Build.0 = Release|Windows Phone
		{80B2DD8D-4B8F-4E11-BEDF-14CF06E82699}.Release|Mixed Platforms.Deploy.0 = Release|Windows Phone
		{80B2DD8D-4B8F-4E11-BEDF-14CF06E82699}.Release|Windows Phone.ActiveCfg = Release|Windows Phone
		{80B2DD8D-4B8F-4E11-BEDF-14CF06E82699}.Release|Windows Phone.Build.0 = Release|Windows Phone
		{80B2DD8D-4B8F-4E11-BEDF-14CF06E82699}.Release|Windows Phone.Deploy.0 = Release|Windows Phone
		{80B2DD8D-4B8F-4E11-BEDF-14CF06E82699}.Release|x86.ActiveCfg = Release|Windows Phone
		{80B2DD8D-4B8F-4E11-BEDF-14CF06E82699}.Release|Xbox 360.ActiveCfg = Release|Windows Phone
		{155BB00D-6EA8-43B6-8A0C-4683B5FD72B2}.Debug|Any CPU.ActiveCfg = Debug|x86
		{155BB00D-6EA8-43B6-8A0C-4683B5FD72B2}.Debug|Mixed Platforms.ActiveCfg = Debug|x86
		{155BB00D-6EA8-43B6-8A0C-4683B5FD72B2}.Debug|Windows Phone.ActiveCfg = Debug|x86
		{155BB00D-6EA8-43B6-8A0C-4683B5FD72B2}.Debug|x86.ActiveCfg = Debug|x86
		{155BB00D-6EA8-43B6-8A0C-4683B5FD72B2}.Debug|Xbox 360.ActiveCfg = Debug|x86
		{155BB00D-6EA8-43B6-8A0C-4683B5FD72B2}.Release|Any CPU.ActiveCfg = Release|x86
		{155BB00D-6EA8-43B6-8A0C-4683B5FD72B2}.Release|Mixed Platforms.ActiveCfg = Release|x86
		{155BB00D-6EA8-43B6-8A0C-4683B5FD72B2}.Release|Windows Phone.ActiveCfg = Release|x86
		{155BB00D-6EA8-43B6-8A0C-4683B5FD72B2}.Release|x86.ActiveCfg = Release|x86
		{155BB00D-6EA8-43B6-8A0C-4683B5FD72B2}.Release|Xbox 360.ActiveCfg = Release|x86
		{F7E56EE9-663A-4E55-A956-7FA724793BA8}.Debug|Any CPU.ActiveCfg = Debug|Windows Phone
		{F7E56EE9-663A-4E55-A956-7FA724793BA8}.Debug|Mixed Platforms.ActiveCfg = Debug|Windows Phone
		{F7E56EE9-663A-4E55-A956-7FA724793BA8}.Debug|Mixed Platforms.Build.0 = Debug|Windows Phone
		{F7E56EE9-663A-4E55-A956-7FA724793BA8}.Debug|Mixed Platforms.Deploy.0 = Debug|Windows Phone
		{F7E56EE9-663A-4E55-A956-7FA724793BA8}.Debug|Windows Phone.ActiveCfg = Debug|Windows Phone
		{F7E56EE9-663A-4E55-A956-7FA724793BA8}.Debug|Windows Phone.Build.0 = Debug|Windows Phone
		{F7E56EE9-663A-4E55-A956-7FA724793BA8}.Debug|Windows Phone.Deploy.0 = Debug|Windows Phone
		{F7E56EE9-663A-4E55-A956-7FA724793BA8}.Debug|x86.ActiveCfg = Debug|Windows Phone
		{F7E56EE9-663A-4E55-A956-7FA724793BA8}.Debug|Xbox 360.ActiveCfg = Debug|Windows Phone
		{F7E56EE9-663A-4E55-A956-7FA724793BA8}.Release|Any CPU.ActiveCfg = Release|Windows Phone
		{F7E56EE9-663A-4E55-A956-7FA724793BA8}.Release|Mixed Platforms.ActiveCfg = Release|Windows Phone
		{F7E56EE9-663A-4E55-A956-7FA724793BA8}.Release|Mixed Platforms.Build.0 = Release|Windows Phone
		{F7E56EE9-663A-4E55-A956-7FA724793BA8}.Release|Mixed Platforms.Deploy.0 = Release|Windows Phone
		{F7E56EE9-663A-4E55-A956-7FA724793BA8}.Release|Windows Phone.ActiveCfg = Release|Windows Phone
		{F7E56EE9-663A-4E55-A956-7FA724793BA8}.Release|Windows Phone.Build.0 = Release|Windows Phone
		{F7E56EE9-663A-4E55-A956-7FA724793BA8}.Release|Windows Phone.Deploy.0 = Release|Windows Phone
		{F7E56EE9-663A-4E55-A956-7FA724793BA8}.Release|x86.ActiveCfg = Release|Windows Phone
		{F7E56EE9-663A-4E55-A956-7FA724793BA8}.Release|Xbox 360.ActiveCfg = Release|Windows Phone
		{8A0F05B9-F2C6-4849-BA09-F93DEAC808B5}.Debug|Any CPU.ActiveCfg = Debug|x86
		{8A0F05B9-F2C6-4849-BA09-F93DEAC808B5}.Debug|Mixed Platforms.ActiveCfg = Debug|x86
		{8A0F05B9-F2C6-4849-BA09-F93DEAC808B5}.Debug|Windows Phone.ActiveCfg = Debug|x86
		{8A0F05B9-F2C6-4849-BA09-F93DEAC808B5}.Debug|x86.ActiveCfg = Debug|x86
		{8A0F05B9-F2C6-4849-BA09-F93DEAC808B5}.Debug|Xbox 360.ActiveCfg = Debug|x86
		{8A0F05B9-F2C6-4849-BA09-F93DEAC808B5}.Release|Any CPU.ActiveCfg = Release|x86
		{8A0F05B9-F2C6-4849-BA09-F93DEAC808B5}.Release|Mixed Platforms.ActiveCfg = Release|x86
		{8A0F05B9-F2C6-4849-BA09-F93DEAC808B5}.Release|Windows Phone.ActiveCfg = Release|x86
		{8A0F05B9-F2C6-4849-BA09-F93DEAC808B5}.Release|x86.ActiveCfg = Release|x86
		{8A0F05B9-F2C6-4849-BA09-F93DEAC808B5}.Release|Xbox 360.ActiveCfg = Release|x86
	EndGlobalSection
	GlobalSection(SolutionProperties) = preSolution
		HideSolutionNode = FALSE
	EndGlobalSection
	GlobalSection(SharpSetup) = preSolution
		Version = 1.2
	EndGlobalSection
EndGlobal
