
Microsoft Visual Studio Solution File, Format Version 11.00
# Visual Phone Developer Express 2010
Project("{FAE04EC0-301F-11D3-BF4B-00C04F79EFBC}") = "DebuggerPrimitives", "DebuggerPrimitives\DebuggerPrimitives\DebuggerPrimitives.csproj", "{6EF51561-559B-437D-97E6-394F1F5051E5}"
EndProject
Project("{FAE04EC0-301F-11D3-BF4B-00C04F79EFBC}") = "DebuggerPrimitivesContent", "DebuggerPrimitives\DebuggerPrimitivesContent\DebuggerPrimitivesContent.contentproj", "{3A6DA88F-FA82-4D78-9AE7-861D277A26A4}"
EndProject
Project("{FAE04EC0-301F-11D3-BF4B-00C04F79EFBC}") = "FlockingBehaviors", "FlockingBehaviors\FlockingBehaviors\FlockingBehaviors.csproj", "{53643C81-93D4-47A1-96E3-F80544E1D9C2}"
EndProject
Project("{FAE04EC0-301F-11D3-BF4B-00C04F79EFBC}") = "FlockingBehaviorsContent", "FlockingBehaviors\FlockingBehaviorsContent\FlockingBehaviorsContent.contentproj", "{DEFF9F75-6F41-426D-AEB9-DA53D0A8543C}"
EndProject
Project("{FAE04EC0-301F-11D3-BF4B-00C04F79EFBC}") = "PathFinding", "PathFinding\PathFinding\PathFinding.csproj", "{E18C5145-CFAE-432A-B555-64AB967C005A}"
EndProject
Project("{FAE04EC0-301F-11D3-BF4B-00C04F79EFBC}") = "PathFindingContent", "PathFinding\PathFindingContent\PathFindingContent.contentproj", "{B00DD841-21D5-4488-9540-0F8836AE31A8}"
EndProject
Project("{FAE04EC0-301F-11D3-BF4B-00C04F79EFBC}") = "ScreenEffects", "ScreenEffects\ScreenEffects\ScreenEffects.csproj", "{D528BE6C-0925-4F53-98F8-61171B1A3B40}"
EndProject
Project("{FAE04EC0-301F-11D3-BF4B-00C04F79EFBC}") = "ScreenEffectsContent", "ScreenEffects\ScreenEffectsContent\ScreenEffectsContent.contentproj", "{21E53400-3F27-4646-8BF7-A956E82B4762}"
EndProject
Project("{FAE04EC0-301F-11D3-BF4B-00C04F79EFBC}") = "Terrain", "Terrain\Terrain\Terrain.csproj", "{2849C423-C03C-4B00-8F5E-7DED7CDA5A07}"
EndProject
Project("{FAE04EC0-301F-11D3-BF4B-00C04F79EFBC}") = "TerrainContent", "Terrain\TerrainContent\TerrainContent.contentproj", "{984E8527-106D-4602-ACBB-25C6E5723CB2}"
EndProject
Project("{FAE04EC0-301F-11D3-BF4B-00C04F79EFBC}") = "SkinnedModel", "SkinnedModel\SkinnedModel\SkinnedModel.csproj", "{E7DE2B36-C261-4D77-97E6-DE1FE09A4779}"
EndProject
Project("{FAE04EC0-301F-11D3-BF4B-00C04F79EFBC}") = "SkinnedModelContent", "SkinnedModel\SkinnedModelContent\SkinnedModelContent.contentproj", "{49BF7063-E113-4F6A-B09F-23FB632017E8}"
EndProject
Project("{FAE04EC0-301F-11D3-BF4B-00C04F79EFBC}") = "ShadowMapping", "ShadowMapping\ShadowMapping\ShadowMapping.csproj", "{189FC711-FF6B-4C08-9EEC-BD5F2C08F24F}"
EndProject
Project("{FAE04EC0-301F-11D3-BF4B-00C04F79EFBC}") = "ShadowMappingContent", "ShadowMapping\ShadowMappingContent\ShadowMappingContent.contentproj", "{96F2E250-3DC0-4113-9610-0C9DB8168CF2}"
EndProject
Project("{FAE04EC0-301F-11D3-BF4B-00C04F79EFBC}") = "Transitions", "Transitions\Transitions\Transitions.csproj", "{646E7178-D967-412A-82C1-593F9CF5915C}"
EndProject
Project("{FAE04EC0-301F-11D3-BF4B-00C04F79EFBC}") = "TransitionsContent", "Transitions\TransitionsContent\TransitionsContent.contentproj", "{174E92C2-0344-4C85-A204-B905124E4FAA}"
EndProject
Project("{FAE04EC0-301F-11D3-BF4B-00C04F79EFBC}") = "SpriteAnimation", "SpriteAnimation\SpriteAnimation\SpriteAnimation.csproj", "{74F4281D-C58A-4F45-B790-B1818BA1ECB7}"
EndProject
Project("{FAE04EC0-301F-11D3-BF4B-00C04F79EFBC}") = "SpriteAnimationContent", "SpriteAnimation\SpriteAnimationContent\SpriteAnimationContent.contentproj", "{988B67DE-11FF-4A32-89AB-AA95C6AFA171}"
EndProject
Project("{FAE04EC0-301F-11D3-BF4B-00C04F79EFBC}") = "ParticleSystem", "ParticleSystem\ParticleSystem\ParticleSystem.csproj", "{4B4425E8-F1E4-4195-BAC7-01733EC81C21}"
EndProject
Project("{96E2B04D-8817-42C6-938A-82C39BA4D311}") = "ParticleSystemContent", "ParticleSystem\ParticleSystemContent\ParticleSystemContent.contentproj", "{390298D6-9C3A-4DBB-B291-4DCD40850381}"
EndProject
Global
	GlobalSection(SolutionConfigurationPlatforms) = preSolution
		Debug|Any CPU = Debug|Any CPU
		Debug|x86 = Debug|x86
		Release|Any CPU = Release|Any CPU
		Release|x86 = Release|x86
	EndGlobalSection
	GlobalSection(ProjectConfigurationPlatforms) = postSolution
		{6EF51561-559B-437D-97E6-394F1F5051E5}.Debug|Any CPU.ActiveCfg = Debug|x86
		{6EF51561-559B-437D-97E6-394F1F5051E5}.Debug|x86.ActiveCfg = Debug|x86
		{6EF51561-559B-437D-97E6-394F1F5051E5}.Debug|x86.Build.0 = Debug|x86
		{6EF51561-559B-437D-97E6-394F1F5051E5}.Release|Any CPU.ActiveCfg = Release|x86
		{6EF51561-559B-437D-97E6-394F1F5051E5}.Release|x86.ActiveCfg = Release|x86
		{6EF51561-559B-437D-97E6-394F1F5051E5}.Release|x86.Build.0 = Release|x86
		{3A6DA88F-FA82-4D78-9AE7-861D277A26A4}.Debug|Any CPU.ActiveCfg = Debug|Any CPU
		{3A6DA88F-FA82-4D78-9AE7-861D277A26A4}.Debug|x86.ActiveCfg = Debug|Any CPU
		{3A6DA88F-FA82-4D78-9AE7-861D277A26A4}.Release|Any CPU.ActiveCfg = Debug|Any CPU
		{3A6DA88F-FA82-4D78-9AE7-861D277A26A4}.Release|x86.ActiveCfg = Debug|Any CPU
		{53643C81-93D4-47A1-96E3-F80544E1D9C2}.Debug|Any CPU.ActiveCfg = Debug|x86
		{53643C81-93D4-47A1-96E3-F80544E1D9C2}.Debug|x86.ActiveCfg = Debug|x86
		{53643C81-93D4-47A1-96E3-F80544E1D9C2}.Debug|x86.Build.0 = Debug|x86
		{53643C81-93D4-47A1-96E3-F80544E1D9C2}.Release|Any CPU.ActiveCfg = Release|x86
		{53643C81-93D4-47A1-96E3-F80544E1D9C2}.Release|x86.ActiveCfg = Release|x86
		{53643C81-93D4-47A1-96E3-F80544E1D9C2}.Release|x86.Build.0 = Release|x86
		{DEFF9F75-6F41-426D-AEB9-DA53D0A8543C}.Debug|Any CPU.ActiveCfg = Debug|Any CPU
		{DEFF9F75-6F41-426D-AEB9-DA53D0A8543C}.Debug|x86.ActiveCfg = Debug|Any CPU
		{DEFF9F75-6F41-426D-AEB9-DA53D0A8543C}.Release|Any CPU.ActiveCfg = Debug|Any CPU
		{DEFF9F75-6F41-426D-AEB9-DA53D0A8543C}.Release|x86.ActiveCfg = Debug|Any CPU
		{E18C5145-CFAE-432A-B555-64AB967C005A}.Debug|Any CPU.ActiveCfg = Debug|x86
		{E18C5145-CFAE-432A-B555-64AB967C005A}.Debug|x86.ActiveCfg = Debug|x86
		{E18C5145-CFAE-432A-B555-64AB967C005A}.Debug|x86.Build.0 = Debug|x86
		{E18C5145-CFAE-432A-B555-64AB967C005A}.Release|Any CPU.ActiveCfg = Release|x86
		{E18C5145-CFAE-432A-B555-64AB967C005A}.Release|x86.ActiveCfg = Release|x86
		{E18C5145-CFAE-432A-B555-64AB967C005A}.Release|x86.Build.0 = Release|x86
		{B00DD841-21D5-4488-9540-0F8836AE31A8}.Debug|Any CPU.ActiveCfg = Debug|Any CPU
		{B00DD841-21D5-4488-9540-0F8836AE31A8}.Debug|x86.ActiveCfg = Debug|Any CPU
		{B00DD841-21D5-4488-9540-0F8836AE31A8}.Release|Any CPU.ActiveCfg = Debug|Any CPU
		{B00DD841-21D5-4488-9540-0F8836AE31A8}.Release|x86.ActiveCfg = Debug|Any CPU
		{D528BE6C-0925-4F53-98F8-61171B1A3B40}.Debug|Any CPU.ActiveCfg = Debug|x86
		{D528BE6C-0925-4F53-98F8-61171B1A3B40}.Debug|x86.ActiveCfg = Debug|x86
		{D528BE6C-0925-4F53-98F8-61171B1A3B40}.Debug|x86.Build.0 = Debug|x86
		{D528BE6C-0925-4F53-98F8-61171B1A3B40}.Release|Any CPU.ActiveCfg = Release|x86
		{D528BE6C-0925-4F53-98F8-61171B1A3B40}.Release|x86.ActiveCfg = Release|x86
		{D528BE6C-0925-4F53-98F8-61171B1A3B40}.Release|x86.Build.0 = Release|x86
		{21E53400-3F27-4646-8BF7-A956E82B4762}.Debug|Any CPU.ActiveCfg = Debug|Any CPU
		{21E53400-3F27-4646-8BF7-A956E82B4762}.Debug|x86.ActiveCfg = Debug|Any CPU
		{21E53400-3F27-4646-8BF7-A956E82B4762}.Release|Any CPU.ActiveCfg = Debug|Any CPU
		{21E53400-3F27-4646-8BF7-A956E82B4762}.Release|x86.ActiveCfg = Debug|Any CPU
		{2849C423-C03C-4B00-8F5E-7DED7CDA5A07}.Debug|Any CPU.ActiveCfg = Debug|x86
		{2849C423-C03C-4B00-8F5E-7DED7CDA5A07}.Debug|x86.ActiveCfg = Debug|x86
		{2849C423-C03C-4B00-8F5E-7DED7CDA5A07}.Debug|x86.Build.0 = Debug|x86
		{2849C423-C03C-4B00-8F5E-7DED7CDA5A07}.Release|Any CPU.ActiveCfg = Release|x86
		{2849C423-C03C-4B00-8F5E-7DED7CDA5A07}.Release|x86.ActiveCfg = Release|x86
		{2849C423-C03C-4B00-8F5E-7DED7CDA5A07}.Release|x86.Build.0 = Release|x86
		{984E8527-106D-4602-ACBB-25C6E5723CB2}.Debug|Any CPU.ActiveCfg = Debug|Any CPU
		{984E8527-106D-4602-ACBB-25C6E5723CB2}.Debug|x86.ActiveCfg = Debug|Any CPU
		{984E8527-106D-4602-ACBB-25C6E5723CB2}.Release|Any CPU.ActiveCfg = Debug|Any CPU
		{984E8527-106D-4602-ACBB-25C6E5723CB2}.Release|x86.ActiveCfg = Debug|Any CPU
		{E7DE2B36-C261-4D77-97E6-DE1FE09A4779}.Debug|Any CPU.ActiveCfg = Debug|x86
		{E7DE2B36-C261-4D77-97E6-DE1FE09A4779}.Debug|x86.ActiveCfg = Debug|x86
		{E7DE2B36-C261-4D77-97E6-DE1FE09A4779}.Debug|x86.Build.0 = Debug|x86
		{E7DE2B36-C261-4D77-97E6-DE1FE09A4779}.Release|Any CPU.ActiveCfg = Release|x86
		{E7DE2B36-C261-4D77-97E6-DE1FE09A4779}.Release|x86.ActiveCfg = Release|x86
		{E7DE2B36-C261-4D77-97E6-DE1FE09A4779}.Release|x86.Build.0 = Release|x86
		{49BF7063-E113-4F6A-B09F-23FB632017E8}.Debug|Any CPU.ActiveCfg = Debug|Any CPU
		{49BF7063-E113-4F6A-B09F-23FB632017E8}.Debug|x86.ActiveCfg = Debug|Any CPU
		{49BF7063-E113-4F6A-B09F-23FB632017E8}.Release|Any CPU.ActiveCfg = Debug|Any CPU
		{49BF7063-E113-4F6A-B09F-23FB632017E8}.Release|x86.ActiveCfg = Debug|Any CPU
		{189FC711-FF6B-4C08-9EEC-BD5F2C08F24F}.Debug|Any CPU.ActiveCfg = Debug|x86
		{189FC711-FF6B-4C08-9EEC-BD5F2C08F24F}.Debug|x86.ActiveCfg = Debug|x86
		{189FC711-FF6B-4C08-9EEC-BD5F2C08F24F}.Debug|x86.Build.0 = Debug|x86
		{189FC711-FF6B-4C08-9EEC-BD5F2C08F24F}.Release|Any CPU.ActiveCfg = Release|x86
		{189FC711-FF6B-4C08-9EEC-BD5F2C08F24F}.Release|x86.ActiveCfg = Release|x86
		{189FC711-FF6B-4C08-9EEC-BD5F2C08F24F}.Release|x86.Build.0 = Release|x86
		{96F2E250-3DC0-4113-9610-0C9DB8168CF2}.Debug|Any CPU.ActiveCfg = Debug|Any CPU
		{96F2E250-3DC0-4113-9610-0C9DB8168CF2}.Debug|x86.ActiveCfg = Debug|Any CPU
		{96F2E250-3DC0-4113-9610-0C9DB8168CF2}.Release|Any CPU.ActiveCfg = Debug|Any CPU
		{96F2E250-3DC0-4113-9610-0C9DB8168CF2}.Release|x86.ActiveCfg = Debug|Any CPU
		{646E7178-D967-412A-82C1-593F9CF5915C}.Debug|Any CPU.ActiveCfg = Debug|x86
		{646E7178-D967-412A-82C1-593F9CF5915C}.Debug|x86.ActiveCfg = Debug|x86
		{646E7178-D967-412A-82C1-593F9CF5915C}.Debug|x86.Build.0 = Debug|x86
		{646E7178-D967-412A-82C1-593F9CF5915C}.Release|Any CPU.ActiveCfg = Release|x86
		{646E7178-D967-412A-82C1-593F9CF5915C}.Release|x86.ActiveCfg = Release|x86
		{646E7178-D967-412A-82C1-593F9CF5915C}.Release|x86.Build.0 = Release|x86
		{174E92C2-0344-4C85-A204-B905124E4FAA}.Debug|Any CPU.ActiveCfg = Debug|Any CPU
		{174E92C2-0344-4C85-A204-B905124E4FAA}.Debug|x86.ActiveCfg = Debug|Any CPU
		{174E92C2-0344-4C85-A204-B905124E4FAA}.Release|Any CPU.ActiveCfg = Debug|Any CPU
		{174E92C2-0344-4C85-A204-B905124E4FAA}.Release|x86.ActiveCfg = Debug|Any CPU
		{74F4281D-C58A-4F45-B790-B1818BA1ECB7}.Debug|Any CPU.ActiveCfg = Debug|x86
		{74F4281D-C58A-4F45-B790-B1818BA1ECB7}.Debug|x86.ActiveCfg = Debug|x86
		{74F4281D-C58A-4F45-B790-B1818BA1ECB7}.Debug|x86.Build.0 = Debug|x86
		{74F4281D-C58A-4F45-B790-B1818BA1ECB7}.Release|Any CPU.ActiveCfg = Release|x86
		{74F4281D-C58A-4F45-B790-B1818BA1ECB7}.Release|x86.ActiveCfg = Release|x86
		{74F4281D-C58A-4F45-B790-B1818BA1ECB7}.Release|x86.Build.0 = Release|x86
		{988B67DE-11FF-4A32-89AB-AA95C6AFA171}.Debug|Any CPU.ActiveCfg = Debug|Any CPU
		{988B67DE-11FF-4A32-89AB-AA95C6AFA171}.Debug|x86.ActiveCfg = Debug|Any CPU
		{988B67DE-11FF-4A32-89AB-AA95C6AFA171}.Release|Any CPU.ActiveCfg = Debug|Any CPU
		{988B67DE-11FF-4A32-89AB-AA95C6AFA171}.Release|x86.ActiveCfg = Debug|Any CPU
		{4B4425E8-F1E4-4195-BAC7-01733EC81C21}.Debug|Any CPU.ActiveCfg = Debug|x86
		{4B4425E8-F1E4-4195-BAC7-01733EC81C21}.Debug|x86.ActiveCfg = Debug|x86
		{4B4425E8-F1E4-4195-BAC7-01733EC81C21}.Debug|x86.Build.0 = Debug|x86
		{4B4425E8-F1E4-4195-BAC7-01733EC81C21}.Release|Any CPU.ActiveCfg = Release|x86
		{4B4425E8-F1E4-4195-BAC7-01733EC81C21}.Release|x86.ActiveCfg = Release|x86
		{4B4425E8-F1E4-4195-BAC7-01733EC81C21}.Release|x86.Build.0 = Release|x86
		{390298D6-9C3A-4DBB-B291-4DCD40850381}.Debug|Any CPU.ActiveCfg = Debug|Any CPU
		{390298D6-9C3A-4DBB-B291-4DCD40850381}.Debug|x86.ActiveCfg = Debug|Any CPU
		{390298D6-9C3A-4DBB-B291-4DCD40850381}.Release|Any CPU.ActiveCfg = Debug|Any CPU
		{390298D6-9C3A-4DBB-B291-4DCD40850381}.Release|x86.ActiveCfg = Debug|Any CPU
	EndGlobalSection
	GlobalSection(SolutionProperties) = preSolution
		HideSolutionNode = FALSE
	EndGlobalSection
EndGlobal
