
Microsoft Visual Studio Solution File, Format Version 11.00
# Visual Studio 2010
Project("{FAE04EC0-301F-11D3-BF4B-00C04F79EFBC}") = "EffectCustomTool", "EffectCustomTool\EffectCustomTool.csproj", "{09717903-B7E9-4E29-97A1-B3E54341A6E9}"
EndProject
Global
	GlobalSection(SolutionConfigurationPlatforms) = preSolution
		Debug|Mixed Platforms = Debug|Mixed Platforms
		Debug|x86 = Debug|x86
		Release|Mixed Platforms = Release|Mixed Platforms
		Release|x86 = Release|x86
	EndGlobalSection
	GlobalSection(ProjectConfigurationPlatforms) = postSolution
		{09717903-B7E9-4E29-97A1-B3E54341A6E9}.Debug|Mixed Platforms.ActiveCfg = Debug|Any CPU
		{09717903-B7E9-4E29-97A1-B3E54341A6E9}.Debug|Mixed Platforms.Build.0 = Debug|Any CPU
		{09717903-B7E9-4E29-97A1-B3E54341A6E9}.Debug|x86.ActiveCfg = Debug|Any CPU
		{09717903-B7E9-4E29-97A1-B3E54341A6E9}.Release|Mixed Platforms.ActiveCfg = Release|Any CPU
		{09717903-B7E9-4E29-97A1-B3E54341A6E9}.Release|Mixed Platforms.Build.0 = Release|Any CPU
		{09717903-B7E9-4E29-97A1-B3E54341A6E9}.Release|x86.ActiveCfg = Release|Any CPU
		{09717903-B7E9-4E29-97A1-B3E54341A6E9}.Release|x86.Build.0 = Release|Any CPU
	EndGlobalSection
	GlobalSection(SolutionProperties) = preSolution
		HideSolutionNode = FALSE
	EndGlobalSection
	GlobalSection(ExtensibilityGlobals) = postSolution
		BuildVersion_BuildVersioningStyle = None.None.Increment.TimeStamp
	EndGlobalSection
	GlobalSection(SharpSetup) = preSolution
		Version = 1.2
	EndGlobalSection
EndGlobal
