
Microsoft Visual Studio Solution File, Format Version 11.00
# Visual Studio 2010
Project("{6141683F-8A12-4E36-9623-2EB02B2C2303}") = "Installer", "Installer.isproj", "{613C2E83-CBC3-4967-A535-7959A9CE6885}"
EndProject
Global
	GlobalSection(SharpSetup) = preSolution
		Version = 1.2
	EndGlobalSection
	GlobalSection(SolutionConfigurationPlatforms) = preSolution
		CD_ROM|Default = CD_ROM|Default
		DVD-5|Default = DVD-5|Default
		SingleImage|Default = SingleImage|Default
	EndGlobalSection
	GlobalSection(ProjectConfigurationPlatforms) = postSolution
		{613C2E83-CBC3-4967-A535-7959A9CE6885}.CD_ROM|Default.ActiveCfg = CD_ROM
		{613C2E83-CBC3-4967-A535-7959A9CE6885}.CD_ROM|Default.Build.0 = CD_ROM
		{613C2E83-CBC3-4967-A535-7959A9CE6885}.DVD-5|Default.ActiveCfg = DVD-5
		{613C2E83-CBC3-4967-A535-7959A9CE6885}.DVD-5|Default.Build.0 = DVD-5
		{613C2E83-CBC3-4967-A535-7959A9CE6885}.SingleImage|Default.ActiveCfg = SingleImage
		{613C2E83-CBC3-4967-A535-7959A9CE6885}.SingleImage|Default.Build.0 = SingleImage
	EndGlobalSection
	GlobalSection(SolutionProperties) = preSolution
		HideSolutionNode = FALSE
	EndGlobalSection
EndGlobal
